// !$*UTF8*$!
{
	archiveVersion = 1;
	classes = {
	};
	objectVersion = 48;
	objects = {

/* Begin PBXBuildFile section */
		1D3623260D0F684500981E51 /* SpeakTimesTableAppDelegate.m in Sources */ = {isa = PBXBuildFile; fileRef = 1D3623250D0F684500981E51 /* SpeakTimesTableAppDelegate.m */; };
		1D60589B0D05DD56006BFB54 /* main.m in Sources */ = {isa = PBXBuildFile; fileRef = 29B97316FDCFA39411CA2CEA /* main.m */; };
		1D60589F0D05DD5A006BFB54 /* Foundation.framework in Frameworks */ = {isa = PBXBuildFile; fileRef = 1D30AB110D05D00D00671497 /* Foundation.framework */; };
		1DF5F4E00D08C38300B7A737 /* UIKit.framework in Frameworks */ = {isa = PBXBuildFile; fileRef = 1DF5F4DF0D08C38300B7A737 /* UIKit.framework */; };
		2892E4100DC94CBA00A64D0F /* CoreGraphics.framework in Frameworks */ = {isa = PBXBuildFile; fileRef = 2892E40F0DC94CBA00A64D0F /* CoreGraphics.framework */; };
		28C286E10D94DF7D0034E888 /* RootViewController.m in Sources */ = {isa = PBXBuildFile; fileRef = 28C286E00D94DF7D0034E888 /* RootViewController.m */; };
		28F335F11007B36200424DE2 /* RootViewController.xib in Resources */ = {isa = PBXBuildFile; fileRef = 28F335F01007B36200424DE2 /* RootViewController.xib */; };
		2F690B1F4BE66E77513855D6 /* libPods-SpeakTimesTable.a in Frameworks */ = {isa = PBXBuildFile; fileRef = B295F42A4BD2C64EC62B2449 /* libPods-SpeakTimesTable.a */; };
		8828F41A22C0AFEF001F0C03 /* male-60.mp3 in Resources */ = {isa = PBXBuildFile; fileRef = 8828F3D522C0AFEF001F0C03 /* male-60.mp3 */; };
		8828F41B22C0AFEF001F0C03 /* male-8.mp3 in Resources */ = {isa = PBXBuildFile; fileRef = 8828F3D622C0AFEF001F0C03 /* male-8.mp3 */; };
		8828F41C22C0AFEF001F0C03 /* male-9.mp3 in Resources */ = {isa = PBXBuildFile; fileRef = 8828F3D722C0AFEF001F0C03 /* male-9.mp3 */; };
		8828F41D22C0AFEF001F0C03 /* male-thousand.mp3 in Resources */ = {isa = PBXBuildFile; fileRef = 8828F3D822C0AFEF001F0C03 /* male-thousand.mp3 */; };
		8828F41E22C0AFEF001F0C03 /* male-table.mp3 in Resources */ = {isa = PBXBuildFile; fileRef = 8828F3D922C0AFEF001F0C03 /* male-table.mp3 */; };
		8828F41F22C0AFEF001F0C03 /* male-70.mp3 in Resources */ = {isa = PBXBuildFile; fileRef = 8828F3DA22C0AFEF001F0C03 /* male-70.mp3 */; };
		8828F42022C0AFEF001F0C03 /* male-times.mp3 in Resources */ = {isa = PBXBuildFile; fileRef = 8828F3DB22C0AFEF001F0C03 /* male-times.mp3 */; };
		8828F42122C0AFEF001F0C03 /* male-17.mp3 in Resources */ = {isa = PBXBuildFile; fileRef = 8828F3DC22C0AFEF001F0C03 /* male-17.mp3 */; };
		8828F42222C0AFEF001F0C03 /* male-16.mp3 in Resources */ = {isa = PBXBuildFile; fileRef = 8828F3DD22C0AFEF001F0C03 /* male-16.mp3 */; };
		8828F42322C0AFEF001F0C03 /* male-14.mp3 in Resources */ = {isa = PBXBuildFile; fileRef = 8828F3DE22C0AFEF001F0C03 /* male-14.mp3 */; };
		8828F42422C0AFEF001F0C03 /* male-15.mp3 in Resources */ = {isa = PBXBuildFile; fileRef = 8828F3DF22C0AFEF001F0C03 /* male-15.mp3 */; };
		8828F42522C0AFEF001F0C03 /* male-the.mp3 in Resources */ = {isa = PBXBuildFile; fileRef = 8828F3E022C0AFEF001F0C03 /* male-the.mp3 */; };
		8828F42622C0AFEF001F0C03 /* male-11.mp3 in Resources */ = {isa = PBXBuildFile; fileRef = 8828F3E122C0AFEF001F0C03 /* male-11.mp3 */; };
		8828F42722C0AFEF001F0C03 /* male-10.mp3 in Resources */ = {isa = PBXBuildFile; fileRef = 8828F3E222C0AFEF001F0C03 /* male-10.mp3 */; };
		8828F42822C0AFEF001F0C03 /* male-hundred.mp3 in Resources */ = {isa = PBXBuildFile; fileRef = 8828F3E322C0AFEF001F0C03 /* male-hundred.mp3 */; };
		8828F42922C0AFEF001F0C03 /* male-12.mp3 in Resources */ = {isa = PBXBuildFile; fileRef = 8828F3E422C0AFEF001F0C03 /* male-12.mp3 */; };
		8828F42A22C0AFEF001F0C03 /* male-13.mp3 in Resources */ = {isa = PBXBuildFile; fileRef = 8828F3E522C0AFEF001F0C03 /* male-13.mp3 */; };
		8828F42B22C0AFEF001F0C03 /* male-20.mp3 in Resources */ = {isa = PBXBuildFile; fileRef = 8828F3E622C0AFEF001F0C03 /* male-20.mp3 */; };
		8828F42C22C0AFEF001F0C03 /* male-18.mp3 in Resources */ = {isa = PBXBuildFile; fileRef = 8828F3E722C0AFEF001F0C03 /* male-18.mp3 */; };
		8828F42D22C0AFEF001F0C03 /* male-30.mp3 in Resources */ = {isa = PBXBuildFile; fileRef = 8828F3E822C0AFEF001F0C03 /* male-30.mp3 */; };
		8828F42E22C0AFEF001F0C03 /* male-19.mp3 in Resources */ = {isa = PBXBuildFile; fileRef = 8828F3E922C0AFEF001F0C03 /* male-19.mp3 */; };
		8828F42F22C0AFEF001F0C03 /* male-2.mp3 in Resources */ = {isa = PBXBuildFile; fileRef = 8828F3EA22C0AFEF001F0C03 /* male-2.mp3 */; };
		8828F43022C0AFEF001F0C03 /* male-40.mp3 in Resources */ = {isa = PBXBuildFile; fileRef = 8828F3EB22C0AFEF001F0C03 /* male-40.mp3 */; };
		8828F43122C0AFEF001F0C03 /* male-3.mp3 in Resources */ = {isa = PBXBuildFile; fileRef = 8828F3EC22C0AFEF001F0C03 /* male-3.mp3 */; };
		8828F43222C0AFEF001F0C03 /* male-equals.mp3 in Resources */ = {isa = PBXBuildFile; fileRef = 8828F3ED22C0AFEF001F0C03 /* male-equals.mp3 */; };
		8828F43322C0AFEF001F0C03 /* male-1.mp3 in Resources */ = {isa = PBXBuildFile; fileRef = 8828F3EE22C0AFEF001F0C03 /* male-1.mp3 */; };
		8828F43422C0AFEF001F0C03 /* male-80.mp3 in Resources */ = {isa = PBXBuildFile; fileRef = 8828F3EF22C0AFEF001F0C03 /* male-80.mp3 */; };
		8828F43522C0AFEF001F0C03 /* male-and.mp3 in Resources */ = {isa = PBXBuildFile; fileRef = 8828F3F022C0AFEF001F0C03 /* male-and.mp3 */; };
		8828F43622C0AFEF001F0C03 /* male-4.mp3 in Resources */ = {isa = PBXBuildFile; fileRef = 8828F3F122C0AFEF001F0C03 /* male-4.mp3 */; };
		8828F43722C0AFEF001F0C03 /* male-90.mp3 in Resources */ = {isa = PBXBuildFile; fileRef = 8828F3F222C0AFEF001F0C03 /* male-90.mp3 */; };
		8828F43822C0AFEF001F0C03 /* male-5.mp3 in Resources */ = {isa = PBXBuildFile; fileRef = 8828F3F322C0AFEF001F0C03 /* male-5.mp3 */; };
		8828F43922C0AFEF001F0C03 /* male-7.mp3 in Resources */ = {isa = PBXBuildFile; fileRef = 8828F3F422C0AFEF001F0C03 /* male-7.mp3 */; };
		8828F43A22C0AFEF001F0C03 /* male-50.mp3 in Resources */ = {isa = PBXBuildFile; fileRef = 8828F3F522C0AFEF001F0C03 /* male-50.mp3 */; };
		8828F43B22C0AFEF001F0C03 /* male-6.mp3 in Resources */ = {isa = PBXBuildFile; fileRef = 8828F3F622C0AFEF001F0C03 /* male-6.mp3 */; };
		8828F43C22C0AFEF001F0C03 /* female-thousand.mp3 in Resources */ = {isa = PBXBuildFile; fileRef = 8828F3F822C0AFEF001F0C03 /* female-thousand.mp3 */; };
		8828F43D22C0AFEF001F0C03 /* female-16.mp3 in Resources */ = {isa = PBXBuildFile; fileRef = 8828F3F922C0AFEF001F0C03 /* female-16.mp3 */; };
		8828F43E22C0AFEF001F0C03 /* female-17.mp3 in Resources */ = {isa = PBXBuildFile; fileRef = 8828F3FA22C0AFEF001F0C03 /* female-17.mp3 */; };
		8828F43F22C0AFEF001F0C03 /* female-15.mp3 in Resources */ = {isa = PBXBuildFile; fileRef = 8828F3FB22C0AFEF001F0C03 /* female-15.mp3 */; };
		8828F44022C0AFEF001F0C03 /* female-14.mp3 in Resources */ = {isa = PBXBuildFile; fileRef = 8828F3FC22C0AFEF001F0C03 /* female-14.mp3 */; };
		8828F44122C0AFEF001F0C03 /* female-10.mp3 in Resources */ = {isa = PBXBuildFile; fileRef = 8828F3FD22C0AFEF001F0C03 /* female-10.mp3 */; };
		8828F44222C0AFEF001F0C03 /* female-11.mp3 in Resources */ = {isa = PBXBuildFile; fileRef = 8828F3FE22C0AFEF001F0C03 /* female-11.mp3 */; };
		8828F44322C0AFEF001F0C03 /* female-13.mp3 in Resources */ = {isa = PBXBuildFile; fileRef = 8828F3FF22C0AFEF001F0C03 /* female-13.mp3 */; };
		8828F44422C0AFEF001F0C03 /* female-table.mp3 in Resources */ = {isa = PBXBuildFile; fileRef = 8828F40022C0AFEF001F0C03 /* female-table.mp3 */; };
		8828F44522C0AFEF001F0C03 /* female-12.mp3 in Resources */ = {isa = PBXBuildFile; fileRef = 8828F40122C0AFEF001F0C03 /* female-12.mp3 */; };
		8828F44622C0AFEF001F0C03 /* female-60.mp3 in Resources */ = {isa = PBXBuildFile; fileRef = 8828F40222C0AFEF001F0C03 /* female-60.mp3 */; };
		8828F44722C0AFEF001F0C03 /* female-9.mp3 in Resources */ = {isa = PBXBuildFile; fileRef = 8828F40322C0AFEF001F0C03 /* female-9.mp3 */; };
		8828F44822C0AFEF001F0C03 /* female-times.mp3 in Resources */ = {isa = PBXBuildFile; fileRef = 8828F40422C0AFEF001F0C03 /* female-times.mp3 */; };
		8828F44922C0AFEF001F0C03 /* female-8.mp3 in Resources */ = {isa = PBXBuildFile; fileRef = 8828F40522C0AFEF001F0C03 /* female-8.mp3 */; };
		8828F44A22C0AFEF001F0C03 /* female-the.mp3 in Resources */ = {isa = PBXBuildFile; fileRef = 8828F40622C0AFEF001F0C03 /* female-the.mp3 */; };
		8828F44B22C0AFEF001F0C03 /* female-70.mp3 in Resources */ = {isa = PBXBuildFile; fileRef = 8828F40722C0AFEF001F0C03 /* female-70.mp3 */; };
		8828F44C22C0AFEF001F0C03 /* female-3.mp3 in Resources */ = {isa = PBXBuildFile; fileRef = 8828F40822C0AFEF001F0C03 /* female-3.mp3 */; };
		8828F44D22C0AFEF001F0C03 /* female-40.mp3 in Resources */ = {isa = PBXBuildFile; fileRef = 8828F40922C0AFEF001F0C03 /* female-40.mp3 */; };
		8828F44E22C0AFEF001F0C03 /* female-2.mp3 in Resources */ = {isa = PBXBuildFile; fileRef = 8828F40A22C0AFEF001F0C03 /* female-2.mp3 */; };
		8828F44F22C0AFEF001F0C03 /* female-80.mp3 in Resources */ = {isa = PBXBuildFile; fileRef = 8828F40B22C0AFEF001F0C03 /* female-80.mp3 */; };
		8828F45022C0AFEF001F0C03 /* female-1.mp3 in Resources */ = {isa = PBXBuildFile; fileRef = 8828F40C22C0AFEF001F0C03 /* female-1.mp3 */; };
		8828F45122C0AFEF001F0C03 /* female-5.mp3 in Resources */ = {isa = PBXBuildFile; fileRef = 8828F40D22C0AFEF001F0C03 /* female-5.mp3 */; };
		8828F45222C0AFEF001F0C03 /* female-90.mp3 in Resources */ = {isa = PBXBuildFile; fileRef = 8828F40E22C0AFEF001F0C03 /* female-90.mp3 */; };
		8828F45322C0AFEF001F0C03 /* female-4.mp3 in Resources */ = {isa = PBXBuildFile; fileRef = 8828F40F22C0AFEF001F0C03 /* female-4.mp3 */; };
		8828F45422C0AFEF001F0C03 /* female-hundred.mp3 in Resources */ = {isa = PBXBuildFile; fileRef = 8828F41022C0AFEF001F0C03 /* female-hundred.mp3 */; };
		8828F45522C0AFEF001F0C03 /* female-6.mp3 in Resources */ = {isa = PBXBuildFile; fileRef = 8828F41122C0AFEF001F0C03 /* female-6.mp3 */; };
		8828F45622C0AFEF001F0C03 /* female-50.mp3 in Resources */ = {isa = PBXBuildFile; fileRef = 8828F41222C0AFEF001F0C03 /* female-50.mp3 */; };
		8828F45722C0AFEF001F0C03 /* female-7.mp3 in Resources */ = {isa = PBXBuildFile; fileRef = 8828F41322C0AFEF001F0C03 /* female-7.mp3 */; };
		8828F45822C0AFEF001F0C03 /* female-and.mp3 in Resources */ = {isa = PBXBuildFile; fileRef = 8828F41422C0AFEF001F0C03 /* female-and.mp3 */; };
		8828F45922C0AFEF001F0C03 /* female-equals.mp3 in Resources */ = {isa = PBXBuildFile; fileRef = 8828F41522C0AFEF001F0C03 /* female-equals.mp3 */; };
		8828F45A22C0AFEF001F0C03 /* female-20.mp3 in Resources */ = {isa = PBXBuildFile; fileRef = 8828F41622C0AFEF001F0C03 /* female-20.mp3 */; };
		8828F45B22C0AFEF001F0C03 /* female-19.mp3 in Resources */ = {isa = PBXBuildFile; fileRef = 8828F41722C0AFEF001F0C03 /* female-19.mp3 */; };
		8828F45C22C0AFEF001F0C03 /* female-18.mp3 in Resources */ = {isa = PBXBuildFile; fileRef = 8828F41822C0AFEF001F0C03 /* female-18.mp3 */; };
		8828F45D22C0AFEF001F0C03 /* female-30.mp3 in Resources */ = {isa = PBXBuildFile; fileRef = 8828F41922C0AFEF001F0C03 /* female-30.mp3 */; };
		882A4BCC200185CF0024D2D6 /* Launch Screen.storyboard in Resources */ = {isa = PBXBuildFile; fileRef = 882A4BCB200185CF0024D2D6 /* Launch Screen.storyboard */; };
		8839B2722007EDB800DA3FBC /* STT2PanelView.m in Sources */ = {isa = PBXBuildFile; fileRef = 8839B2712007EDB800DA3FBC /* STT2PanelView.m */; };
		8839B2742007EDD600DA3FBC /* STT2PanelView.xib in Resources */ = {isa = PBXBuildFile; fileRef = 8839B2732007EDD600DA3FBC /* STT2PanelView.xib */; };
		8839B279200B9C7800DA3FBC /* CBBezier.m in Sources */ = {isa = PBXBuildFile; fileRef = 8839B278200B9C7800DA3FBC /* CBBezier.m */; };
		8839B27B200BE17500DA3FBC /* Media.xcassets in Resources */ = {isa = PBXBuildFile; fileRef = 8839B27A200BE17500DA3FBC /* Media.xcassets */; };
		88ADD9FD20132BDE0013D08E /* Speaking_Times_TablesUITests.swift in Sources */ = {isa = PBXBuildFile; fileRef = 88ADD9FC20132BDE0013D08E /* Speaking_Times_TablesUITests.swift */; };
		88ADDA07201331740013D08E /* SnapshotHelper.swift in Sources */ = {isa = PBXBuildFile; fileRef = 88ADDA06201331730013D08E /* SnapshotHelper.swift */; };
		9918D93A11A143D400529752 /* action-normal-red.png in Resources */ = {isa = PBXBuildFile; fileRef = 9918D93211A143D400529752 /* action-normal-red.png */; };
		9918D93E11A143D400529752 /* action-pressed-red.png in Resources */ = {isa = PBXBuildFile; fileRef = 9918D93611A143D400529752 /* action-pressed-red.png */; };
		992507881163624B00148AF8 /* LearnViewController.m in Sources */ = {isa = PBXBuildFile; fileRef = 992507861163624B00148AF8 /* LearnViewController.m */; };
		992507891163624B00148AF8 /* LearnView.xib in Resources */ = {isa = PBXBuildFile; fileRef = 992507871163624B00148AF8 /* LearnView.xib */; };
		9925078D1163626800148AF8 /* TestViewController.m in Sources */ = {isa = PBXBuildFile; fileRef = 9925078B1163626800148AF8 /* TestViewController.m */; };
		9925078E1163626800148AF8 /* TestView.xib in Resources */ = {isa = PBXBuildFile; fileRef = 9925078C1163626800148AF8 /* TestView.xib */; };
		9934A67011BF945400CDDC41 /* InfoViewController.m in Sources */ = {isa = PBXBuildFile; fileRef = 9934A66E11BF945400CDDC41 /* InfoViewController.m */; };
		9934A67111BF945400CDDC41 /* InfoViewController.xib in Resources */ = {isa = PBXBuildFile; fileRef = 9934A66F11BF945400CDDC41 /* InfoViewController.xib */; };
		9934A7D011BFC94600CDDC41 /* credits.txt in Resources */ = {isa = PBXBuildFile; fileRef = 9934A7CF11BFC94600CDDC41 /* credits.txt */; };
		9934A7DE11BFCA4000CDDC41 /* helptext.txt in Resources */ = {isa = PBXBuildFile; fileRef = 9934A7DD11BFCA4000CDDC41 /* helptext.txt */; };
		9936450914B24E1C0080B212 /* Prefs.m in Sources */ = {isa = PBXBuildFile; fileRef = 9936450814B24E1C0080B212 /* Prefs.m */; };
		9948AA4F1164ACEB00308C21 /* Constants.m in Sources */ = {isa = PBXBuildFile; fileRef = 9948AA4E1164ACEB00308C21 /* Constants.m */; };
		995469B41394012000C0727D /* feedbackView.xib in Resources */ = {isa = PBXBuildFile; fileRef = 995469B21394012000C0727D /* feedbackView.xib */; };
		995B97FC11A40E1E000BC130 /* CFNetwork.framework in Frameworks */ = {isa = PBXBuildFile; fileRef = 995B97FB11A40E1E000BC130 /* CFNetwork.framework */; };
		995B980211A40E7E000BC130 /* SystemConfiguration.framework in Frameworks */ = {isa = PBXBuildFile; fileRef = 995B980111A40E7E000BC130 /* SystemConfiguration.framework */; };
		995B981211A41755000BC130 /* libsqlite3.0.dylib in Frameworks */ = {isa = PBXBuildFile; fileRef = 995B981111A41754000BC130 /* libsqlite3.0.dylib */; };
		996C436F11A51DE900FE9EA2 /* Entitlements.plist in Resources */ = {isa = PBXBuildFile; fileRef = 996C436E11A51DE900FE9EA2 /* Entitlements.plist */; };
		99A442331188394B00885977 /* highScores.m in Sources */ = {isa = PBXBuildFile; fileRef = 99A442321188394B00885977 /* highScores.m */; };
		99A44237118839B700885977 /* ResultsViewController.m in Sources */ = {isa = PBXBuildFile; fileRef = 99A44235118839B700885977 /* ResultsViewController.m */; };
		99A44238118839B700885977 /* ResultsViewController.xib in Resources */ = {isa = PBXBuildFile; fileRef = 99A44236118839B700885977 /* ResultsViewController.xib */; };
		99A48E83117A409600477BD2 /* Speaking.m in Sources */ = {isa = PBXBuildFile; fileRef = 99A48E82117A409600477BD2 /* Speaking.m */; };
		99A48EBB117A467F00477BD2 /* AppBasic.m in Sources */ = {isa = PBXBuildFile; fileRef = 99A48EBA117A467F00477BD2 /* AppBasic.m */; };
		99BC855B11BEA0210070EB66 /* QuartzCore.framework in Frameworks */ = {isa = PBXBuildFile; fileRef = 99BC855A11BEA0210070EB66 /* QuartzCore.framework */; };
		99C0F5731189926B0038EB7A /* AnswersViewController.m in Sources */ = {isa = PBXBuildFile; fileRef = 99C0F5711189926B0038EB7A /* AnswersViewController.m */; };
		99C0F5741189926B0038EB7A /* AnswersViewController.xib in Resources */ = {isa = PBXBuildFile; fileRef = 99C0F5721189926B0038EB7A /* AnswersViewController.xib */; };
		99D9DD281192EBC0008C0533 /* TableSelectViewController.m in Sources */ = {isa = PBXBuildFile; fileRef = 99D9DD261192EBC0008C0533 /* TableSelectViewController.m */; };
		99D9DD291192EBC0008C0533 /* TableSelectViewController.xib in Resources */ = {isa = PBXBuildFile; fileRef = 99D9DD271192EBC0008C0533 /* TableSelectViewController.xib */; };
		99E56ABF1164A67300810341 /* AudioToolbox.framework in Frameworks */ = {isa = PBXBuildFile; fileRef = 99E56ABE1164A67300810341 /* AudioToolbox.framework */; };
		99E72A1711C3F6140061ABA1 /* Preloader.m in Sources */ = {isa = PBXBuildFile; fileRef = 99E72A1611C3F6140061ABA1 /* Preloader.m */; };
		99E72A9111C413700061ABA1 /* icon 7.png in Resources */ = {isa = PBXBuildFile; fileRef = 99E72A9011C413700061ABA1 /* icon 7.png */; };
		99F0A4DB119AE2830020D289 /* AVFoundation.framework in Frameworks */ = {isa = PBXBuildFile; fileRef = 99F0A4DA119AE2830020D289 /* AVFoundation.framework */; };
/* End PBXBuildFile section */

/* Begin PBXContainerItemProxy section */
		88ADD9FF20132BDE0013D08E /* PBXContainerItemProxy */ = {
			isa = PBXContainerItemProxy;
			containerPortal = 29B97313FDCFA39411CA2CEA /* Project object */;
			proxyType = 1;
			remoteGlobalIDString = 1D6058900D05DD3D006BFB54;
			remoteInfo = SpeakTimesTable;
		};
/* End PBXContainerItemProxy section */

/* Begin PBXFileReference section */
		1D30AB110D05D00D00671497 /* Foundation.framework */ = {isa = PBXFileReference; lastKnownFileType = wrapper.framework; name = Foundation.framework; path = System/Library/Frameworks/Foundation.framework; sourceTree = SDKROOT; };
		1D3623240D0F684500981E51 /* SpeakTimesTableAppDelegate.h */ = {isa = PBXFileReference; fileEncoding = 4; lastKnownFileType = sourcecode.c.h; path = SpeakTimesTableAppDelegate.h; sourceTree = "<group>"; };
		1D3623250D0F684500981E51 /* SpeakTimesTableAppDelegate.m */ = {isa = PBXFileReference; fileEncoding = 4; lastKnownFileType = sourcecode.c.objc; path = SpeakTimesTableAppDelegate.m; sourceTree = "<group>"; };
		1D6058910D05DD3D006BFB54 /* Speaking Times Tables.app */ = {isa = PBXFileReference; explicitFileType = wrapper.application; includeInIndex = 0; path = "Speaking Times Tables.app"; sourceTree = BUILT_PRODUCTS_DIR; };
		1DF5F4DF0D08C38300B7A737 /* UIKit.framework */ = {isa = PBXFileReference; lastKnownFileType = wrapper.framework; name = UIKit.framework; path = System/Library/Frameworks/UIKit.framework; sourceTree = SDKROOT; };
		2892E40F0DC94CBA00A64D0F /* CoreGraphics.framework */ = {isa = PBXFileReference; lastKnownFileType = wrapper.framework; name = CoreGraphics.framework; path = System/Library/Frameworks/CoreGraphics.framework; sourceTree = SDKROOT; };
		28A0AAE50D9B0CCF005BE974 /* SpeakTimesTable_Prefix.pch */ = {isa = PBXFileReference; fileEncoding = 4; lastKnownFileType = sourcecode.c.h; path = SpeakTimesTable_Prefix.pch; sourceTree = "<group>"; };
		28C286DF0D94DF7D0034E888 /* RootViewController.h */ = {isa = PBXFileReference; fileEncoding = 4; lastKnownFileType = sourcecode.c.h; path = RootViewController.h; sourceTree = "<group>"; };
		28C286E00D94DF7D0034E888 /* RootViewController.m */ = {isa = PBXFileReference; fileEncoding = 4; lastKnownFileType = sourcecode.c.objc; path = RootViewController.m; sourceTree = "<group>"; };
		28F335F01007B36200424DE2 /* RootViewController.xib */ = {isa = PBXFileReference; lastKnownFileType = file.xib; name = RootViewController.xib; path = ../RootViewController.xib; sourceTree = "<group>"; };
		29B97316FDCFA39411CA2CEA /* main.m */ = {isa = PBXFileReference; fileEncoding = 4; lastKnownFileType = sourcecode.c.objc; path = main.m; sourceTree = "<group>"; };
		6EF9C131E5CD593D3834EFC5 /* Pods-SpeakTimesTable.ad hoc.xcconfig */ = {isa = PBXFileReference; includeInIndex = 1; lastKnownFileType = text.xcconfig; name = "Pods-SpeakTimesTable.ad hoc.xcconfig"; path = "Pods/Target Support Files/Pods-SpeakTimesTable/Pods-SpeakTimesTable.ad hoc.xcconfig"; sourceTree = "<group>"; };
		715A042D0AAF304CBA925EAF /* Pods-SpeakTimesTable.debug.xcconfig */ = {isa = PBXFileReference; includeInIndex = 1; lastKnownFileType = text.xcconfig; name = "Pods-SpeakTimesTable.debug.xcconfig"; path = "Pods/Target Support Files/Pods-SpeakTimesTable/Pods-SpeakTimesTable.debug.xcconfig"; sourceTree = "<group>"; };
		8346CFCE3DF243FF0D971E15 /* Pods-SpeakTimesTable.release.xcconfig */ = {isa = PBXFileReference; includeInIndex = 1; lastKnownFileType = text.xcconfig; name = "Pods-SpeakTimesTable.release.xcconfig"; path = "Pods/Target Support Files/Pods-SpeakTimesTable/Pods-SpeakTimesTable.release.xcconfig"; sourceTree = "<group>"; };
		8828F3D522C0AFEF001F0C03 /* male-60.mp3 */ = {isa = PBXFileReference; lastKnownFileType = audio.mp3; path = "male-60.mp3"; sourceTree = "<group>"; };
		8828F3D622C0AFEF001F0C03 /* male-8.mp3 */ = {isa = PBXFileReference; lastKnownFileType = audio.mp3; path = "male-8.mp3"; sourceTree = "<group>"; };
		8828F3D722C0AFEF001F0C03 /* male-9.mp3 */ = {isa = PBXFileReference; lastKnownFileType = audio.mp3; path = "male-9.mp3"; sourceTree = "<group>"; };
		8828F3D822C0AFEF001F0C03 /* male-thousand.mp3 */ = {isa = PBXFileReference; lastKnownFileType = audio.mp3; path = "male-thousand.mp3"; sourceTree = "<group>"; };
		8828F3D922C0AFEF001F0C03 /* male-table.mp3 */ = {isa = PBXFileReference; lastKnownFileType = audio.mp3; path = "male-table.mp3"; sourceTree = "<group>"; };
		8828F3DA22C0AFEF001F0C03 /* male-70.mp3 */ = {isa = PBXFileReference; lastKnownFileType = audio.mp3; path = "male-70.mp3"; sourceTree = "<group>"; };
		8828F3DB22C0AFEF001F0C03 /* male-times.mp3 */ = {isa = PBXFileReference; lastKnownFileType = audio.mp3; path = "male-times.mp3"; sourceTree = "<group>"; };
		8828F3DC22C0AFEF001F0C03 /* male-17.mp3 */ = {isa = PBXFileReference; lastKnownFileType = audio.mp3; path = "male-17.mp3"; sourceTree = "<group>"; };
		8828F3DD22C0AFEF001F0C03 /* male-16.mp3 */ = {isa = PBXFileReference; lastKnownFileType = audio.mp3; path = "male-16.mp3"; sourceTree = "<group>"; };
		8828F3DE22C0AFEF001F0C03 /* male-14.mp3 */ = {isa = PBXFileReference; lastKnownFileType = audio.mp3; path = "male-14.mp3"; sourceTree = "<group>"; };
		8828F3DF22C0AFEF001F0C03 /* male-15.mp3 */ = {isa = PBXFileReference; lastKnownFileType = audio.mp3; path = "male-15.mp3"; sourceTree = "<group>"; };
		8828F3E022C0AFEF001F0C03 /* male-the.mp3 */ = {isa = PBXFileReference; lastKnownFileType = audio.mp3; path = "male-the.mp3"; sourceTree = "<group>"; };
		8828F3E122C0AFEF001F0C03 /* male-11.mp3 */ = {isa = PBXFileReference; lastKnownFileType = audio.mp3; path = "male-11.mp3"; sourceTree = "<group>"; };
		8828F3E222C0AFEF001F0C03 /* male-10.mp3 */ = {isa = PBXFileReference; lastKnownFileType = audio.mp3; path = "male-10.mp3"; sourceTree = "<group>"; };
		8828F3E322C0AFEF001F0C03 /* male-hundred.mp3 */ = {isa = PBXFileReference; lastKnownFileType = audio.mp3; path = "male-hundred.mp3"; sourceTree = "<group>"; };
		8828F3E422C0AFEF001F0C03 /* male-12.mp3 */ = {isa = PBXFileReference; lastKnownFileType = audio.mp3; path = "male-12.mp3"; sourceTree = "<group>"; };
		8828F3E522C0AFEF001F0C03 /* male-13.mp3 */ = {isa = PBXFileReference; lastKnownFileType = audio.mp3; path = "male-13.mp3"; sourceTree = "<group>"; };
		8828F3E622C0AFEF001F0C03 /* male-20.mp3 */ = {isa = PBXFileReference; lastKnownFileType = audio.mp3; path = "male-20.mp3"; sourceTree = "<group>"; };
		8828F3E722C0AFEF001F0C03 /* male-18.mp3 */ = {isa = PBXFileReference; lastKnownFileType = audio.mp3; path = "male-18.mp3"; sourceTree = "<group>"; };
		8828F3E822C0AFEF001F0C03 /* male-30.mp3 */ = {isa = PBXFileReference; lastKnownFileType = audio.mp3; path = "male-30.mp3"; sourceTree = "<group>"; };
		8828F3E922C0AFEF001F0C03 /* male-19.mp3 */ = {isa = PBXFileReference; lastKnownFileType = audio.mp3; path = "male-19.mp3"; sourceTree = "<group>"; };
		8828F3EA22C0AFEF001F0C03 /* male-2.mp3 */ = {isa = PBXFileReference; lastKnownFileType = audio.mp3; path = "male-2.mp3"; sourceTree = "<group>"; };
		8828F3EB22C0AFEF001F0C03 /* male-40.mp3 */ = {isa = PBXFileReference; lastKnownFileType = audio.mp3; path = "male-40.mp3"; sourceTree = "<group>"; };
		8828F3EC22C0AFEF001F0C03 /* male-3.mp3 */ = {isa = PBXFileReference; lastKnownFileType = audio.mp3; path = "male-3.mp3"; sourceTree = "<group>"; };
		8828F3ED22C0AFEF001F0C03 /* male-equals.mp3 */ = {isa = PBXFileReference; lastKnownFileType = audio.mp3; path = "male-equals.mp3"; sourceTree = "<group>"; };
		8828F3EE22C0AFEF001F0C03 /* male-1.mp3 */ = {isa = PBXFileReference; lastKnownFileType = audio.mp3; path = "male-1.mp3"; sourceTree = "<group>"; };
		8828F3EF22C0AFEF001F0C03 /* male-80.mp3 */ = {isa = PBXFileReference; lastKnownFileType = audio.mp3; path = "male-80.mp3"; sourceTree = "<group>"; };
		8828F3F022C0AFEF001F0C03 /* male-and.mp3 */ = {isa = PBXFileReference; lastKnownFileType = audio.mp3; path = "male-and.mp3"; sourceTree = "<group>"; };
		8828F3F122C0AFEF001F0C03 /* male-4.mp3 */ = {isa = PBXFileReference; lastKnownFileType = audio.mp3; path = "male-4.mp3"; sourceTree = "<group>"; };
		8828F3F222C0AFEF001F0C03 /* male-90.mp3 */ = {isa = PBXFileReference; lastKnownFileType = audio.mp3; path = "male-90.mp3"; sourceTree = "<group>"; };
		8828F3F322C0AFEF001F0C03 /* male-5.mp3 */ = {isa = PBXFileReference; lastKnownFileType = audio.mp3; path = "male-5.mp3"; sourceTree = "<group>"; };
		8828F3F422C0AFEF001F0C03 /* male-7.mp3 */ = {isa = PBXFileReference; lastKnownFileType = audio.mp3; path = "male-7.mp3"; sourceTree = "<group>"; };
		8828F3F522C0AFEF001F0C03 /* male-50.mp3 */ = {isa = PBXFileReference; lastKnownFileType = audio.mp3; path = "male-50.mp3"; sourceTree = "<group>"; };
		8828F3F622C0AFEF001F0C03 /* male-6.mp3 */ = {isa = PBXFileReference; lastKnownFileType = audio.mp3; path = "male-6.mp3"; sourceTree = "<group>"; };
		8828F3F822C0AFEF001F0C03 /* female-thousand.mp3 */ = {isa = PBXFileReference; lastKnownFileType = audio.mp3; path = "female-thousand.mp3"; sourceTree = "<group>"; };
		8828F3F922C0AFEF001F0C03 /* female-16.mp3 */ = {isa = PBXFileReference; lastKnownFileType = audio.mp3; path = "female-16.mp3"; sourceTree = "<group>"; };
		8828F3FA22C0AFEF001F0C03 /* female-17.mp3 */ = {isa = PBXFileReference; lastKnownFileType = audio.mp3; path = "female-17.mp3"; sourceTree = "<group>"; };
		8828F3FB22C0AFEF001F0C03 /* female-15.mp3 */ = {isa = PBXFileReference; lastKnownFileType = audio.mp3; path = "female-15.mp3"; sourceTree = "<group>"; };
		8828F3FC22C0AFEF001F0C03 /* female-14.mp3 */ = {isa = PBXFileReference; lastKnownFileType = audio.mp3; path = "female-14.mp3"; sourceTree = "<group>"; };
		8828F3FD22C0AFEF001F0C03 /* female-10.mp3 */ = {isa = PBXFileReference; lastKnownFileType = audio.mp3; path = "female-10.mp3"; sourceTree = "<group>"; };
		8828F3FE22C0AFEF001F0C03 /* female-11.mp3 */ = {isa = PBXFileReference; lastKnownFileType = audio.mp3; path = "female-11.mp3"; sourceTree = "<group>"; };
		8828F3FF22C0AFEF001F0C03 /* female-13.mp3 */ = {isa = PBXFileReference; lastKnownFileType = audio.mp3; path = "female-13.mp3"; sourceTree = "<group>"; };
		8828F40022C0AFEF001F0C03 /* female-table.mp3 */ = {isa = PBXFileReference; lastKnownFileType = audio.mp3; path = "female-table.mp3"; sourceTree = "<group>"; };
		8828F40122C0AFEF001F0C03 /* female-12.mp3 */ = {isa = PBXFileReference; lastKnownFileType = audio.mp3; path = "female-12.mp3"; sourceTree = "<group>"; };
		8828F40222C0AFEF001F0C03 /* female-60.mp3 */ = {isa = PBXFileReference; lastKnownFileType = audio.mp3; path = "female-60.mp3"; sourceTree = "<group>"; };
		8828F40322C0AFEF001F0C03 /* female-9.mp3 */ = {isa = PBXFileReference; lastKnownFileType = audio.mp3; path = "female-9.mp3"; sourceTree = "<group>"; };
		8828F40422C0AFEF001F0C03 /* female-times.mp3 */ = {isa = PBXFileReference; lastKnownFileType = audio.mp3; path = "female-times.mp3"; sourceTree = "<group>"; };
		8828F40522C0AFEF001F0C03 /* female-8.mp3 */ = {isa = PBXFileReference; lastKnownFileType = audio.mp3; path = "female-8.mp3"; sourceTree = "<group>"; };
		8828F40622C0AFEF001F0C03 /* female-the.mp3 */ = {isa = PBXFileReference; lastKnownFileType = audio.mp3; path = "female-the.mp3"; sourceTree = "<group>"; };
		8828F40722C0AFEF001F0C03 /* female-70.mp3 */ = {isa = PBXFileReference; lastKnownFileType = audio.mp3; path = "female-70.mp3"; sourceTree = "<group>"; };
		8828F40822C0AFEF001F0C03 /* female-3.mp3 */ = {isa = PBXFileReference; lastKnownFileType = audio.mp3; path = "female-3.mp3"; sourceTree = "<group>"; };
		8828F40922C0AFEF001F0C03 /* female-40.mp3 */ = {isa = PBXFileReference; lastKnownFileType = audio.mp3; path = "female-40.mp3"; sourceTree = "<group>"; };
		8828F40A22C0AFEF001F0C03 /* female-2.mp3 */ = {isa = PBXFileReference; lastKnownFileType = audio.mp3; path = "female-2.mp3"; sourceTree = "<group>"; };
		8828F40B22C0AFEF001F0C03 /* female-80.mp3 */ = {isa = PBXFileReference; lastKnownFileType = audio.mp3; path = "female-80.mp3"; sourceTree = "<group>"; };
		8828F40C22C0AFEF001F0C03 /* female-1.mp3 */ = {isa = PBXFileReference; lastKnownFileType = audio.mp3; path = "female-1.mp3"; sourceTree = "<group>"; };
		8828F40D22C0AFEF001F0C03 /* female-5.mp3 */ = {isa = PBXFileReference; lastKnownFileType = audio.mp3; path = "female-5.mp3"; sourceTree = "<group>"; };
		8828F40E22C0AFEF001F0C03 /* female-90.mp3 */ = {isa = PBXFileReference; lastKnownFileType = audio.mp3; path = "female-90.mp3"; sourceTree = "<group>"; };
		8828F40F22C0AFEF001F0C03 /* female-4.mp3 */ = {isa = PBXFileReference; lastKnownFileType = audio.mp3; path = "female-4.mp3"; sourceTree = "<group>"; };
		8828F41022C0AFEF001F0C03 /* female-hundred.mp3 */ = {isa = PBXFileReference; lastKnownFileType = audio.mp3; path = "female-hundred.mp3"; sourceTree = "<group>"; };
		8828F41122C0AFEF001F0C03 /* female-6.mp3 */ = {isa = PBXFileReference; lastKnownFileType = audio.mp3; path = "female-6.mp3"; sourceTree = "<group>"; };
		8828F41222C0AFEF001F0C03 /* female-50.mp3 */ = {isa = PBXFileReference; lastKnownFileType = audio.mp3; path = "female-50.mp3"; sourceTree = "<group>"; };
		8828F41322C0AFEF001F0C03 /* female-7.mp3 */ = {isa = PBXFileReference; lastKnownFileType = audio.mp3; path = "female-7.mp3"; sourceTree = "<group>"; };
		8828F41422C0AFEF001F0C03 /* female-and.mp3 */ = {isa = PBXFileReference; lastKnownFileType = audio.mp3; path = "female-and.mp3"; sourceTree = "<group>"; };
		8828F41522C0AFEF001F0C03 /* female-equals.mp3 */ = {isa = PBXFileReference; lastKnownFileType = audio.mp3; path = "female-equals.mp3"; sourceTree = "<group>"; };
		8828F41622C0AFEF001F0C03 /* female-20.mp3 */ = {isa = PBXFileReference; lastKnownFileType = audio.mp3; path = "female-20.mp3"; sourceTree = "<group>"; };
		8828F41722C0AFEF001F0C03 /* female-19.mp3 */ = {isa = PBXFileReference; lastKnownFileType = audio.mp3; path = "female-19.mp3"; sourceTree = "<group>"; };
		8828F41822C0AFEF001F0C03 /* female-18.mp3 */ = {isa = PBXFileReference; lastKnownFileType = audio.mp3; path = "female-18.mp3"; sourceTree = "<group>"; };
		8828F41922C0AFEF001F0C03 /* female-30.mp3 */ = {isa = PBXFileReference; lastKnownFileType = audio.mp3; path = "female-30.mp3"; sourceTree = "<group>"; };
		882A4BCB200185CF0024D2D6 /* Launch Screen.storyboard */ = {isa = PBXFileReference; lastKnownFileType = file.storyboard; path = "Launch Screen.storyboard"; sourceTree = "<group>"; };
		8839B2702007EDB800DA3FBC /* STT2PanelView.h */ = {isa = PBXFileReference; lastKnownFileType = sourcecode.c.h; path = STT2PanelView.h; sourceTree = "<group>"; };
		8839B2712007EDB800DA3FBC /* STT2PanelView.m */ = {isa = PBXFileReference; lastKnownFileType = sourcecode.c.objc; path = STT2PanelView.m; sourceTree = "<group>"; };
		8839B2732007EDD600DA3FBC /* STT2PanelView.xib */ = {isa = PBXFileReference; lastKnownFileType = file.xib; path = STT2PanelView.xib; sourceTree = "<group>"; };
		8839B277200B9C7800DA3FBC /* CBBezier.h */ = {isa = PBXFileReference; lastKnownFileType = sourcecode.c.h; path = CBBezier.h; sourceTree = "<group>"; };
		8839B278200B9C7800DA3FBC /* CBBezier.m */ = {isa = PBXFileReference; lastKnownFileType = sourcecode.c.objc; path = CBBezier.m; sourceTree = "<group>"; };
		8839B27A200BE17500DA3FBC /* Media.xcassets */ = {isa = PBXFileReference; lastKnownFileType = folder.assetcatalog; path = Media.xcassets; sourceTree = "<group>"; };
		88ADD9FA20132BDE0013D08E /* Speaking Times TablesUITests.xctest */ = {isa = PBXFileReference; explicitFileType = wrapper.cfbundle; includeInIndex = 0; path = "Speaking Times TablesUITests.xctest"; sourceTree = BUILT_PRODUCTS_DIR; };
		88ADD9FC20132BDE0013D08E /* Speaking_Times_TablesUITests.swift */ = {isa = PBXFileReference; lastKnownFileType = sourcecode.swift; path = Speaking_Times_TablesUITests.swift; sourceTree = "<group>"; };
		88ADD9FE20132BDE0013D08E /* Info.plist */ = {isa = PBXFileReference; lastKnownFileType = text.plist.xml; path = Info.plist; sourceTree = "<group>"; };
		88ADDA06201331730013D08E /* SnapshotHelper.swift */ = {isa = PBXFileReference; fileEncoding = 4; lastKnownFileType = sourcecode.swift; path = SnapshotHelper.swift; sourceTree = SOURCE_ROOT; };
		8D1107310486CEB800E47090 /* SpeakTimesTable-Info.plist */ = {isa = PBXFileReference; fileEncoding = 4; lastKnownFileType = text.plist.xml; path = "SpeakTimesTable-Info.plist"; plistStructureDefinitionIdentifier = "com.apple.xcode.plist.structure-definition.iphone.info-plist"; sourceTree = "<group>"; };
		9918D93211A143D400529752 /* action-normal-red.png */ = {isa = PBXFileReference; lastKnownFileType = image.png; path = "action-normal-red.png"; sourceTree = "<group>"; };
		9918D93611A143D400529752 /* action-pressed-red.png */ = {isa = PBXFileReference; lastKnownFileType = image.png; path = "action-pressed-red.png"; sourceTree = "<group>"; };
		992507851163624B00148AF8 /* LearnViewController.h */ = {isa = PBXFileReference; fileEncoding = 4; lastKnownFileType = sourcecode.c.h; path = LearnViewController.h; sourceTree = "<group>"; };
		992507861163624B00148AF8 /* LearnViewController.m */ = {isa = PBXFileReference; fileEncoding = 4; lastKnownFileType = sourcecode.c.objc; path = LearnViewController.m; sourceTree = "<group>"; };
		992507871163624B00148AF8 /* LearnView.xib */ = {isa = PBXFileReference; lastKnownFileType = file.xib; path = LearnView.xib; sourceTree = "<group>"; };
		9925078A1163626800148AF8 /* TestViewController.h */ = {isa = PBXFileReference; fileEncoding = 4; lastKnownFileType = sourcecode.c.h; path = TestViewController.h; sourceTree = "<group>"; };
		9925078B1163626800148AF8 /* TestViewController.m */ = {isa = PBXFileReference; fileEncoding = 4; lastKnownFileType = sourcecode.c.objc; path = TestViewController.m; sourceTree = "<group>"; };
		9925078C1163626800148AF8 /* TestView.xib */ = {isa = PBXFileReference; lastKnownFileType = file.xib; path = TestView.xib; sourceTree = "<group>"; };
		9934A66D11BF945400CDDC41 /* InfoViewController.h */ = {isa = PBXFileReference; fileEncoding = 4; lastKnownFileType = sourcecode.c.h; path = InfoViewController.h; sourceTree = "<group>"; };
		9934A66E11BF945400CDDC41 /* InfoViewController.m */ = {isa = PBXFileReference; fileEncoding = 4; lastKnownFileType = sourcecode.c.objc; path = InfoViewController.m; sourceTree = "<group>"; };
		9934A66F11BF945400CDDC41 /* InfoViewController.xib */ = {isa = PBXFileReference; lastKnownFileType = file.xib; path = InfoViewController.xib; sourceTree = "<group>"; };
		9934A7CF11BFC94600CDDC41 /* credits.txt */ = {isa = PBXFileReference; fileEncoding = 4; lastKnownFileType = text; path = credits.txt; sourceTree = "<group>"; };
		9934A7DD11BFCA4000CDDC41 /* helptext.txt */ = {isa = PBXFileReference; fileEncoding = 4; lastKnownFileType = text; path = helptext.txt; sourceTree = "<group>"; };
		9936450714B24E1C0080B212 /* Prefs.h */ = {isa = PBXFileReference; fileEncoding = 4; lastKnownFileType = sourcecode.c.h; path = Prefs.h; sourceTree = "<group>"; };
		9936450814B24E1C0080B212 /* Prefs.m */ = {isa = PBXFileReference; fileEncoding = 4; lastKnownFileType = sourcecode.c.objc; path = Prefs.m; sourceTree = "<group>"; };
		9948AA4D1164ACEB00308C21 /* Constants.h */ = {isa = PBXFileReference; fileEncoding = 4; lastKnownFileType = sourcecode.c.h; path = Constants.h; sourceTree = "<group>"; };
		9948AA4E1164ACEB00308C21 /* Constants.m */ = {isa = PBXFileReference; fileEncoding = 4; lastKnownFileType = sourcecode.c.objc; path = Constants.m; sourceTree = "<group>"; };
		995469B21394012000C0727D /* feedbackView.xib */ = {isa = PBXFileReference; fileEncoding = 4; lastKnownFileType = file.xib; path = feedbackView.xib; sourceTree = "<group>"; };
		995B97FB11A40E1E000BC130 /* CFNetwork.framework */ = {isa = PBXFileReference; lastKnownFileType = wrapper.framework; name = CFNetwork.framework; path = System/Library/Frameworks/CFNetwork.framework; sourceTree = SDKROOT; };
		995B980111A40E7E000BC130 /* SystemConfiguration.framework */ = {isa = PBXFileReference; lastKnownFileType = wrapper.framework; name = SystemConfiguration.framework; path = System/Library/Frameworks/SystemConfiguration.framework; sourceTree = SDKROOT; };
		995B981111A41754000BC130 /* libsqlite3.0.dylib */ = {isa = PBXFileReference; lastKnownFileType = "compiled.mach-o.dylib"; name = libsqlite3.0.dylib; path = usr/lib/libsqlite3.0.dylib; sourceTree = SDKROOT; };
		996C436E11A51DE900FE9EA2 /* Entitlements.plist */ = {isa = PBXFileReference; fileEncoding = 4; lastKnownFileType = text.plist.xml; path = Entitlements.plist; sourceTree = "<group>"; };
		99A442311188394B00885977 /* highScores.h */ = {isa = PBXFileReference; fileEncoding = 4; lastKnownFileType = sourcecode.c.h; path = highScores.h; sourceTree = "<group>"; };
		99A442321188394B00885977 /* highScores.m */ = {isa = PBXFileReference; fileEncoding = 4; lastKnownFileType = sourcecode.c.objc; path = highScores.m; sourceTree = "<group>"; };
		99A44234118839B700885977 /* ResultsViewController.h */ = {isa = PBXFileReference; fileEncoding = 4; lastKnownFileType = sourcecode.c.h; path = ResultsViewController.h; sourceTree = "<group>"; };
		99A44235118839B700885977 /* ResultsViewController.m */ = {isa = PBXFileReference; fileEncoding = 4; lastKnownFileType = sourcecode.c.objc; path = ResultsViewController.m; sourceTree = "<group>"; };
		99A44236118839B700885977 /* ResultsViewController.xib */ = {isa = PBXFileReference; lastKnownFileType = file.xib; path = ResultsViewController.xib; sourceTree = "<group>"; };
		99A48E81117A409600477BD2 /* Speaking.h */ = {isa = PBXFileReference; fileEncoding = 4; lastKnownFileType = sourcecode.c.h; path = Speaking.h; sourceTree = "<group>"; };
		99A48E82117A409600477BD2 /* Speaking.m */ = {isa = PBXFileReference; fileEncoding = 4; lastKnownFileType = sourcecode.c.objc; path = Speaking.m; sourceTree = "<group>"; };
		99A48EB9117A467F00477BD2 /* AppBasic.h */ = {isa = PBXFileReference; fileEncoding = 4; lastKnownFileType = sourcecode.c.h; path = AppBasic.h; sourceTree = "<group>"; };
		99A48EBA117A467F00477BD2 /* AppBasic.m */ = {isa = PBXFileReference; fileEncoding = 4; lastKnownFileType = sourcecode.c.objc; path = AppBasic.m; sourceTree = "<group>"; };
		99BC855A11BEA0210070EB66 /* QuartzCore.framework */ = {isa = PBXFileReference; lastKnownFileType = wrapper.framework; name = QuartzCore.framework; path = System/Library/Frameworks/QuartzCore.framework; sourceTree = SDKROOT; };
		99C0F5701189926B0038EB7A /* AnswersViewController.h */ = {isa = PBXFileReference; fileEncoding = 4; lastKnownFileType = sourcecode.c.h; path = AnswersViewController.h; sourceTree = "<group>"; };
		99C0F5711189926B0038EB7A /* AnswersViewController.m */ = {isa = PBXFileReference; fileEncoding = 4; lastKnownFileType = sourcecode.c.objc; path = AnswersViewController.m; sourceTree = "<group>"; };
		99C0F5721189926B0038EB7A /* AnswersViewController.xib */ = {isa = PBXFileReference; lastKnownFileType = file.xib; path = AnswersViewController.xib; sourceTree = "<group>"; };
		99D9DD251192EBC0008C0533 /* TableSelectViewController.h */ = {isa = PBXFileReference; fileEncoding = 4; lastKnownFileType = sourcecode.c.h; path = TableSelectViewController.h; sourceTree = "<group>"; };
		99D9DD261192EBC0008C0533 /* TableSelectViewController.m */ = {isa = PBXFileReference; fileEncoding = 4; lastKnownFileType = sourcecode.c.objc; path = TableSelectViewController.m; sourceTree = "<group>"; };
		99D9DD271192EBC0008C0533 /* TableSelectViewController.xib */ = {isa = PBXFileReference; lastKnownFileType = file.xib; path = TableSelectViewController.xib; sourceTree = "<group>"; };
		99E56ABE1164A67300810341 /* AudioToolbox.framework */ = {isa = PBXFileReference; lastKnownFileType = wrapper.framework; name = AudioToolbox.framework; path = System/Library/Frameworks/AudioToolbox.framework; sourceTree = SDKROOT; };
		99E72A1511C3F6140061ABA1 /* Preloader.h */ = {isa = PBXFileReference; fileEncoding = 4; lastKnownFileType = sourcecode.c.h; path = Preloader.h; sourceTree = "<group>"; };
		99E72A1611C3F6140061ABA1 /* Preloader.m */ = {isa = PBXFileReference; fileEncoding = 4; lastKnownFileType = sourcecode.c.objc; path = Preloader.m; sourceTree = "<group>"; };
		99E72A9011C413700061ABA1 /* icon 7.png */ = {isa = PBXFileReference; lastKnownFileType = image.png; path = "icon 7.png"; sourceTree = "<group>"; };
		99F0A4DA119AE2830020D289 /* AVFoundation.framework */ = {isa = PBXFileReference; lastKnownFileType = wrapper.framework; name = AVFoundation.framework; path = System/Library/Frameworks/AVFoundation.framework; sourceTree = SDKROOT; };
		B295F42A4BD2C64EC62B2449 /* libPods-SpeakTimesTable.a */ = {isa = PBXFileReference; explicitFileType = archive.ar; includeInIndex = 0; path = "libPods-SpeakTimesTable.a"; sourceTree = BUILT_PRODUCTS_DIR; };
		DA456AAF7F4C9A5856ACE005 /* Pods-SpeakTimesTable.distribution.xcconfig */ = {isa = PBXFileReference; includeInIndex = 1; lastKnownFileType = text.xcconfig; name = "Pods-SpeakTimesTable.distribution.xcconfig"; path = "Pods/Target Support Files/Pods-SpeakTimesTable/Pods-SpeakTimesTable.distribution.xcconfig"; sourceTree = "<group>"; };
/* End PBXFileReference section */

/* Begin PBXFrameworksBuildPhase section */
		1D60588F0D05DD3D006BFB54 /* Frameworks */ = {
			isa = PBXFrameworksBuildPhase;
			buildActionMask = 2147483647;
			files = (
				1D60589F0D05DD5A006BFB54 /* Foundation.framework in Frameworks */,
				1DF5F4E00D08C38300B7A737 /* UIKit.framework in Frameworks */,
				2892E4100DC94CBA00A64D0F /* CoreGraphics.framework in Frameworks */,
				99E56ABF1164A67300810341 /* AudioToolbox.framework in Frameworks */,
				99F0A4DB119AE2830020D289 /* AVFoundation.framework in Frameworks */,
				995B97FC11A40E1E000BC130 /* CFNetwork.framework in Frameworks */,
				995B980211A40E7E000BC130 /* SystemConfiguration.framework in Frameworks */,
				995B981211A41755000BC130 /* libsqlite3.0.dylib in Frameworks */,
				99BC855B11BEA0210070EB66 /* QuartzCore.framework in Frameworks */,
				2F690B1F4BE66E77513855D6 /* libPods-SpeakTimesTable.a in Frameworks */,
			);
			runOnlyForDeploymentPostprocessing = 0;
		};
		88ADD9F720132BDE0013D08E /* Frameworks */ = {
			isa = PBXFrameworksBuildPhase;
			buildActionMask = 2147483647;
			files = (
			);
			runOnlyForDeploymentPostprocessing = 0;
		};
/* End PBXFrameworksBuildPhase section */

/* Begin PBXGroup section */
		080E96DDFE201D6D7F000001 /* Classes */ = {
			isa = PBXGroup;
			children = (
				99C0F5701189926B0038EB7A /* AnswersViewController.h */,
				99C0F5711189926B0038EB7A /* AnswersViewController.m */,
				99A48EB9117A467F00477BD2 /* AppBasic.h */,
				99A48EBA117A467F00477BD2 /* AppBasic.m */,
				9948AA4D1164ACEB00308C21 /* Constants.h */,
				9948AA4E1164ACEB00308C21 /* Constants.m */,
				99A442311188394B00885977 /* highScores.h */,
				99A442321188394B00885977 /* highScores.m */,
				9934A66D11BF945400CDDC41 /* InfoViewController.h */,
				9934A66E11BF945400CDDC41 /* InfoViewController.m */,
				992507851163624B00148AF8 /* LearnViewController.h */,
				992507861163624B00148AF8 /* LearnViewController.m */,
				9936450714B24E1C0080B212 /* Prefs.h */,
				9936450814B24E1C0080B212 /* Prefs.m */,
				99E72A1511C3F6140061ABA1 /* Preloader.h */,
				99E72A1611C3F6140061ABA1 /* Preloader.m */,
				99A44234118839B700885977 /* ResultsViewController.h */,
				99A44235118839B700885977 /* ResultsViewController.m */,
				28C286DF0D94DF7D0034E888 /* RootViewController.h */,
				28C286E00D94DF7D0034E888 /* RootViewController.m */,
				99A48E81117A409600477BD2 /* Speaking.h */,
				99A48E82117A409600477BD2 /* Speaking.m */,
				1D3623240D0F684500981E51 /* SpeakTimesTableAppDelegate.h */,
				1D3623250D0F684500981E51 /* SpeakTimesTableAppDelegate.m */,
				99D9DD251192EBC0008C0533 /* TableSelectViewController.h */,
				99D9DD261192EBC0008C0533 /* TableSelectViewController.m */,
				9925078A1163626800148AF8 /* TestViewController.h */,
				9925078B1163626800148AF8 /* TestViewController.m */,
				8839B2702007EDB800DA3FBC /* STT2PanelView.h */,
				8839B2712007EDB800DA3FBC /* STT2PanelView.m */,
				8839B277200B9C7800DA3FBC /* CBBezier.h */,
				8839B278200B9C7800DA3FBC /* CBBezier.m */,
			);
			path = Classes;
			sourceTree = "<group>";
		};
		19C28FACFE9D520D11CA2CBB /* Products */ = {
			isa = PBXGroup;
			children = (
				1D6058910D05DD3D006BFB54 /* Speaking Times Tables.app */,
				88ADD9FA20132BDE0013D08E /* Speaking Times TablesUITests.xctest */,
			);
			name = Products;
			sourceTree = "<group>";
		};
		29B97314FDCFA39411CA2CEA /* CustomTemplate */ = {
			isa = PBXGroup;
			children = (
				8828F3D322C0AFEF001F0C03 /* Mp3 */,
				9934A66811BF93D400CDDC41 /* Nibs */,
				080E96DDFE201D6D7F000001 /* Classes */,
				29B97315FDCFA39411CA2CEA /* Other Sources */,
				29B97317FDCFA39411CA2CEA /* Resources-iPhone */,
				88ADD9FB20132BDE0013D08E /* Speaking Times TablesUITests */,
				29B97323FDCFA39411CA2CEA /* Frameworks */,
				19C28FACFE9D520D11CA2CBB /* Products */,
				B43A76C82F9872D95D445342 /* Pods */,
			);
			name = CustomTemplate;
			sourceTree = "<group>";
		};
		29B97315FDCFA39411CA2CEA /* Other Sources */ = {
			isa = PBXGroup;
			children = (
				28A0AAE50D9B0CCF005BE974 /* SpeakTimesTable_Prefix.pch */,
				29B97316FDCFA39411CA2CEA /* main.m */,
				8839B27A200BE17500DA3FBC /* Media.xcassets */,
			);
			name = "Other Sources";
			sourceTree = "<group>";
		};
		29B97317FDCFA39411CA2CEA /* Resources-iPhone */ = {
			isa = PBXGroup;
			children = (
				99E72A9011C413700061ABA1 /* icon 7.png */,
				9934A7DD11BFCA4000CDDC41 /* helptext.txt */,
				9934A7CF11BFC94600CDDC41 /* credits.txt */,
				9918D93211A143D400529752 /* action-normal-red.png */,
				9918D93611A143D400529752 /* action-pressed-red.png */,
				8D1107310486CEB800E47090 /* SpeakTimesTable-Info.plist */,
				996C436E11A51DE900FE9EA2 /* Entitlements.plist */,
			);
			name = "Resources-iPhone";
			sourceTree = "<group>";
		};
		29B97323FDCFA39411CA2CEA /* Frameworks */ = {
			isa = PBXGroup;
			children = (
				995B981111A41754000BC130 /* libsqlite3.0.dylib */,
				995B980111A40E7E000BC130 /* SystemConfiguration.framework */,
				995B97FB11A40E1E000BC130 /* CFNetwork.framework */,
				99F0A4DA119AE2830020D289 /* AVFoundation.framework */,
				99E56ABE1164A67300810341 /* AudioToolbox.framework */,
				1DF5F4DF0D08C38300B7A737 /* UIKit.framework */,
				1D30AB110D05D00D00671497 /* Foundation.framework */,
				2892E40F0DC94CBA00A64D0F /* CoreGraphics.framework */,
				99BC855A11BEA0210070EB66 /* QuartzCore.framework */,
				B295F42A4BD2C64EC62B2449 /* libPods-SpeakTimesTable.a */,
			);
			name = Frameworks;
			sourceTree = "<group>";
		};
		8828F3D322C0AFEF001F0C03 /* Mp3 */ = {
			isa = PBXGroup;
			children = (
				8828F3D422C0AFEF001F0C03 /* Male */,
				8828F3F722C0AFEF001F0C03 /* Female */,
			);
			path = Mp3;
			sourceTree = "<group>";
		};
		8828F3D422C0AFEF001F0C03 /* Male */ = {
			isa = PBXGroup;
			children = (
				8828F3EE22C0AFEF001F0C03 /* male-1.mp3 */,
				8828F3EA22C0AFEF001F0C03 /* male-2.mp3 */,
				8828F3EC22C0AFEF001F0C03 /* male-3.mp3 */,
				8828F3F122C0AFEF001F0C03 /* male-4.mp3 */,
				8828F3F322C0AFEF001F0C03 /* male-5.mp3 */,
				8828F3F622C0AFEF001F0C03 /* male-6.mp3 */,
				8828F3F422C0AFEF001F0C03 /* male-7.mp3 */,
				8828F3D622C0AFEF001F0C03 /* male-8.mp3 */,
				8828F3D722C0AFEF001F0C03 /* male-9.mp3 */,
				8828F3E222C0AFEF001F0C03 /* male-10.mp3 */,
				8828F3E122C0AFEF001F0C03 /* male-11.mp3 */,
				8828F3E422C0AFEF001F0C03 /* male-12.mp3 */,
				8828F3E522C0AFEF001F0C03 /* male-13.mp3 */,
				8828F3DE22C0AFEF001F0C03 /* male-14.mp3 */,
				8828F3DF22C0AFEF001F0C03 /* male-15.mp3 */,
				8828F3DD22C0AFEF001F0C03 /* male-16.mp3 */,
				8828F3DC22C0AFEF001F0C03 /* male-17.mp3 */,
				8828F3E722C0AFEF001F0C03 /* male-18.mp3 */,
				8828F3E922C0AFEF001F0C03 /* male-19.mp3 */,
				8828F3E622C0AFEF001F0C03 /* male-20.mp3 */,
				8828F3E822C0AFEF001F0C03 /* male-30.mp3 */,
				8828F3EB22C0AFEF001F0C03 /* male-40.mp3 */,
				8828F3F522C0AFEF001F0C03 /* male-50.mp3 */,
				8828F3D522C0AFEF001F0C03 /* male-60.mp3 */,
				8828F3DA22C0AFEF001F0C03 /* male-70.mp3 */,
				8828F3EF22C0AFEF001F0C03 /* male-80.mp3 */,
				8828F3F222C0AFEF001F0C03 /* male-90.mp3 */,
				8828F3F022C0AFEF001F0C03 /* male-and.mp3 */,
				8828F3ED22C0AFEF001F0C03 /* male-equals.mp3 */,
				8828F3E322C0AFEF001F0C03 /* male-hundred.mp3 */,
				8828F3D922C0AFEF001F0C03 /* male-table.mp3 */,
				8828F3E022C0AFEF001F0C03 /* male-the.mp3 */,
				8828F3D822C0AFEF001F0C03 /* male-thousand.mp3 */,
				8828F3DB22C0AFEF001F0C03 /* male-times.mp3 */,
			);
			path = Male;
			sourceTree = "<group>";
		};
		8828F3F722C0AFEF001F0C03 /* Female */ = {
			isa = PBXGroup;
			children = (
				8828F40C22C0AFEF001F0C03 /* female-1.mp3 */,
				8828F40A22C0AFEF001F0C03 /* female-2.mp3 */,
				8828F40822C0AFEF001F0C03 /* female-3.mp3 */,
				8828F40F22C0AFEF001F0C03 /* female-4.mp3 */,
				8828F40D22C0AFEF001F0C03 /* female-5.mp3 */,
				8828F41122C0AFEF001F0C03 /* female-6.mp3 */,
				8828F41322C0AFEF001F0C03 /* female-7.mp3 */,
				8828F40522C0AFEF001F0C03 /* female-8.mp3 */,
				8828F40322C0AFEF001F0C03 /* female-9.mp3 */,
				8828F3FD22C0AFEF001F0C03 /* female-10.mp3 */,
				8828F3FE22C0AFEF001F0C03 /* female-11.mp3 */,
				8828F40122C0AFEF001F0C03 /* female-12.mp3 */,
				8828F3FF22C0AFEF001F0C03 /* female-13.mp3 */,
				8828F3FC22C0AFEF001F0C03 /* female-14.mp3 */,
				8828F3FB22C0AFEF001F0C03 /* female-15.mp3 */,
				8828F3F922C0AFEF001F0C03 /* female-16.mp3 */,
				8828F3FA22C0AFEF001F0C03 /* female-17.mp3 */,
				8828F41822C0AFEF001F0C03 /* female-18.mp3 */,
				8828F41722C0AFEF001F0C03 /* female-19.mp3 */,
				8828F41622C0AFEF001F0C03 /* female-20.mp3 */,
				8828F41922C0AFEF001F0C03 /* female-30.mp3 */,
				8828F40922C0AFEF001F0C03 /* female-40.mp3 */,
				8828F41222C0AFEF001F0C03 /* female-50.mp3 */,
				8828F40222C0AFEF001F0C03 /* female-60.mp3 */,
				8828F40722C0AFEF001F0C03 /* female-70.mp3 */,
				8828F40B22C0AFEF001F0C03 /* female-80.mp3 */,
				8828F40E22C0AFEF001F0C03 /* female-90.mp3 */,
				8828F41422C0AFEF001F0C03 /* female-and.mp3 */,
				8828F41522C0AFEF001F0C03 /* female-equals.mp3 */,
				8828F41022C0AFEF001F0C03 /* female-hundred.mp3 */,
				8828F40022C0AFEF001F0C03 /* female-table.mp3 */,
				8828F40622C0AFEF001F0C03 /* female-the.mp3 */,
				8828F3F822C0AFEF001F0C03 /* female-thousand.mp3 */,
				8828F40422C0AFEF001F0C03 /* female-times.mp3 */,
			);
			path = Female;
			sourceTree = "<group>";
		};
		88ADD9FB20132BDE0013D08E /* Speaking Times TablesUITests */ = {
			isa = PBXGroup;
			children = (
				88ADD9FC20132BDE0013D08E /* Speaking_Times_TablesUITests.swift */,
				88ADDA06201331730013D08E /* SnapshotHelper.swift */,
				88ADD9FE20132BDE0013D08E /* Info.plist */,
			);
			path = "Speaking Times TablesUITests";
			sourceTree = "<group>";
		};
		9934A66811BF93D400CDDC41 /* Nibs */ = {
			isa = PBXGroup;
			children = (
				28F335F01007B36200424DE2 /* RootViewController.xib */,
				9925078C1163626800148AF8 /* TestView.xib */,
				992507871163624B00148AF8 /* LearnView.xib */,
				99D9DD271192EBC0008C0533 /* TableSelectViewController.xib */,
				99C0F5721189926B0038EB7A /* AnswersViewController.xib */,
				99A44236118839B700885977 /* ResultsViewController.xib */,
				9934A66F11BF945400CDDC41 /* InfoViewController.xib */,
				995469B21394012000C0727D /* feedbackView.xib */,
				882A4BCB200185CF0024D2D6 /* Launch Screen.storyboard */,
				8839B2732007EDD600DA3FBC /* STT2PanelView.xib */,
			);
			name = Nibs;
			path = Classes;
			sourceTree = "<group>";
		};
		B43A76C82F9872D95D445342 /* Pods */ = {
			isa = PBXGroup;
			children = (
				715A042D0AAF304CBA925EAF /* Pods-SpeakTimesTable.debug.xcconfig */,
				8346CFCE3DF243FF0D971E15 /* Pods-SpeakTimesTable.release.xcconfig */,
				DA456AAF7F4C9A5856ACE005 /* Pods-SpeakTimesTable.distribution.xcconfig */,
				6EF9C131E5CD593D3834EFC5 /* Pods-SpeakTimesTable.ad hoc.xcconfig */,
			);
			name = Pods;
			sourceTree = "<group>";
		};
/* End PBXGroup section */

/* Begin PBXNativeTarget section */
		1D6058900D05DD3D006BFB54 /* SpeakTimesTable */ = {
			isa = PBXNativeTarget;
			buildConfigurationList = 1D6058960D05DD3E006BFB54 /* Build configuration list for PBXNativeTarget "SpeakTimesTable" */;
			buildPhases = (
				73C57EDDD744FDB2C74EDE3E /* [CP] Check Pods Manifest.lock */,
				1D60588D0D05DD3D006BFB54 /* Resources */,
				1D60588E0D05DD3D006BFB54 /* Sources */,
				1D60588F0D05DD3D006BFB54 /* Frameworks */,
				9B604CCD3C6B2B1A94456585 /* [CP] Copy Pods Resources */,
				8839B27520090D8800DA3FBC /* ShellScript */,
			);
			buildRules = (
			);
			dependencies = (
			);
			name = SpeakTimesTable;
			productName = SpeakTimesTable;
			productReference = 1D6058910D05DD3D006BFB54 /* Speaking Times Tables.app */;
			productType = "com.apple.product-type.application";
		};
		88ADD9F920132BDE0013D08E /* Speaking Times TablesUITests */ = {
			isa = PBXNativeTarget;
			buildConfigurationList = 88ADDA0120132BDE0013D08E /* Build configuration list for PBXNativeTarget "Speaking Times TablesUITests" */;
			buildPhases = (
				88ADD9F620132BDE0013D08E /* Sources */,
				88ADD9F720132BDE0013D08E /* Frameworks */,
				88ADD9F820132BDE0013D08E /* Resources */,
			);
			buildRules = (
			);
			dependencies = (
				88ADDA0020132BDE0013D08E /* PBXTargetDependency */,
			);
			name = "Speaking Times TablesUITests";
			productName = "Speaking Times TablesUITests";
			productReference = 88ADD9FA20132BDE0013D08E /* Speaking Times TablesUITests.xctest */;
			productType = "com.apple.product-type.bundle.ui-testing";
		};
/* End PBXNativeTarget section */

/* Begin PBXProject section */
		29B97313FDCFA39411CA2CEA /* Project object */ = {
			isa = PBXProject;
			attributes = {
				LastSwiftUpdateCheck = 0920;
				LastUpgradeCheck = 0920;
				TargetAttributes = {
					1D6058900D05DD3D006BFB54 = {
						ProvisioningStyle = Manual;
					};
					88ADD9F920132BDE0013D08E = {
						CreatedOnToolsVersion = 9.2;
						ProvisioningStyle = Manual;
						TestTargetID = 1D6058900D05DD3D006BFB54;
					};
				};
			};
			buildConfigurationList = C01FCF4E08A954540054247B /* Build configuration list for PBXProject "SpeakTimesTable" */;
			compatibilityVersion = "Xcode 8.0";
			developmentRegion = English;
			hasScannedForEncodings = 1;
			knownRegions = (
				English,
				Japanese,
				French,
				German,
				en,
			);
			mainGroup = 29B97314FDCFA39411CA2CEA /* CustomTemplate */;
			productRefGroup = 19C28FACFE9D520D11CA2CBB /* Products */;
			projectDirPath = "";
			projectRoot = "";
			targets = (
				1D6058900D05DD3D006BFB54 /* SpeakTimesTable */,
				88ADD9F920132BDE0013D08E /* Speaking Times TablesUITests */,
			);
		};
/* End PBXProject section */

/* Begin PBXResourcesBuildPhase section */
		1D60588D0D05DD3D006BFB54 /* Resources */ = {
			isa = PBXResourcesBuildPhase;
			buildActionMask = 2147483647;
			files = (
				28F335F11007B36200424DE2 /* RootViewController.xib in Resources */,
				992507891163624B00148AF8 /* LearnView.xib in Resources */,
				9925078E1163626800148AF8 /* TestView.xib in Resources */,
				99A44238118839B700885977 /* ResultsViewController.xib in Resources */,
				99C0F5741189926B0038EB7A /* AnswersViewController.xib in Resources */,
				99D9DD291192EBC0008C0533 /* TableSelectViewController.xib in Resources */,
				8828F41D22C0AFEF001F0C03 /* male-thousand.mp3 in Resources */,
				9918D93A11A143D400529752 /* action-normal-red.png in Resources */,
				9918D93E11A143D400529752 /* action-pressed-red.png in Resources */,
				996C436F11A51DE900FE9EA2 /* Entitlements.plist in Resources */,
				9934A67111BF945400CDDC41 /* InfoViewController.xib in Resources */,
				9934A7D011BFC94600CDDC41 /* credits.txt in Resources */,
				8828F41A22C0AFEF001F0C03 /* male-60.mp3 in Resources */,
				8828F43D22C0AFEF001F0C03 /* female-16.mp3 in Resources */,
				8828F43422C0AFEF001F0C03 /* male-80.mp3 in Resources */,
				9934A7DE11BFCA4000CDDC41 /* helptext.txt in Resources */,
				882A4BCC200185CF0024D2D6 /* Launch Screen.storyboard in Resources */,
				8828F43F22C0AFEF001F0C03 /* female-15.mp3 in Resources */,
				99E72A9111C413700061ABA1 /* icon 7.png in Resources */,
				8839B27B200BE17500DA3FBC /* Media.xcassets in Resources */,
				8828F43622C0AFEF001F0C03 /* male-4.mp3 in Resources */,
				8828F44722C0AFEF001F0C03 /* female-9.mp3 in Resources */,
				8828F42E22C0AFEF001F0C03 /* male-19.mp3 in Resources */,
				8828F42522C0AFEF001F0C03 /* male-the.mp3 in Resources */,
				8828F45722C0AFEF001F0C03 /* female-7.mp3 in Resources */,
				8828F42B22C0AFEF001F0C03 /* male-20.mp3 in Resources */,
				8828F42822C0AFEF001F0C03 /* male-hundred.mp3 in Resources */,
				8828F43522C0AFEF001F0C03 /* male-and.mp3 in Resources */,
				8828F45422C0AFEF001F0C03 /* female-hundred.mp3 in Resources */,
				8828F44122C0AFEF001F0C03 /* female-10.mp3 in Resources */,
				8828F43822C0AFEF001F0C03 /* male-5.mp3 in Resources */,
				8828F45A22C0AFEF001F0C03 /* female-20.mp3 in Resources */,
				8828F42A22C0AFEF001F0C03 /* male-13.mp3 in Resources */,
				8828F44D22C0AFEF001F0C03 /* female-40.mp3 in Resources */,
				8828F43322C0AFEF001F0C03 /* male-1.mp3 in Resources */,
				8828F45122C0AFEF001F0C03 /* female-5.mp3 in Resources */,
				8828F45522C0AFEF001F0C03 /* female-6.mp3 in Resources */,
				8828F43022C0AFEF001F0C03 /* male-40.mp3 in Resources */,
				8828F44822C0AFEF001F0C03 /* female-times.mp3 in Resources */,
				8839B2742007EDD600DA3FBC /* STT2PanelView.xib in Resources */,
				8828F42022C0AFEF001F0C03 /* male-times.mp3 in Resources */,
				8828F42222C0AFEF001F0C03 /* male-16.mp3 in Resources */,
				8828F45822C0AFEF001F0C03 /* female-and.mp3 in Resources */,
				8828F44322C0AFEF001F0C03 /* female-13.mp3 in Resources */,
				8828F42922C0AFEF001F0C03 /* male-12.mp3 in Resources */,
				8828F44C22C0AFEF001F0C03 /* female-3.mp3 in Resources */,
				8828F42422C0AFEF001F0C03 /* male-15.mp3 in Resources */,
				8828F42F22C0AFEF001F0C03 /* male-2.mp3 in Resources */,
				8828F43B22C0AFEF001F0C03 /* male-6.mp3 in Resources */,
				8828F43A22C0AFEF001F0C03 /* male-50.mp3 in Resources */,
				8828F44622C0AFEF001F0C03 /* female-60.mp3 in Resources */,
				8828F41E22C0AFEF001F0C03 /* male-table.mp3 in Resources */,
				8828F44A22C0AFEF001F0C03 /* female-the.mp3 in Resources */,
				8828F44F22C0AFEF001F0C03 /* female-80.mp3 in Resources */,
				8828F45B22C0AFEF001F0C03 /* female-19.mp3 in Resources */,
				8828F41B22C0AFEF001F0C03 /* male-8.mp3 in Resources */,
				8828F45622C0AFEF001F0C03 /* female-50.mp3 in Resources */,
				8828F42722C0AFEF001F0C03 /* male-10.mp3 in Resources */,
				8828F41F22C0AFEF001F0C03 /* male-70.mp3 in Resources */,
				8828F42322C0AFEF001F0C03 /* male-14.mp3 in Resources */,
				8828F45922C0AFEF001F0C03 /* female-equals.mp3 in Resources */,
				8828F43E22C0AFEF001F0C03 /* female-17.mp3 in Resources */,
				8828F44522C0AFEF001F0C03 /* female-12.mp3 in Resources */,
				8828F45D22C0AFEF001F0C03 /* female-30.mp3 in Resources */,
				8828F44E22C0AFEF001F0C03 /* female-2.mp3 in Resources */,
				8828F42122C0AFEF001F0C03 /* male-17.mp3 in Resources */,
				8828F43C22C0AFEF001F0C03 /* female-thousand.mp3 in Resources */,
				8828F42D22C0AFEF001F0C03 /* male-30.mp3 in Resources */,
				8828F44422C0AFEF001F0C03 /* female-table.mp3 in Resources */,
				8828F44022C0AFEF001F0C03 /* female-14.mp3 in Resources */,
				8828F44222C0AFEF001F0C03 /* female-11.mp3 in Resources */,
				8828F42C22C0AFEF001F0C03 /* male-18.mp3 in Resources */,
				8828F43722C0AFEF001F0C03 /* male-90.mp3 in Resources */,
				8828F43122C0AFEF001F0C03 /* male-3.mp3 in Resources */,
				8828F43222C0AFEF001F0C03 /* male-equals.mp3 in Resources */,
				8828F42622C0AFEF001F0C03 /* male-11.mp3 in Resources */,
				8828F43922C0AFEF001F0C03 /* male-7.mp3 in Resources */,
				8828F45322C0AFEF001F0C03 /* female-4.mp3 in Resources */,
				8828F41C22C0AFEF001F0C03 /* male-9.mp3 in Resources */,
				8828F45222C0AFEF001F0C03 /* female-90.mp3 in Resources */,
				8828F45C22C0AFEF001F0C03 /* female-18.mp3 in Resources */,
				8828F44922C0AFEF001F0C03 /* female-8.mp3 in Resources */,
				995469B41394012000C0727D /* feedbackView.xib in Resources */,
				8828F45022C0AFEF001F0C03 /* female-1.mp3 in Resources */,
				8828F44B22C0AFEF001F0C03 /* female-70.mp3 in Resources */,
			);
			runOnlyForDeploymentPostprocessing = 0;
		};
		88ADD9F820132BDE0013D08E /* Resources */ = {
			isa = PBXResourcesBuildPhase;
			buildActionMask = 2147483647;
			files = (
			);
			runOnlyForDeploymentPostprocessing = 0;
		};
/* End PBXResourcesBuildPhase section */

/* Begin PBXShellScriptBuildPhase section */
		73C57EDDD744FDB2C74EDE3E /* [CP] Check Pods Manifest.lock */ = {
			isa = PBXShellScriptBuildPhase;
			buildActionMask = 2147483647;
			files = (
			);
			inputPaths = (
				"${PODS_PODFILE_DIR_PATH}/Podfile.lock",
				"${PODS_ROOT}/Manifest.lock",
			);
			name = "[CP] Check Pods Manifest.lock";
			outputPaths = (
				"$(DERIVED_FILE_DIR)/Pods-SpeakTimesTable-checkManifestLockResult.txt",
			);
			runOnlyForDeploymentPostprocessing = 0;
			shellPath = /bin/sh;
			shellScript = "diff \"${PODS_PODFILE_DIR_PATH}/Podfile.lock\" \"${PODS_ROOT}/Manifest.lock\" > /dev/null\nif [ $? != 0 ] ; then\n    # print error to STDERR\n    echo \"error: The sandbox is not in sync with the Podfile.lock. Run 'pod install' or update your CocoaPods installation.\" >&2\n    exit 1\nfi\n# This output is used by Xcode 'outputs' to avoid re-running this script phase.\necho \"SUCCESS\" > \"${SCRIPT_OUTPUT_FILE_0}\"\n";
			showEnvVarsInLog = 0;
		};
		8839B27520090D8800DA3FBC /* ShellScript */ = {
			isa = PBXShellScriptBuildPhase;
			buildActionMask = 2147483647;
			files = (
			);
			inputPaths = (
			);
			outputPaths = (
			);
			runOnlyForDeploymentPostprocessing = 0;
			shellPath = /bin/sh;
			shellScript = "KEYWORDS=\"TODO:|FIXME:|\\?\\?\\?:|\\!\\!\\!:\"\nfind \"${SRCROOT}\" \\( -name \"*.h\" -or -name \"*.m\" \\) -print0 | xargs -0 egrep --with-filename --line-number --only-matching \"($KEYWORDS).*\\$\" | perl -p -e \"s/($KEYWORDS)/ warning: \\$1/\"";
		};
		9B604CCD3C6B2B1A94456585 /* [CP] Copy Pods Resources */ = {
			isa = PBXShellScriptBuildPhase;
			buildActionMask = 2147483647;
			files = (
			);
			inputPaths = (
				"${SRCROOT}/Pods/Target Support Files/Pods-SpeakTimesTable/Pods-SpeakTimesTable-resources.sh",
				"${PODS_ROOT}/IQKeyboardManager/IQKeyboardManager/Resources/IQKeyboardManager.bundle",
			);
			name = "[CP] Copy Pods Resources";
			outputPaths = (
				"${TARGET_BUILD_DIR}/${UNLOCALIZED_RESOURCES_FOLDER_PATH}/IQKeyboardManager.bundle",
			);
			runOnlyForDeploymentPostprocessing = 0;
			shellPath = /bin/sh;
			shellScript = "\"${SRCROOT}/Pods/Target Support Files/Pods-SpeakTimesTable/Pods-SpeakTimesTable-resources.sh\"\n";
			showEnvVarsInLog = 0;
		};
/* End PBXShellScriptBuildPhase section */

/* Begin PBXSourcesBuildPhase section */
		1D60588E0D05DD3D006BFB54 /* Sources */ = {
			isa = PBXSourcesBuildPhase;
			buildActionMask = 2147483647;
			files = (
				1D60589B0D05DD56006BFB54 /* main.m in Sources */,
				1D3623260D0F684500981E51 /* SpeakTimesTableAppDelegate.m in Sources */,
				8839B279200B9C7800DA3FBC /* CBBezier.m in Sources */,
				28C286E10D94DF7D0034E888 /* RootViewController.m in Sources */,
				8839B2722007EDB800DA3FBC /* STT2PanelView.m in Sources */,
				992507881163624B00148AF8 /* LearnViewController.m in Sources */,
				9925078D1163626800148AF8 /* TestViewController.m in Sources */,
				9948AA4F1164ACEB00308C21 /* Constants.m in Sources */,
				99A48E83117A409600477BD2 /* Speaking.m in Sources */,
				99A48EBB117A467F00477BD2 /* AppBasic.m in Sources */,
				99A442331188394B00885977 /* highScores.m in Sources */,
				99A44237118839B700885977 /* ResultsViewController.m in Sources */,
				99C0F5731189926B0038EB7A /* AnswersViewController.m in Sources */,
				99D9DD281192EBC0008C0533 /* TableSelectViewController.m in Sources */,
				9934A67011BF945400CDDC41 /* InfoViewController.m in Sources */,
				99E72A1711C3F6140061ABA1 /* Preloader.m in Sources */,
				9936450914B24E1C0080B212 /* Prefs.m in Sources */,
			);
			runOnlyForDeploymentPostprocessing = 0;
		};
		88ADD9F620132BDE0013D08E /* Sources */ = {
			isa = PBXSourcesBuildPhase;
			buildActionMask = 2147483647;
			files = (
				88ADD9FD20132BDE0013D08E /* Speaking_Times_TablesUITests.swift in Sources */,
				88ADDA07201331740013D08E /* SnapshotHelper.swift in Sources */,
			);
			runOnlyForDeploymentPostprocessing = 0;
		};
/* End PBXSourcesBuildPhase section */

/* Begin PBXTargetDependency section */
		88ADDA0020132BDE0013D08E /* PBXTargetDependency */ = {
			isa = PBXTargetDependency;
			target = 1D6058900D05DD3D006BFB54 /* SpeakTimesTable */;
			targetProxy = 88ADD9FF20132BDE0013D08E /* PBXContainerItemProxy */;
		};
/* End PBXTargetDependency section */

/* Begin XCBuildConfiguration section */
		1D6058940D05DD3E006BFB54 /* Debug */ = {
			isa = XCBuildConfiguration;
			baseConfigurationReference = 715A042D0AAF304CBA925EAF /* Pods-SpeakTimesTable.debug.xcconfig */;
			buildSettings = {
				ALWAYS_SEARCH_USER_PATHS = NO;
				ASSETCATALOG_COMPILER_APPICON_NAME = AppIcon;
				CLANG_ENABLE_MODULES = YES;
				CLANG_ENABLE_OBJC_ARC = YES;
				CODE_SIGN_IDENTITY = "iPhone Developer";
				"CODE_SIGN_IDENTITY[sdk=iphoneos*]" = "iPhone Developer";
				CODE_SIGN_STYLE = Manual;
				COPY_PHASE_STRIP = NO;
				DEVELOPMENT_TEAM = "";
				GCC_DYNAMIC_NO_PIC = NO;
				GCC_OPTIMIZATION_LEVEL = 0;
				GCC_PRECOMPILE_PREFIX_HEADER = YES;
				GCC_PREFIX_HEADER = SpeakTimesTable_Prefix.pch;
				GCC_THUMB_SUPPORT = NO;
				GCC_WARN_ABOUT_MISSING_NEWLINE = YES;
				GCC_WARN_INITIALIZER_NOT_FULLY_BRACKETED = YES;
				GCC_WARN_SHADOW = YES;
				GCC_WARN_UNUSED_LABEL = YES;
				GCC_WARN_UNUSED_PARAMETER = NO;
				INFOPLIST_FILE = "SpeakTimesTable-Info.plist";
				IPHONEOS_DEPLOYMENT_TARGET = 10.0;
				LIBRARY_SEARCH_PATHS = (
					"$(inherited)",
					"\"$(SRCROOT)/Classes\"",
				);
				PRODUCT_BUNDLE_IDENTIFIER = com.mydomain.335234;
				PRODUCT_NAME = "Speaking Times Tables";
				PROVISIONING_PROFILE = "";
				PROVISIONING_PROFILE_SPECIFIER = "";
				SDKROOT = iphoneos;
				TARGETED_DEVICE_FAMILY = "1,2";
				VALID_ARCHS = "arm64 armv7 armv7s i386 x86_64";
				WARNING_CFLAGS = "";
			};
			name = Debug;
		};
		1D6058950D05DD3E006BFB54 /* Release */ = {
			isa = XCBuildConfiguration;
			baseConfigurationReference = 8346CFCE3DF243FF0D971E15 /* Pods-SpeakTimesTable.release.xcconfig */;
			buildSettings = {
				ALWAYS_SEARCH_USER_PATHS = NO;
				ASSETCATALOG_COMPILER_APPICON_NAME = AppIcon;
				CLANG_ENABLE_MODULES = YES;
				CLANG_ENABLE_OBJC_ARC = YES;
				CODE_SIGN_IDENTITY = "iPhone Developer";
				"CODE_SIGN_IDENTITY[sdk=iphoneos*]" = "iPhone Developer";
				CODE_SIGN_STYLE = Manual;
				COPY_PHASE_STRIP = YES;
				DEVELOPMENT_TEAM = "";
				GCC_PRECOMPILE_PREFIX_HEADER = YES;
				GCC_PREFIX_HEADER = SpeakTimesTable_Prefix.pch;
				GCC_THUMB_SUPPORT = NO;
				GCC_WARN_ABOUT_MISSING_NEWLINE = YES;
				GCC_WARN_INITIALIZER_NOT_FULLY_BRACKETED = YES;
				GCC_WARN_SHADOW = YES;
				GCC_WARN_UNUSED_LABEL = YES;
				GCC_WARN_UNUSED_PARAMETER = NO;
				INFOPLIST_FILE = "SpeakTimesTable-Info.plist";
				IPHONEOS_DEPLOYMENT_TARGET = 10.0;
				LIBRARY_SEARCH_PATHS = (
					"$(inherited)",
					"\"$(SRCROOT)/Classes\"",
				);
				PRODUCT_BUNDLE_IDENTIFIER = com.mydomain.335234;
				PRODUCT_NAME = "Speaking Times Tables";
				PROVISIONING_PROFILE = "";
				PROVISIONING_PROFILE_SPECIFIER = "";
				SDKROOT = iphoneos;
				TARGETED_DEVICE_FAMILY = "1,2";
				VALIDATE_PRODUCT = YES;
				VALID_ARCHS = "arm64 armv7 armv7s i386 x86_64";
				WARNING_CFLAGS = "";
			};
			name = Release;
		};
		88ADDA0220132BDE0013D08E /* Debug */ = {
			isa = XCBuildConfiguration;
			buildSettings = {
				ALWAYS_SEARCH_USER_PATHS = NO;
				CLANG_ANALYZER_NONNULL = YES;
				CLANG_ANALYZER_NUMBER_OBJECT_CONVERSION = YES_AGGRESSIVE;
				CLANG_CXX_LANGUAGE_STANDARD = "gnu++14";
				CLANG_CXX_LIBRARY = "libc++";
				CLANG_ENABLE_MODULES = YES;
				CLANG_ENABLE_OBJC_ARC = YES;
				CLANG_WARN_DIRECT_OBJC_ISA_USAGE = YES_ERROR;
				CLANG_WARN_DOCUMENTATION_COMMENTS = YES;
				CLANG_WARN_OBJC_ROOT_CLASS = YES_ERROR;
				CLANG_WARN_UNGUARDED_AVAILABILITY = YES_AGGRESSIVE;
				CODE_SIGN_IDENTITY = "iPhone Developer";
				CODE_SIGN_STYLE = Manual;
				COPY_PHASE_STRIP = NO;
				DEBUG_INFORMATION_FORMAT = dwarf;
				DEVELOPMENT_TEAM = "";
				GCC_C_LANGUAGE_STANDARD = gnu11;
				GCC_DYNAMIC_NO_PIC = NO;
				GCC_OPTIMIZATION_LEVEL = 0;
				GCC_PREPROCESSOR_DEFINITIONS = (
					"DEBUG=1",
					"$(inherited)",
				);
				GCC_WARN_ABOUT_RETURN_TYPE = YES_ERROR;
				GCC_WARN_UNINITIALIZED_AUTOS = YES_AGGRESSIVE;
				INFOPLIST_FILE = "Speaking Times TablesUITests/Info.plist";
				IPHONEOS_DEPLOYMENT_TARGET = 11.2;
				LD_RUNPATH_SEARCH_PATHS = "$(inherited) @executable_path/Frameworks @loader_path/Frameworks";
				MTL_ENABLE_DEBUG_INFO = YES;
				PRODUCT_BUNDLE_IDENTIFIER = "com.mclapps.Speaking-Times-TablesUITests";
				PRODUCT_NAME = "$(TARGET_NAME)";
				PROVISIONING_PROFILE_SPECIFIER = "";
				SWIFT_ACTIVE_COMPILATION_CONDITIONS = DEBUG;
				SWIFT_OPTIMIZATION_LEVEL = "-Onone";
				SWIFT_VERSION = 4.0;
				TARGETED_DEVICE_FAMILY = "1,2";
				TEST_TARGET_NAME = SpeakTimesTable;
			};
			name = Debug;
		};
		88ADDA0320132BDE0013D08E /* Release */ = {
			isa = XCBuildConfiguration;
			buildSettings = {
				ALWAYS_SEARCH_USER_PATHS = NO;
				CLANG_ANALYZER_NONNULL = YES;
				CLANG_ANALYZER_NUMBER_OBJECT_CONVERSION = YES_AGGRESSIVE;
				CLANG_CXX_LANGUAGE_STANDARD = "gnu++14";
				CLANG_CXX_LIBRARY = "libc++";
				CLANG_ENABLE_MODULES = YES;
				CLANG_ENABLE_OBJC_ARC = YES;
				CLANG_WARN_DIRECT_OBJC_ISA_USAGE = YES_ERROR;
				CLANG_WARN_DOCUMENTATION_COMMENTS = YES;
				CLANG_WARN_OBJC_ROOT_CLASS = YES_ERROR;
				CLANG_WARN_UNGUARDED_AVAILABILITY = YES_AGGRESSIVE;
				CODE_SIGN_IDENTITY = "iPhone Developer";
				CODE_SIGN_STYLE = Manual;
				COPY_PHASE_STRIP = NO;
				DEBUG_INFORMATION_FORMAT = "dwarf-with-dsym";
				DEVELOPMENT_TEAM = "";
				ENABLE_NS_ASSERTIONS = NO;
				GCC_C_LANGUAGE_STANDARD = gnu11;
				GCC_WARN_ABOUT_RETURN_TYPE = YES_ERROR;
				GCC_WARN_UNINITIALIZED_AUTOS = YES_AGGRESSIVE;
				INFOPLIST_FILE = "Speaking Times TablesUITests/Info.plist";
				IPHONEOS_DEPLOYMENT_TARGET = 11.2;
				LD_RUNPATH_SEARCH_PATHS = "$(inherited) @executable_path/Frameworks @loader_path/Frameworks";
				MTL_ENABLE_DEBUG_INFO = NO;
				PRODUCT_BUNDLE_IDENTIFIER = "com.mclapps.Speaking-Times-TablesUITests";
				PRODUCT_NAME = "$(TARGET_NAME)";
				PROVISIONING_PROFILE_SPECIFIER = "";
				SWIFT_OPTIMIZATION_LEVEL = "-Owholemodule";
				SWIFT_VERSION = 4.0;
				TARGETED_DEVICE_FAMILY = "1,2";
				TEST_TARGET_NAME = SpeakTimesTable;
				VALIDATE_PRODUCT = YES;
			};
			name = Release;
		};
		88ADDA0420132BDE0013D08E /* Distribution */ = {
			isa = XCBuildConfiguration;
			buildSettings = {
				ALWAYS_SEARCH_USER_PATHS = NO;
				CLANG_ANALYZER_NONNULL = YES;
				CLANG_ANALYZER_NUMBER_OBJECT_CONVERSION = YES_AGGRESSIVE;
				CLANG_CXX_LANGUAGE_STANDARD = "gnu++14";
				CLANG_CXX_LIBRARY = "libc++";
				CLANG_ENABLE_MODULES = YES;
				CLANG_ENABLE_OBJC_ARC = YES;
				CLANG_WARN_DIRECT_OBJC_ISA_USAGE = YES_ERROR;
				CLANG_WARN_DOCUMENTATION_COMMENTS = YES;
				CLANG_WARN_OBJC_ROOT_CLASS = YES_ERROR;
				CLANG_WARN_UNGUARDED_AVAILABILITY = YES_AGGRESSIVE;
				CODE_SIGN_IDENTITY = "iPhone Developer";
				CODE_SIGN_STYLE = Manual;
				COPY_PHASE_STRIP = NO;
				DEBUG_INFORMATION_FORMAT = "dwarf-with-dsym";
				DEVELOPMENT_TEAM = "";
				ENABLE_NS_ASSERTIONS = NO;
				GCC_C_LANGUAGE_STANDARD = gnu11;
				GCC_WARN_ABOUT_RETURN_TYPE = YES_ERROR;
				GCC_WARN_UNINITIALIZED_AUTOS = YES_AGGRESSIVE;
				INFOPLIST_FILE = "Speaking Times TablesUITests/Info.plist";
				IPHONEOS_DEPLOYMENT_TARGET = 11.2;
				LD_RUNPATH_SEARCH_PATHS = "$(inherited) @executable_path/Frameworks @loader_path/Frameworks";
				MTL_ENABLE_DEBUG_INFO = NO;
				PRODUCT_BUNDLE_IDENTIFIER = "com.mclapps.Speaking-Times-TablesUITests";
				PRODUCT_NAME = "$(TARGET_NAME)";
				PROVISIONING_PROFILE_SPECIFIER = "";
				SWIFT_OPTIMIZATION_LEVEL = "-Owholemodule";
				SWIFT_VERSION = 4.0;
				TARGETED_DEVICE_FAMILY = "1,2";
				TEST_TARGET_NAME = SpeakTimesTable;
				VALIDATE_PRODUCT = YES;
			};
			name = Distribution;
		};
		88ADDA0520132BDE0013D08E /* Ad Hoc */ = {
			isa = XCBuildConfiguration;
			buildSettings = {
				ALWAYS_SEARCH_USER_PATHS = NO;
				CLANG_ANALYZER_NONNULL = YES;
				CLANG_ANALYZER_NUMBER_OBJECT_CONVERSION = YES_AGGRESSIVE;
				CLANG_CXX_LANGUAGE_STANDARD = "gnu++14";
				CLANG_CXX_LIBRARY = "libc++";
				CLANG_ENABLE_MODULES = YES;
				CLANG_ENABLE_OBJC_ARC = YES;
				CLANG_WARN_DIRECT_OBJC_ISA_USAGE = YES_ERROR;
				CLANG_WARN_DOCUMENTATION_COMMENTS = YES;
				CLANG_WARN_OBJC_ROOT_CLASS = YES_ERROR;
				CLANG_WARN_UNGUARDED_AVAILABILITY = YES_AGGRESSIVE;
				CODE_SIGN_IDENTITY = "iPhone Developer";
				CODE_SIGN_STYLE = Manual;
				COPY_PHASE_STRIP = NO;
				DEBUG_INFORMATION_FORMAT = "dwarf-with-dsym";
				DEVELOPMENT_TEAM = "";
				ENABLE_NS_ASSERTIONS = NO;
				GCC_C_LANGUAGE_STANDARD = gnu11;
				GCC_WARN_ABOUT_RETURN_TYPE = YES_ERROR;
				GCC_WARN_UNINITIALIZED_AUTOS = YES_AGGRESSIVE;
				INFOPLIST_FILE = "Speaking Times TablesUITests/Info.plist";
				IPHONEOS_DEPLOYMENT_TARGET = 11.2;
				LD_RUNPATH_SEARCH_PATHS = "$(inherited) @executable_path/Frameworks @loader_path/Frameworks";
				MTL_ENABLE_DEBUG_INFO = NO;
				PRODUCT_BUNDLE_IDENTIFIER = "com.mclapps.Speaking-Times-TablesUITests";
				PRODUCT_NAME = "$(TARGET_NAME)";
				PROVISIONING_PROFILE_SPECIFIER = "";
				SWIFT_OPTIMIZATION_LEVEL = "-Owholemodule";
				SWIFT_VERSION = 4.0;
				TARGETED_DEVICE_FAMILY = "1,2";
				TEST_TARGET_NAME = SpeakTimesTable;
				VALIDATE_PRODUCT = YES;
			};
			name = "Ad Hoc";
		};
		997B0D2811D23A97001F150C /* Distribution */ = {
			isa = XCBuildConfiguration;
			buildSettings = {
				CLANG_ANALYZER_LOCALIZABILITY_NONLOCALIZED = YES;
				CLANG_WARN_BLOCK_CAPTURE_AUTORELEASING = YES;
				CLANG_WARN_BOOL_CONVERSION = YES;
				CLANG_WARN_COMMA = YES;
				CLANG_WARN_CONSTANT_CONVERSION = YES;
				CLANG_WARN_EMPTY_BODY = YES;
				CLANG_WARN_ENUM_CONVERSION = YES;
				CLANG_WARN_INFINITE_RECURSION = YES;
				CLANG_WARN_INT_CONVERSION = YES;
				CLANG_WARN_NON_LITERAL_NULL_CONVERSION = YES;
				CLANG_WARN_OBJC_LITERAL_CONVERSION = YES;
				CLANG_WARN_RANGE_LOOP_ANALYSIS = YES;
				CLANG_WARN_STRICT_PROTOTYPES = YES;
				CLANG_WARN_SUSPICIOUS_MOVE = YES;
				CLANG_WARN_UNREACHABLE_CODE = YES;
				CLANG_WARN__DUPLICATE_METHOD_MATCH = YES;
				CODE_SIGN_IDENTITY = "iPhone Distribution: Mindwarp Consultancy Ltd";
				ENABLE_STRICT_OBJC_MSGSEND = YES;
				GCC_C_LANGUAGE_STANDARD = c99;
				GCC_NO_COMMON_BLOCKS = YES;
				GCC_THUMB_SUPPORT = NO;
				GCC_WARN_64_TO_32_BIT_CONVERSION = YES;
				GCC_WARN_ABOUT_RETURN_TYPE = YES;
				GCC_WARN_UNDECLARED_SELECTOR = YES;
				GCC_WARN_UNINITIALIZED_AUTOS = YES;
				GCC_WARN_UNUSED_FUNCTION = YES;
				GCC_WARN_UNUSED_VARIABLE = YES;
				IPHONEOS_DEPLOYMENT_TARGET = 10.0;
				PROVISIONING_PROFILE = "2101D997-1107-4B4C-8EF9-180459A50165";
				SDKROOT = iphoneos;
			};
			name = Distribution;
		};
		997B0D2911D23A97001F150C /* Distribution */ = {
			isa = XCBuildConfiguration;
			baseConfigurationReference = DA456AAF7F4C9A5856ACE005 /* Pods-SpeakTimesTable.distribution.xcconfig */;
			buildSettings = {
				ALWAYS_SEARCH_USER_PATHS = NO;
				ASSETCATALOG_COMPILER_APPICON_NAME = AppIcon;
				CLANG_ENABLE_MODULES = YES;
				CLANG_ENABLE_OBJC_ARC = YES;
				CODE_SIGN_IDENTITY = "iPhone Developer";
				"CODE_SIGN_IDENTITY[sdk=iphoneos*]" = "iPhone Developer";
				CODE_SIGN_STYLE = Manual;
				COPY_PHASE_STRIP = YES;
				DEVELOPMENT_TEAM = "";
				GCC_PRECOMPILE_PREFIX_HEADER = YES;
				GCC_PREFIX_HEADER = SpeakTimesTable_Prefix.pch;
				GCC_THUMB_SUPPORT = NO;
				GCC_WARN_ABOUT_MISSING_NEWLINE = YES;
				GCC_WARN_INITIALIZER_NOT_FULLY_BRACKETED = YES;
				GCC_WARN_SHADOW = YES;
				GCC_WARN_UNUSED_LABEL = YES;
				GCC_WARN_UNUSED_PARAMETER = NO;
				INFOPLIST_FILE = "SpeakTimesTable-Info.plist";
				IPHONEOS_DEPLOYMENT_TARGET = 10.0;
				LIBRARY_SEARCH_PATHS = (
					"$(inherited)",
					"\"$(SRCROOT)/Classes\"",
				);
				PRODUCT_BUNDLE_IDENTIFIER = com.mydomain.335234;
				PRODUCT_NAME = "Speaking Times Tables";
				PROVISIONING_PROFILE = "";
				PROVISIONING_PROFILE_SPECIFIER = "";
				SDKROOT = iphoneos;
				TARGETED_DEVICE_FAMILY = "1,2";
				VALIDATE_PRODUCT = YES;
				VALID_ARCHS = "arm64 armv7 armv7s i386 x86_64";
				WARNING_CFLAGS = "";
			};
			name = Distribution;
		};
		99C5EE6B11A54620001425D8 /* Ad Hoc */ = {
			isa = XCBuildConfiguration;
			buildSettings = {
				CLANG_ANALYZER_LOCALIZABILITY_NONLOCALIZED = YES;
				CLANG_WARN_BLOCK_CAPTURE_AUTORELEASING = YES;
				CLANG_WARN_BOOL_CONVERSION = YES;
				CLANG_WARN_COMMA = YES;
				CLANG_WARN_CONSTANT_CONVERSION = YES;
				CLANG_WARN_EMPTY_BODY = YES;
				CLANG_WARN_ENUM_CONVERSION = YES;
				CLANG_WARN_INFINITE_RECURSION = YES;
				CLANG_WARN_INT_CONVERSION = YES;
				CLANG_WARN_NON_LITERAL_NULL_CONVERSION = YES;
				CLANG_WARN_OBJC_LITERAL_CONVERSION = YES;
				CLANG_WARN_RANGE_LOOP_ANALYSIS = YES;
				CLANG_WARN_STRICT_PROTOTYPES = YES;
				CLANG_WARN_SUSPICIOUS_MOVE = YES;
				CLANG_WARN_UNREACHABLE_CODE = YES;
				CLANG_WARN__DUPLICATE_METHOD_MATCH = YES;
				CODE_SIGN_ENTITLEMENTS = Entitlements.plist;
				CODE_SIGN_IDENTITY = "iPhone Distribution: Mindwarp Consultancy Ltd";
				ENABLE_STRICT_OBJC_MSGSEND = YES;
				GCC_C_LANGUAGE_STANDARD = c99;
				GCC_NO_COMMON_BLOCKS = YES;
				GCC_THUMB_SUPPORT = NO;
				GCC_WARN_64_TO_32_BIT_CONVERSION = YES;
				GCC_WARN_ABOUT_RETURN_TYPE = YES;
				GCC_WARN_UNDECLARED_SELECTOR = YES;
				GCC_WARN_UNINITIALIZED_AUTOS = YES;
				GCC_WARN_UNUSED_FUNCTION = YES;
				GCC_WARN_UNUSED_VARIABLE = YES;
				IPHONEOS_DEPLOYMENT_TARGET = 10.0;
				PROVISIONING_PROFILE = "0F424F61-6E74-451E-BC36-8A73302A93B3";
				SDKROOT = iphoneos;
			};
			name = "Ad Hoc";
		};
		99C5EE6C11A54620001425D8 /* Ad Hoc */ = {
			isa = XCBuildConfiguration;
			baseConfigurationReference = 6EF9C131E5CD593D3834EFC5 /* Pods-SpeakTimesTable.ad hoc.xcconfig */;
			buildSettings = {
				ALWAYS_SEARCH_USER_PATHS = NO;
				ASSETCATALOG_COMPILER_APPICON_NAME = AppIcon;
				CLANG_ENABLE_MODULES = YES;
				CLANG_ENABLE_OBJC_ARC = YES;
				CODE_SIGN_IDENTITY = "iPhone Developer";
				"CODE_SIGN_IDENTITY[sdk=iphoneos*]" = "iPhone Developer";
				CODE_SIGN_STYLE = Manual;
				COPY_PHASE_STRIP = YES;
				DEVELOPMENT_TEAM = "";
				GCC_PRECOMPILE_PREFIX_HEADER = YES;
				GCC_PREFIX_HEADER = SpeakTimesTable_Prefix.pch;
				GCC_THUMB_SUPPORT = NO;
				GCC_WARN_ABOUT_MISSING_NEWLINE = YES;
				GCC_WARN_INITIALIZER_NOT_FULLY_BRACKETED = YES;
				GCC_WARN_SHADOW = YES;
				GCC_WARN_UNUSED_LABEL = YES;
				GCC_WARN_UNUSED_PARAMETER = NO;
				INFOPLIST_FILE = "SpeakTimesTable-Info.plist";
				IPHONEOS_DEPLOYMENT_TARGET = 10.0;
				LIBRARY_SEARCH_PATHS = (
					"$(inherited)",
					"\"$(SRCROOT)/Classes\"",
				);
				PRODUCT_BUNDLE_IDENTIFIER = com.mydomain.335234;
				PRODUCT_NAME = "Speaking Times Tables";
				PROVISIONING_PROFILE = "";
				PROVISIONING_PROFILE_SPECIFIER = "";
				SDKROOT = iphoneos;
				TARGETED_DEVICE_FAMILY = "1,2";
				VALIDATE_PRODUCT = YES;
				VALID_ARCHS = "arm64 armv7 armv7s i386 x86_64";
				WARNING_CFLAGS = "";
			};
			name = "Ad Hoc";
		};
		C01FCF4F08A954540054247B /* Debug */ = {
			isa = XCBuildConfiguration;
			buildSettings = {
				CLANG_ANALYZER_LOCALIZABILITY_NONLOCALIZED = YES;
				CLANG_WARN_BLOCK_CAPTURE_AUTORELEASING = YES;
				CLANG_WARN_BOOL_CONVERSION = YES;
				CLANG_WARN_COMMA = YES;
				CLANG_WARN_CONSTANT_CONVERSION = YES;
				CLANG_WARN_EMPTY_BODY = YES;
				CLANG_WARN_ENUM_CONVERSION = YES;
				CLANG_WARN_INFINITE_RECURSION = YES;
				CLANG_WARN_INT_CONVERSION = YES;
				CLANG_WARN_NON_LITERAL_NULL_CONVERSION = YES;
				CLANG_WARN_OBJC_LITERAL_CONVERSION = YES;
				CLANG_WARN_RANGE_LOOP_ANALYSIS = YES;
				CLANG_WARN_STRICT_PROTOTYPES = YES;
				CLANG_WARN_SUSPICIOUS_MOVE = YES;
				CLANG_WARN_UNREACHABLE_CODE = YES;
				CLANG_WARN__DUPLICATE_METHOD_MATCH = YES;
				CODE_SIGN_IDENTITY = "";
				ENABLE_STRICT_OBJC_MSGSEND = YES;
				ENABLE_TESTABILITY = YES;
				GCC_C_LANGUAGE_STANDARD = c99;
				GCC_NO_COMMON_BLOCKS = YES;
				GCC_THUMB_SUPPORT = NO;
				GCC_WARN_64_TO_32_BIT_CONVERSION = YES;
				GCC_WARN_ABOUT_RETURN_TYPE = YES;
				GCC_WARN_UNDECLARED_SELECTOR = YES;
				GCC_WARN_UNINITIALIZED_AUTOS = YES;
				GCC_WARN_UNUSED_FUNCTION = YES;
				GCC_WARN_UNUSED_VARIABLE = YES;
				IPHONEOS_DEPLOYMENT_TARGET = 10.0;
				ONLY_ACTIVE_ARCH = YES;
				SDKROOT = iphoneos;
			};
			name = Debug;
		};
		C01FCF5008A954540054247B /* Release */ = {
			isa = XCBuildConfiguration;
			buildSettings = {
				CLANG_ANALYZER_LOCALIZABILITY_NONLOCALIZED = YES;
				CLANG_WARN_BLOCK_CAPTURE_AUTORELEASING = YES;
				CLANG_WARN_BOOL_CONVERSION = YES;
				CLANG_WARN_COMMA = YES;
				CLANG_WARN_CONSTANT_CONVERSION = YES;
				CLANG_WARN_EMPTY_BODY = YES;
				CLANG_WARN_ENUM_CONVERSION = YES;
				CLANG_WARN_INFINITE_RECURSION = YES;
				CLANG_WARN_INT_CONVERSION = YES;
				CLANG_WARN_NON_LITERAL_NULL_CONVERSION = YES;
				CLANG_WARN_OBJC_LITERAL_CONVERSION = YES;
				CLANG_WARN_RANGE_LOOP_ANALYSIS = YES;
				CLANG_WARN_STRICT_PROTOTYPES = YES;
				CLANG_WARN_SUSPICIOUS_MOVE = YES;
				CLANG_WARN_UNREACHABLE_CODE = YES;
				CLANG_WARN__DUPLICATE_METHOD_MATCH = YES;
				CODE_SIGN_IDENTITY = "iPhone Distribution: Mindwarp Consultancy Ltd";
				ENABLE_STRICT_OBJC_MSGSEND = YES;
				GCC_C_LANGUAGE_STANDARD = c99;
				GCC_NO_COMMON_BLOCKS = YES;
				GCC_THUMB_SUPPORT = NO;
				GCC_WARN_64_TO_32_BIT_CONVERSION = YES;
				GCC_WARN_ABOUT_RETURN_TYPE = YES;
				GCC_WARN_UNDECLARED_SELECTOR = YES;
				GCC_WARN_UNINITIALIZED_AUTOS = YES;
				GCC_WARN_UNUSED_FUNCTION = YES;
				GCC_WARN_UNUSED_VARIABLE = YES;
				IPHONEOS_DEPLOYMENT_TARGET = 10.0;
				PROVISIONING_PROFILE = "2101D997-1107-4B4C-8EF9-180459A50165";
				SDKROOT = iphoneos;
			};
			name = Release;
		};
/* End XCBuildConfiguration section */

/* Begin XCConfigurationList section */
		1D6058960D05DD3E006BFB54 /* Build configuration list for PBXNativeTarget "SpeakTimesTable" */ = {
			isa = XCConfigurationList;
			buildConfigurations = (
				1D6058940D05DD3E006BFB54 /* Debug */,
				1D6058950D05DD3E006BFB54 /* Release */,
				997B0D2911D23A97001F150C /* Distribution */,
				99C5EE6C11A54620001425D8 /* Ad Hoc */,
			);
			defaultConfigurationIsVisible = 0;
			defaultConfigurationName = Release;
		};
		88ADDA0120132BDE0013D08E /* Build configuration list for PBXNativeTarget "Speaking Times TablesUITests" */ = {
			isa = XCConfigurationList;
			buildConfigurations = (
				88ADDA0220132BDE0013D08E /* Debug */,
				88ADDA0320132BDE0013D08E /* Release */,
				88ADDA0420132BDE0013D08E /* Distribution */,
				88ADDA0520132BDE0013D08E /* Ad Hoc */,
			);
			defaultConfigurationIsVisible = 0;
			defaultConfigurationName = Release;
		};
		C01FCF4E08A954540054247B /* Build configuration list for PBXProject "SpeakTimesTable" */ = {
			isa = XCConfigurationList;
			buildConfigurations = (
				C01FCF4F08A954540054247B /* Debug */,
				C01FCF5008A954540054247B /* Release */,
				997B0D2811D23A97001F150C /* Distribution */,
				99C5EE6B11A54620001425D8 /* Ad Hoc */,
			);
			defaultConfigurationIsVisible = 0;
			defaultConfigurationName = Release;
		};
/* End XCConfigurationList section */
	};
	rootObject = 29B97313FDCFA39411CA2CEA /* Project object */;
}
