// !$*UTF8*$!
{
	archiveVersion = 1;
	classes = {
	};
	objectVersion = 46;
	objects = {

/* Begin PBXBuildFile section */
		1D3623260D0F684500981E51 /* SpeakTimesTableAppDelegate.m in Sources */ = {isa = PBXBuildFile; fileRef = 1D3623250D0F684500981E51 /* SpeakTimesTableAppDelegate.m */; };
		1D60589B0D05DD56006BFB54 /* main.m in Sources */ = {isa = PBXBuildFile; fileRef = 29B97316FDCFA39411CA2CEA /* main.m */; };
		1D60589F0D05DD5A006BFB54 /* Foundation.framework in Frameworks */ = {isa = PBXBuildFile; fileRef = 1D30AB110D05D00D00671497 /* Foundation.framework */; };
		1DF5F4E00D08C38300B7A737 /* UIKit.framework in Frameworks */ = {isa = PBXBuildFile; fileRef = 1DF5F4DF0D08C38300B7A737 /* UIKit.framework */; };
		2892E4100DC94CBA00A64D0F /* CoreGraphics.framework in Frameworks */ = {isa = PBXBuildFile; fileRef = 2892E40F0DC94CBA00A64D0F /* CoreGraphics.framework */; };
		28AD73600D9D9599002E5188 /* MainWindow.xib in Resources */ = {isa = PBXBuildFile; fileRef = 28AD735F0D9D9599002E5188 /* MainWindow.xib */; };
		28C286E10D94DF7D0034E888 /* RootViewController.m in Sources */ = {isa = PBXBuildFile; fileRef = 28C286E00D94DF7D0034E888 /* RootViewController.m */; };
		28F335F11007B36200424DE2 /* RootViewController.xib in Resources */ = {isa = PBXBuildFile; fileRef = 28F335F01007B36200424DE2 /* RootViewController.xib */; };
		9903298111E092C70083E7A4 /* LargeCrowdApplauseE.mp3 in Resources */ = {isa = PBXBuildFile; fileRef = 9903298011E092C70083E7A4 /* LargeCrowdApplauseE.mp3 */; };
		990329A411E092E40083E7A4 /* male-1.mp3 in Resources */ = {isa = PBXBuildFile; fileRef = 9903298211E092E40083E7A4 /* male-1.mp3 */; };
		990329A511E092E40083E7A4 /* male-2.mp3 in Resources */ = {isa = PBXBuildFile; fileRef = 9903298311E092E40083E7A4 /* male-2.mp3 */; };
		990329A611E092E40083E7A4 /* male-3.mp3 in Resources */ = {isa = PBXBuildFile; fileRef = 9903298411E092E40083E7A4 /* male-3.mp3 */; };
		990329A711E092E40083E7A4 /* male-4.mp3 in Resources */ = {isa = PBXBuildFile; fileRef = 9903298511E092E40083E7A4 /* male-4.mp3 */; };
		990329A811E092E40083E7A4 /* male-5.mp3 in Resources */ = {isa = PBXBuildFile; fileRef = 9903298611E092E40083E7A4 /* male-5.mp3 */; };
		990329A911E092E40083E7A4 /* male-6.mp3 in Resources */ = {isa = PBXBuildFile; fileRef = 9903298711E092E40083E7A4 /* male-6.mp3 */; };
		990329AA11E092E40083E7A4 /* male-7.mp3 in Resources */ = {isa = PBXBuildFile; fileRef = 9903298811E092E40083E7A4 /* male-7.mp3 */; };
		990329AB11E092E40083E7A4 /* male-8.mp3 in Resources */ = {isa = PBXBuildFile; fileRef = 9903298911E092E40083E7A4 /* male-8.mp3 */; };
		990329AC11E092E40083E7A4 /* male-9.mp3 in Resources */ = {isa = PBXBuildFile; fileRef = 9903298A11E092E40083E7A4 /* male-9.mp3 */; };
		990329AD11E092E40083E7A4 /* male-10.mp3 in Resources */ = {isa = PBXBuildFile; fileRef = 9903298B11E092E40083E7A4 /* male-10.mp3 */; };
		990329AE11E092E40083E7A4 /* male-11.mp3 in Resources */ = {isa = PBXBuildFile; fileRef = 9903298C11E092E40083E7A4 /* male-11.mp3 */; };
		990329AF11E092E40083E7A4 /* male-12.mp3 in Resources */ = {isa = PBXBuildFile; fileRef = 9903298D11E092E40083E7A4 /* male-12.mp3 */; };
		990329B011E092E40083E7A4 /* male-13.mp3 in Resources */ = {isa = PBXBuildFile; fileRef = 9903298E11E092E40083E7A4 /* male-13.mp3 */; };
		990329B111E092E40083E7A4 /* male-14.mp3 in Resources */ = {isa = PBXBuildFile; fileRef = 9903298F11E092E40083E7A4 /* male-14.mp3 */; };
		990329B211E092E40083E7A4 /* male-15.mp3 in Resources */ = {isa = PBXBuildFile; fileRef = 9903299011E092E40083E7A4 /* male-15.mp3 */; };
		990329B311E092E40083E7A4 /* male-16.mp3 in Resources */ = {isa = PBXBuildFile; fileRef = 9903299111E092E40083E7A4 /* male-16.mp3 */; };
		990329B411E092E40083E7A4 /* male-17.mp3 in Resources */ = {isa = PBXBuildFile; fileRef = 9903299211E092E40083E7A4 /* male-17.mp3 */; };
		990329B511E092E40083E7A4 /* male-18.mp3 in Resources */ = {isa = PBXBuildFile; fileRef = 9903299311E092E40083E7A4 /* male-18.mp3 */; };
		990329B611E092E40083E7A4 /* male-19.mp3 in Resources */ = {isa = PBXBuildFile; fileRef = 9903299411E092E40083E7A4 /* male-19.mp3 */; };
		990329B711E092E40083E7A4 /* male-20.mp3 in Resources */ = {isa = PBXBuildFile; fileRef = 9903299511E092E40083E7A4 /* male-20.mp3 */; };
		990329B811E092E40083E7A4 /* male-30.mp3 in Resources */ = {isa = PBXBuildFile; fileRef = 9903299611E092E40083E7A4 /* male-30.mp3 */; };
		990329B911E092E40083E7A4 /* male-40.mp3 in Resources */ = {isa = PBXBuildFile; fileRef = 9903299711E092E40083E7A4 /* male-40.mp3 */; };
		990329BA11E092E40083E7A4 /* male-50.mp3 in Resources */ = {isa = PBXBuildFile; fileRef = 9903299811E092E40083E7A4 /* male-50.mp3 */; };
		990329BB11E092E40083E7A4 /* male-60.mp3 in Resources */ = {isa = PBXBuildFile; fileRef = 9903299911E092E40083E7A4 /* male-60.mp3 */; };
		990329BC11E092E40083E7A4 /* male-70.mp3 in Resources */ = {isa = PBXBuildFile; fileRef = 9903299A11E092E40083E7A4 /* male-70.mp3 */; };
		990329BD11E092E40083E7A4 /* male-80.mp3 in Resources */ = {isa = PBXBuildFile; fileRef = 9903299B11E092E40083E7A4 /* male-80.mp3 */; };
		990329BE11E092E40083E7A4 /* male-90.mp3 in Resources */ = {isa = PBXBuildFile; fileRef = 9903299C11E092E40083E7A4 /* male-90.mp3 */; };
		990329BF11E092E40083E7A4 /* male-and.mp3 in Resources */ = {isa = PBXBuildFile; fileRef = 9903299D11E092E40083E7A4 /* male-and.mp3 */; };
		990329C011E092E40083E7A4 /* male-equals.mp3 in Resources */ = {isa = PBXBuildFile; fileRef = 9903299E11E092E40083E7A4 /* male-equals.mp3 */; };
		990329C111E092E40083E7A4 /* male-hundred.mp3 in Resources */ = {isa = PBXBuildFile; fileRef = 9903299F11E092E40083E7A4 /* male-hundred.mp3 */; };
		990329C211E092E40083E7A4 /* male-table.mp3 in Resources */ = {isa = PBXBuildFile; fileRef = 990329A011E092E40083E7A4 /* male-table.mp3 */; };
		990329C311E092E40083E7A4 /* male-the.mp3 in Resources */ = {isa = PBXBuildFile; fileRef = 990329A111E092E40083E7A4 /* male-the.mp3 */; };
		990329C411E092E40083E7A4 /* male-thousand.mp3 in Resources */ = {isa = PBXBuildFile; fileRef = 990329A211E092E40083E7A4 /* male-thousand.mp3 */; };
		990329C511E092E40083E7A4 /* male-times.mp3 in Resources */ = {isa = PBXBuildFile; fileRef = 990329A311E092E40083E7A4 /* male-times.mp3 */; };
		99032B1B11E092FE0083E7A4 /* female-1.mp3 in Resources */ = {isa = PBXBuildFile; fileRef = 99032AF911E092FE0083E7A4 /* female-1.mp3 */; };
		99032B1C11E092FE0083E7A4 /* female-2.mp3 in Resources */ = {isa = PBXBuildFile; fileRef = 99032AFA11E092FE0083E7A4 /* female-2.mp3 */; };
		99032B1D11E092FE0083E7A4 /* female-3.mp3 in Resources */ = {isa = PBXBuildFile; fileRef = 99032AFB11E092FE0083E7A4 /* female-3.mp3 */; };
		99032B1E11E092FE0083E7A4 /* female-4.mp3 in Resources */ = {isa = PBXBuildFile; fileRef = 99032AFC11E092FE0083E7A4 /* female-4.mp3 */; };
		99032B1F11E092FE0083E7A4 /* female-5.mp3 in Resources */ = {isa = PBXBuildFile; fileRef = 99032AFD11E092FE0083E7A4 /* female-5.mp3 */; };
		99032B2011E092FE0083E7A4 /* female-6.mp3 in Resources */ = {isa = PBXBuildFile; fileRef = 99032AFE11E092FE0083E7A4 /* female-6.mp3 */; };
		99032B2111E092FE0083E7A4 /* female-7.mp3 in Resources */ = {isa = PBXBuildFile; fileRef = 99032AFF11E092FE0083E7A4 /* female-7.mp3 */; };
		99032B2211E092FE0083E7A4 /* female-8.mp3 in Resources */ = {isa = PBXBuildFile; fileRef = 99032B0011E092FE0083E7A4 /* female-8.mp3 */; };
		99032B2311E092FE0083E7A4 /* female-9.mp3 in Resources */ = {isa = PBXBuildFile; fileRef = 99032B0111E092FE0083E7A4 /* female-9.mp3 */; };
		99032B2411E092FE0083E7A4 /* female-10.mp3 in Resources */ = {isa = PBXBuildFile; fileRef = 99032B0211E092FE0083E7A4 /* female-10.mp3 */; };
		99032B2511E092FE0083E7A4 /* female-11.mp3 in Resources */ = {isa = PBXBuildFile; fileRef = 99032B0311E092FE0083E7A4 /* female-11.mp3 */; };
		99032B2611E092FE0083E7A4 /* female-12.mp3 in Resources */ = {isa = PBXBuildFile; fileRef = 99032B0411E092FE0083E7A4 /* female-12.mp3 */; };
		99032B2711E092FE0083E7A4 /* female-13.mp3 in Resources */ = {isa = PBXBuildFile; fileRef = 99032B0511E092FE0083E7A4 /* female-13.mp3 */; };
		99032B2811E092FE0083E7A4 /* female-14.mp3 in Resources */ = {isa = PBXBuildFile; fileRef = 99032B0611E092FE0083E7A4 /* female-14.mp3 */; };
		99032B2911E092FE0083E7A4 /* female-15.mp3 in Resources */ = {isa = PBXBuildFile; fileRef = 99032B0711E092FE0083E7A4 /* female-15.mp3 */; };
		99032B2A11E092FE0083E7A4 /* female-16.mp3 in Resources */ = {isa = PBXBuildFile; fileRef = 99032B0811E092FE0083E7A4 /* female-16.mp3 */; };
		99032B2B11E092FE0083E7A4 /* female-17.mp3 in Resources */ = {isa = PBXBuildFile; fileRef = 99032B0911E092FE0083E7A4 /* female-17.mp3 */; };
		99032B2C11E092FE0083E7A4 /* female-18.mp3 in Resources */ = {isa = PBXBuildFile; fileRef = 99032B0A11E092FE0083E7A4 /* female-18.mp3 */; };
		99032B2D11E092FE0083E7A4 /* female-19.mp3 in Resources */ = {isa = PBXBuildFile; fileRef = 99032B0B11E092FE0083E7A4 /* female-19.mp3 */; };
		99032B2E11E092FE0083E7A4 /* female-20.mp3 in Resources */ = {isa = PBXBuildFile; fileRef = 99032B0C11E092FE0083E7A4 /* female-20.mp3 */; };
		99032B2F11E092FE0083E7A4 /* female-30.mp3 in Resources */ = {isa = PBXBuildFile; fileRef = 99032B0D11E092FE0083E7A4 /* female-30.mp3 */; };
		99032B3011E092FE0083E7A4 /* female-40.mp3 in Resources */ = {isa = PBXBuildFile; fileRef = 99032B0E11E092FE0083E7A4 /* female-40.mp3 */; };
		99032B3111E092FE0083E7A4 /* female-50.mp3 in Resources */ = {isa = PBXBuildFile; fileRef = 99032B0F11E092FE0083E7A4 /* female-50.mp3 */; };
		99032B3211E092FE0083E7A4 /* female-60.mp3 in Resources */ = {isa = PBXBuildFile; fileRef = 99032B1011E092FE0083E7A4 /* female-60.mp3 */; };
		99032B3311E092FE0083E7A4 /* female-70.mp3 in Resources */ = {isa = PBXBuildFile; fileRef = 99032B1111E092FE0083E7A4 /* female-70.mp3 */; };
		99032B3411E092FE0083E7A4 /* female-80.mp3 in Resources */ = {isa = PBXBuildFile; fileRef = 99032B1211E092FE0083E7A4 /* female-80.mp3 */; };
		99032B3511E092FE0083E7A4 /* female-90.mp3 in Resources */ = {isa = PBXBuildFile; fileRef = 99032B1311E092FE0083E7A4 /* female-90.mp3 */; };
		99032B3611E092FE0083E7A4 /* female-and.mp3 in Resources */ = {isa = PBXBuildFile; fileRef = 99032B1411E092FE0083E7A4 /* female-and.mp3 */; };
		99032B3711E092FE0083E7A4 /* female-equals.mp3 in Resources */ = {isa = PBXBuildFile; fileRef = 99032B1511E092FE0083E7A4 /* female-equals.mp3 */; };
		99032B3811E092FE0083E7A4 /* female-hundred.mp3 in Resources */ = {isa = PBXBuildFile; fileRef = 99032B1611E092FE0083E7A4 /* female-hundred.mp3 */; };
		99032B3911E092FE0083E7A4 /* female-table.mp3 in Resources */ = {isa = PBXBuildFile; fileRef = 99032B1711E092FE0083E7A4 /* female-table.mp3 */; };
		99032B3A11E092FE0083E7A4 /* female-the.mp3 in Resources */ = {isa = PBXBuildFile; fileRef = 99032B1811E092FE0083E7A4 /* female-the.mp3 */; };
		99032B3B11E092FE0083E7A4 /* female-thousand.mp3 in Resources */ = {isa = PBXBuildFile; fileRef = 99032B1911E092FE0083E7A4 /* female-thousand.mp3 */; };
		99032B3C11E092FE0083E7A4 /* female-times.mp3 in Resources */ = {isa = PBXBuildFile; fileRef = 99032B1A11E092FE0083E7A4 /* female-times.mp3 */; };
		9918D93811A143D400529752 /* action-normal-blue.png in Resources */ = {isa = PBXBuildFile; fileRef = 9918D93011A143D400529752 /* action-normal-blue.png */; };
		9918D93911A143D400529752 /* action-normal-green.png in Resources */ = {isa = PBXBuildFile; fileRef = 9918D93111A143D400529752 /* action-normal-green.png */; };
		9918D93A11A143D400529752 /* action-normal-red.png in Resources */ = {isa = PBXBuildFile; fileRef = 9918D93211A143D400529752 /* action-normal-red.png */; };
		9918D93B11A143D400529752 /* action-normal-yellow.png in Resources */ = {isa = PBXBuildFile; fileRef = 9918D93311A143D400529752 /* action-normal-yellow.png */; };
		9918D93C11A143D400529752 /* action-pressed-blue.png in Resources */ = {isa = PBXBuildFile; fileRef = 9918D93411A143D400529752 /* action-pressed-blue.png */; };
		9918D93D11A143D400529752 /* action-pressed-green.png in Resources */ = {isa = PBXBuildFile; fileRef = 9918D93511A143D400529752 /* action-pressed-green.png */; };
		9918D93E11A143D400529752 /* action-pressed-red.png in Resources */ = {isa = PBXBuildFile; fileRef = 9918D93611A143D400529752 /* action-pressed-red.png */; };
		9918D93F11A143D400529752 /* action-pressed-yellow.png in Resources */ = {isa = PBXBuildFile; fileRef = 9918D93711A143D400529752 /* action-pressed-yellow.png */; };
		992507881163624B00148AF8 /* LearnViewController.m in Sources */ = {isa = PBXBuildFile; fileRef = 992507861163624B00148AF8 /* LearnViewController.m */; };
		992507891163624B00148AF8 /* LearnView.xib in Resources */ = {isa = PBXBuildFile; fileRef = 992507871163624B00148AF8 /* LearnView.xib */; };
		9925078D1163626800148AF8 /* TestViewController.m in Sources */ = {isa = PBXBuildFile; fileRef = 9925078B1163626800148AF8 /* TestViewController.m */; };
		9925078E1163626800148AF8 /* TestView.xib in Resources */ = {isa = PBXBuildFile; fileRef = 9925078C1163626800148AF8 /* TestView.xib */; };
		9934A67011BF945400CDDC41 /* InfoViewController.m in Sources */ = {isa = PBXBuildFile; fileRef = 9934A66E11BF945400CDDC41 /* InfoViewController.m */; };
		9934A67111BF945400CDDC41 /* InfoViewController.xib in Resources */ = {isa = PBXBuildFile; fileRef = 9934A66F11BF945400CDDC41 /* InfoViewController.xib */; };
		9934A7D011BFC94600CDDC41 /* credits.txt in Resources */ = {isa = PBXBuildFile; fileRef = 9934A7CF11BFC94600CDDC41 /* credits.txt */; };
		9934A7DE11BFCA4000CDDC41 /* helptext.txt in Resources */ = {isa = PBXBuildFile; fileRef = 9934A7DD11BFCA4000CDDC41 /* helptext.txt */; };
		9936450914B24E1C0080B212 /* Prefs.m in Sources */ = {isa = PBXBuildFile; fileRef = 9936450814B24E1C0080B212 /* Prefs.m */; };
		9948AA441164AC8D00308C21 /* SoundEffect.m in Sources */ = {isa = PBXBuildFile; fileRef = 9948AA431164AC8D00308C21 /* SoundEffect.m */; };
		9948AA4F1164ACEB00308C21 /* Constants.m in Sources */ = {isa = PBXBuildFile; fileRef = 9948AA4E1164ACEB00308C21 /* Constants.m */; };
		995469B31394012000C0727D /* feedbackViewController.m in Sources */ = {isa = PBXBuildFile; fileRef = 995469B01394012000C0727D /* feedbackViewController.m */; };
		995469B41394012000C0727D /* feedbackView.xib in Resources */ = {isa = PBXBuildFile; fileRef = 995469B21394012000C0727D /* feedbackView.xib */; };
		995B97E811A40CCB000BC130 /* Appirater.m in Sources */ = {isa = PBXBuildFile; fileRef = 995B97E711A40CCB000BC130 /* Appirater.m */; };
		995B97FC11A40E1E000BC130 /* CFNetwork.framework in Frameworks */ = {isa = PBXBuildFile; fileRef = 995B97FB11A40E1E000BC130 /* CFNetwork.framework */; };
		995B980211A40E7E000BC130 /* SystemConfiguration.framework in Frameworks */ = {isa = PBXBuildFile; fileRef = 995B980111A40E7E000BC130 /* SystemConfiguration.framework */; };
		995B981211A41755000BC130 /* libsqlite3.0.dylib in Frameworks */ = {isa = PBXBuildFile; fileRef = 995B981111A41754000BC130 /* libsqlite3.0.dylib */; };
		996C436F11A51DE900FE9EA2 /* Entitlements.plist in Resources */ = {isa = PBXBuildFile; fileRef = 996C436E11A51DE900FE9EA2 /* Entitlements.plist */; };
		99A442331188394B00885977 /* highScores.m in Sources */ = {isa = PBXBuildFile; fileRef = 99A442321188394B00885977 /* highScores.m */; };
		99A44237118839B700885977 /* ResultsViewController.m in Sources */ = {isa = PBXBuildFile; fileRef = 99A44235118839B700885977 /* ResultsViewController.m */; };
		99A44238118839B700885977 /* ResultsViewController.xib in Resources */ = {isa = PBXBuildFile; fileRef = 99A44236118839B700885977 /* ResultsViewController.xib */; };
		99A48E83117A409600477BD2 /* Speaking.m in Sources */ = {isa = PBXBuildFile; fileRef = 99A48E82117A409600477BD2 /* Speaking.m */; };
		99A48EBB117A467F00477BD2 /* AppBasic.m in Sources */ = {isa = PBXBuildFile; fileRef = 99A48EBA117A467F00477BD2 /* AppBasic.m */; };
		99AA20B9118AFB6A00DBA3F8 /* DoneDown.png in Resources */ = {isa = PBXBuildFile; fileRef = 99AA20B5118AFB6A00DBA3F8 /* DoneDown.png */; };
		99AA20BA118AFB6A00DBA3F8 /* DoneDown3.png in Resources */ = {isa = PBXBuildFile; fileRef = 99AA20B6118AFB6A00DBA3F8 /* DoneDown3.png */; };
		99AA20BB118AFB6A00DBA3F8 /* DoneUp.png in Resources */ = {isa = PBXBuildFile; fileRef = 99AA20B7118AFB6A00DBA3F8 /* DoneUp.png */; };
		99AA20BC118AFB6A00DBA3F8 /* DoneUp3.png in Resources */ = {isa = PBXBuildFile; fileRef = 99AA20B8118AFB6A00DBA3F8 /* DoneUp3.png */; };
		99AAB36C11A05912006FB09B /* action-normal.png in Resources */ = {isa = PBXBuildFile; fileRef = 99AAB36A11A05912006FB09B /* action-normal.png */; };
		99AAB36D11A05912006FB09B /* action-pressed.png in Resources */ = {isa = PBXBuildFile; fileRef = 99AAB36B11A05912006FB09B /* action-pressed.png */; };
		99BC855B11BEA0210070EB66 /* QuartzCore.framework in Frameworks */ = {isa = PBXBuildFile; fileRef = 99BC855A11BEA0210070EB66 /* QuartzCore.framework */; };
		99BC856211BEA0740070EB66 /* NumberKeypadModController.m in Sources */ = {isa = PBXBuildFile; fileRef = 99BC856111BEA0740070EB66 /* NumberKeypadModController.m */; };
		99BD13E911CFA616006C910A /* RoundRectView.m in Sources */ = {isa = PBXBuildFile; fileRef = 99BD13E811CFA616006C910A /* RoundRectView.m */; };
		99C0F5731189926B0038EB7A /* AnswersViewController.m in Sources */ = {isa = PBXBuildFile; fileRef = 99C0F5711189926B0038EB7A /* AnswersViewController.m */; };
		99C0F5741189926B0038EB7A /* AnswersViewController.xib in Resources */ = {isa = PBXBuildFile; fileRef = 99C0F5721189926B0038EB7A /* AnswersViewController.xib */; };
		99D9DD281192EBC0008C0533 /* TableSelectViewController.m in Sources */ = {isa = PBXBuildFile; fileRef = 99D9DD261192EBC0008C0533 /* TableSelectViewController.m */; };
		99D9DD291192EBC0008C0533 /* TableSelectViewController.xib in Resources */ = {isa = PBXBuildFile; fileRef = 99D9DD271192EBC0008C0533 /* TableSelectViewController.xib */; };
		99E56ABF1164A67300810341 /* AudioToolbox.framework in Frameworks */ = {isa = PBXBuildFile; fileRef = 99E56ABE1164A67300810341 /* AudioToolbox.framework */; };
		99E72A1711C3F6140061ABA1 /* Preloader.m in Sources */ = {isa = PBXBuildFile; fileRef = 99E72A1611C3F6140061ABA1 /* Preloader.m */; };
		99E72A9111C413700061ABA1 /* icon 7.png in Resources */ = {isa = PBXBuildFile; fileRef = 99E72A9011C413700061ABA1 /* icon 7.png */; };
		99F0A4DB119AE2830020D289 /* AVFoundation.framework in Frameworks */ = {isa = PBXBuildFile; fileRef = 99F0A4DA119AE2830020D289 /* AVFoundation.framework */; };
		99F55F8C11C2EC7E00C7A5D4 /* high score.png in Resources */ = {isa = PBXBuildFile; fileRef = 99F55F8611C2EC7E00C7A5D4 /* high score.png */; };
		99F55F8D11C2EC7E00C7A5D4 /* learn.png in Resources */ = {isa = PBXBuildFile; fileRef = 99F55F8711C2EC7E00C7A5D4 /* learn.png */; };
		99F55F8E11C2EC7E00C7A5D4 /* menu.png in Resources */ = {isa = PBXBuildFile; fileRef = 99F55F8811C2EC7E00C7A5D4 /* menu.png */; };
		99F55F8F11C2EC7E00C7A5D4 /* results.png in Resources */ = {isa = PBXBuildFile; fileRef = 99F55F8911C2EC7E00C7A5D4 /* results.png */; };
		99F55F9011C2EC7E00C7A5D4 /* table.png in Resources */ = {isa = PBXBuildFile; fileRef = 99F55F8A11C2EC7E00C7A5D4 /* table.png */; };
		99F55F9111C2EC7E00C7A5D4 /* test.png in Resources */ = {isa = PBXBuildFile; fileRef = 99F55F8B11C2EC7E00C7A5D4 /* test.png */; };
		99F55FBB11C3002B00C7A5D4 /* row1.png in Resources */ = {isa = PBXBuildFile; fileRef = 99F55FB911C3002B00C7A5D4 /* row1.png */; };
		99F55FBC11C3002B00C7A5D4 /* row2.png in Resources */ = {isa = PBXBuildFile; fileRef = 99F55FBA11C3002B00C7A5D4 /* row2.png */; };
/* End PBXBuildFile section */

/* Begin PBXFileReference section */
		1D30AB110D05D00D00671497 /* Foundation.framework */ = {isa = PBXFileReference; lastKnownFileType = wrapper.framework; name = Foundation.framework; path = System/Library/Frameworks/Foundation.framework; sourceTree = SDKROOT; };
		1D3623240D0F684500981E51 /* SpeakTimesTableAppDelegate.h */ = {isa = PBXFileReference; fileEncoding = 4; lastKnownFileType = sourcecode.c.h; path = SpeakTimesTableAppDelegate.h; sourceTree = "<group>"; };
		1D3623250D0F684500981E51 /* SpeakTimesTableAppDelegate.m */ = {isa = PBXFileReference; fileEncoding = 4; lastKnownFileType = sourcecode.c.objc; path = SpeakTimesTableAppDelegate.m; sourceTree = "<group>"; };
		1D6058910D05DD3D006BFB54 /* Speaking Times Tables.app */ = {isa = PBXFileReference; explicitFileType = wrapper.application; includeInIndex = 0; path = "Speaking Times Tables.app"; sourceTree = BUILT_PRODUCTS_DIR; };
		1DF5F4DF0D08C38300B7A737 /* UIKit.framework */ = {isa = PBXFileReference; lastKnownFileType = wrapper.framework; name = UIKit.framework; path = System/Library/Frameworks/UIKit.framework; sourceTree = SDKROOT; };
		2892E40F0DC94CBA00A64D0F /* CoreGraphics.framework */ = {isa = PBXFileReference; lastKnownFileType = wrapper.framework; name = CoreGraphics.framework; path = System/Library/Frameworks/CoreGraphics.framework; sourceTree = SDKROOT; };
		28A0AAE50D9B0CCF005BE974 /* SpeakTimesTable_Prefix.pch */ = {isa = PBXFileReference; fileEncoding = 4; lastKnownFileType = sourcecode.c.h; path = SpeakTimesTable_Prefix.pch; sourceTree = "<group>"; };
		28AD735F0D9D9599002E5188 /* MainWindow.xib */ = {isa = PBXFileReference; lastKnownFileType = file.xib; name = MainWindow.xib; path = ../MainWindow.xib; sourceTree = "<group>"; };
		28C286DF0D94DF7D0034E888 /* RootViewController.h */ = {isa = PBXFileReference; fileEncoding = 4; lastKnownFileType = sourcecode.c.h; path = RootViewController.h; sourceTree = "<group>"; };
		28C286E00D94DF7D0034E888 /* RootViewController.m */ = {isa = PBXFileReference; fileEncoding = 4; lastKnownFileType = sourcecode.c.objc; path = RootViewController.m; sourceTree = "<group>"; };
		28F335F01007B36200424DE2 /* RootViewController.xib */ = {isa = PBXFileReference; lastKnownFileType = file.xib; name = RootViewController.xib; path = ../RootViewController.xib; sourceTree = "<group>"; };
		29B97316FDCFA39411CA2CEA /* main.m */ = {isa = PBXFileReference; fileEncoding = 4; lastKnownFileType = sourcecode.c.objc; path = main.m; sourceTree = "<group>"; };
		8D1107310486CEB800E47090 /* SpeakTimesTable-Info.plist */ = {isa = PBXFileReference; fileEncoding = 4; lastKnownFileType = text.plist.xml; path = "SpeakTimesTable-Info.plist"; plistStructureDefinitionIdentifier = "com.apple.xcode.plist.structure-definition.iphone.info-plist"; sourceTree = "<group>"; };
		9903298011E092C70083E7A4 /* LargeCrowdApplauseE.mp3 */ = {isa = PBXFileReference; lastKnownFileType = audio.mp3; path = LargeCrowdApplauseE.mp3; sourceTree = "<group>"; };
		9903298211E092E40083E7A4 /* male-1.mp3 */ = {isa = PBXFileReference; lastKnownFileType = audio.mp3; path = "male-1.mp3"; sourceTree = "<group>"; };
		9903298311E092E40083E7A4 /* male-2.mp3 */ = {isa = PBXFileReference; lastKnownFileType = audio.mp3; path = "male-2.mp3"; sourceTree = "<group>"; };
		9903298411E092E40083E7A4 /* male-3.mp3 */ = {isa = PBXFileReference; lastKnownFileType = audio.mp3; path = "male-3.mp3"; sourceTree = "<group>"; };
		9903298511E092E40083E7A4 /* male-4.mp3 */ = {isa = PBXFileReference; lastKnownFileType = audio.mp3; path = "male-4.mp3"; sourceTree = "<group>"; };
		9903298611E092E40083E7A4 /* male-5.mp3 */ = {isa = PBXFileReference; lastKnownFileType = audio.mp3; path = "male-5.mp3"; sourceTree = "<group>"; };
		9903298711E092E40083E7A4 /* male-6.mp3 */ = {isa = PBXFileReference; lastKnownFileType = audio.mp3; path = "male-6.mp3"; sourceTree = "<group>"; };
		9903298811E092E40083E7A4 /* male-7.mp3 */ = {isa = PBXFileReference; lastKnownFileType = audio.mp3; path = "male-7.mp3"; sourceTree = "<group>"; };
		9903298911E092E40083E7A4 /* male-8.mp3 */ = {isa = PBXFileReference; lastKnownFileType = audio.mp3; path = "male-8.mp3"; sourceTree = "<group>"; };
		9903298A11E092E40083E7A4 /* male-9.mp3 */ = {isa = PBXFileReference; lastKnownFileType = audio.mp3; path = "male-9.mp3"; sourceTree = "<group>"; };
		9903298B11E092E40083E7A4 /* male-10.mp3 */ = {isa = PBXFileReference; lastKnownFileType = audio.mp3; path = "male-10.mp3"; sourceTree = "<group>"; };
		9903298C11E092E40083E7A4 /* male-11.mp3 */ = {isa = PBXFileReference; lastKnownFileType = audio.mp3; path = "male-11.mp3"; sourceTree = "<group>"; };
		9903298D11E092E40083E7A4 /* male-12.mp3 */ = {isa = PBXFileReference; lastKnownFileType = audio.mp3; path = "male-12.mp3"; sourceTree = "<group>"; };
		9903298E11E092E40083E7A4 /* male-13.mp3 */ = {isa = PBXFileReference; lastKnownFileType = audio.mp3; path = "male-13.mp3"; sourceTree = "<group>"; };
		9903298F11E092E40083E7A4 /* male-14.mp3 */ = {isa = PBXFileReference; lastKnownFileType = audio.mp3; path = "male-14.mp3"; sourceTree = "<group>"; };
		9903299011E092E40083E7A4 /* male-15.mp3 */ = {isa = PBXFileReference; lastKnownFileType = audio.mp3; path = "male-15.mp3"; sourceTree = "<group>"; };
		9903299111E092E40083E7A4 /* male-16.mp3 */ = {isa = PBXFileReference; lastKnownFileType = audio.mp3; path = "male-16.mp3"; sourceTree = "<group>"; };
		9903299211E092E40083E7A4 /* male-17.mp3 */ = {isa = PBXFileReference; lastKnownFileType = audio.mp3; path = "male-17.mp3"; sourceTree = "<group>"; };
		9903299311E092E40083E7A4 /* male-18.mp3 */ = {isa = PBXFileReference; lastKnownFileType = audio.mp3; path = "male-18.mp3"; sourceTree = "<group>"; };
		9903299411E092E40083E7A4 /* male-19.mp3 */ = {isa = PBXFileReference; lastKnownFileType = audio.mp3; path = "male-19.mp3"; sourceTree = "<group>"; };
		9903299511E092E40083E7A4 /* male-20.mp3 */ = {isa = PBXFileReference; lastKnownFileType = audio.mp3; path = "male-20.mp3"; sourceTree = "<group>"; };
		9903299611E092E40083E7A4 /* male-30.mp3 */ = {isa = PBXFileReference; lastKnownFileType = audio.mp3; path = "male-30.mp3"; sourceTree = "<group>"; };
		9903299711E092E40083E7A4 /* male-40.mp3 */ = {isa = PBXFileReference; lastKnownFileType = audio.mp3; path = "male-40.mp3"; sourceTree = "<group>"; };
		9903299811E092E40083E7A4 /* male-50.mp3 */ = {isa = PBXFileReference; lastKnownFileType = audio.mp3; path = "male-50.mp3"; sourceTree = "<group>"; };
		9903299911E092E40083E7A4 /* male-60.mp3 */ = {isa = PBXFileReference; lastKnownFileType = audio.mp3; path = "male-60.mp3"; sourceTree = "<group>"; };
		9903299A11E092E40083E7A4 /* male-70.mp3 */ = {isa = PBXFileReference; lastKnownFileType = audio.mp3; path = "male-70.mp3"; sourceTree = "<group>"; };
		9903299B11E092E40083E7A4 /* male-80.mp3 */ = {isa = PBXFileReference; lastKnownFileType = audio.mp3; path = "male-80.mp3"; sourceTree = "<group>"; };
		9903299C11E092E40083E7A4 /* male-90.mp3 */ = {isa = PBXFileReference; lastKnownFileType = audio.mp3; path = "male-90.mp3"; sourceTree = "<group>"; };
		9903299D11E092E40083E7A4 /* male-and.mp3 */ = {isa = PBXFileReference; lastKnownFileType = audio.mp3; path = "male-and.mp3"; sourceTree = "<group>"; };
		9903299E11E092E40083E7A4 /* male-equals.mp3 */ = {isa = PBXFileReference; lastKnownFileType = audio.mp3; path = "male-equals.mp3"; sourceTree = "<group>"; };
		9903299F11E092E40083E7A4 /* male-hundred.mp3 */ = {isa = PBXFileReference; lastKnownFileType = audio.mp3; path = "male-hundred.mp3"; sourceTree = "<group>"; };
		990329A011E092E40083E7A4 /* male-table.mp3 */ = {isa = PBXFileReference; lastKnownFileType = audio.mp3; path = "male-table.mp3"; sourceTree = "<group>"; };
		990329A111E092E40083E7A4 /* male-the.mp3 */ = {isa = PBXFileReference; lastKnownFileType = audio.mp3; path = "male-the.mp3"; sourceTree = "<group>"; };
		990329A211E092E40083E7A4 /* male-thousand.mp3 */ = {isa = PBXFileReference; lastKnownFileType = audio.mp3; path = "male-thousand.mp3"; sourceTree = "<group>"; };
		990329A311E092E40083E7A4 /* male-times.mp3 */ = {isa = PBXFileReference; lastKnownFileType = audio.mp3; path = "male-times.mp3"; sourceTree = "<group>"; };
		99032AF911E092FE0083E7A4 /* female-1.mp3 */ = {isa = PBXFileReference; lastKnownFileType = audio.mp3; path = "female-1.mp3"; sourceTree = "<group>"; };
		99032AFA11E092FE0083E7A4 /* female-2.mp3 */ = {isa = PBXFileReference; lastKnownFileType = audio.mp3; path = "female-2.mp3"; sourceTree = "<group>"; };
		99032AFB11E092FE0083E7A4 /* female-3.mp3 */ = {isa = PBXFileReference; lastKnownFileType = audio.mp3; path = "female-3.mp3"; sourceTree = "<group>"; };
		99032AFC11E092FE0083E7A4 /* female-4.mp3 */ = {isa = PBXFileReference; lastKnownFileType = audio.mp3; path = "female-4.mp3"; sourceTree = "<group>"; };
		99032AFD11E092FE0083E7A4 /* female-5.mp3 */ = {isa = PBXFileReference; lastKnownFileType = audio.mp3; path = "female-5.mp3"; sourceTree = "<group>"; };
		99032AFE11E092FE0083E7A4 /* female-6.mp3 */ = {isa = PBXFileReference; lastKnownFileType = audio.mp3; path = "female-6.mp3"; sourceTree = "<group>"; };
		99032AFF11E092FE0083E7A4 /* female-7.mp3 */ = {isa = PBXFileReference; lastKnownFileType = audio.mp3; path = "female-7.mp3"; sourceTree = "<group>"; };
		99032B0011E092FE0083E7A4 /* female-8.mp3 */ = {isa = PBXFileReference; lastKnownFileType = audio.mp3; path = "female-8.mp3"; sourceTree = "<group>"; };
		99032B0111E092FE0083E7A4 /* female-9.mp3 */ = {isa = PBXFileReference; lastKnownFileType = audio.mp3; path = "female-9.mp3"; sourceTree = "<group>"; };
		99032B0211E092FE0083E7A4 /* female-10.mp3 */ = {isa = PBXFileReference; lastKnownFileType = audio.mp3; path = "female-10.mp3"; sourceTree = "<group>"; };
		99032B0311E092FE0083E7A4 /* female-11.mp3 */ = {isa = PBXFileReference; lastKnownFileType = audio.mp3; path = "female-11.mp3"; sourceTree = "<group>"; };
		99032B0411E092FE0083E7A4 /* female-12.mp3 */ = {isa = PBXFileReference; lastKnownFileType = audio.mp3; path = "female-12.mp3"; sourceTree = "<group>"; };
		99032B0511E092FE0083E7A4 /* female-13.mp3 */ = {isa = PBXFileReference; lastKnownFileType = audio.mp3; path = "female-13.mp3"; sourceTree = "<group>"; };
		99032B0611E092FE0083E7A4 /* female-14.mp3 */ = {isa = PBXFileReference; lastKnownFileType = audio.mp3; path = "female-14.mp3"; sourceTree = "<group>"; };
		99032B0711E092FE0083E7A4 /* female-15.mp3 */ = {isa = PBXFileReference; lastKnownFileType = audio.mp3; path = "female-15.mp3"; sourceTree = "<group>"; };
		99032B0811E092FE0083E7A4 /* female-16.mp3 */ = {isa = PBXFileReference; lastKnownFileType = audio.mp3; path = "female-16.mp3"; sourceTree = "<group>"; };
		99032B0911E092FE0083E7A4 /* female-17.mp3 */ = {isa = PBXFileReference; lastKnownFileType = audio.mp3; path = "female-17.mp3"; sourceTree = "<group>"; };
		99032B0A11E092FE0083E7A4 /* female-18.mp3 */ = {isa = PBXFileReference; lastKnownFileType = audio.mp3; path = "female-18.mp3"; sourceTree = "<group>"; };
		99032B0B11E092FE0083E7A4 /* female-19.mp3 */ = {isa = PBXFileReference; lastKnownFileType = audio.mp3; path = "female-19.mp3"; sourceTree = "<group>"; };
		99032B0C11E092FE0083E7A4 /* female-20.mp3 */ = {isa = PBXFileReference; lastKnownFileType = audio.mp3; path = "female-20.mp3"; sourceTree = "<group>"; };
		99032B0D11E092FE0083E7A4 /* female-30.mp3 */ = {isa = PBXFileReference; lastKnownFileType = audio.mp3; path = "female-30.mp3"; sourceTree = "<group>"; };
		99032B0E11E092FE0083E7A4 /* female-40.mp3 */ = {isa = PBXFileReference; lastKnownFileType = audio.mp3; path = "female-40.mp3"; sourceTree = "<group>"; };
		99032B0F11E092FE0083E7A4 /* female-50.mp3 */ = {isa = PBXFileReference; lastKnownFileType = audio.mp3; path = "female-50.mp3"; sourceTree = "<group>"; };
		99032B1011E092FE0083E7A4 /* female-60.mp3 */ = {isa = PBXFileReference; lastKnownFileType = audio.mp3; path = "female-60.mp3"; sourceTree = "<group>"; };
		99032B1111E092FE0083E7A4 /* female-70.mp3 */ = {isa = PBXFileReference; lastKnownFileType = audio.mp3; path = "female-70.mp3"; sourceTree = "<group>"; };
		99032B1211E092FE0083E7A4 /* female-80.mp3 */ = {isa = PBXFileReference; lastKnownFileType = audio.mp3; path = "female-80.mp3"; sourceTree = "<group>"; };
		99032B1311E092FE0083E7A4 /* female-90.mp3 */ = {isa = PBXFileReference; lastKnownFileType = audio.mp3; path = "female-90.mp3"; sourceTree = "<group>"; };
		99032B1411E092FE0083E7A4 /* female-and.mp3 */ = {isa = PBXFileReference; lastKnownFileType = audio.mp3; path = "female-and.mp3"; sourceTree = "<group>"; };
		99032B1511E092FE0083E7A4 /* female-equals.mp3 */ = {isa = PBXFileReference; lastKnownFileType = audio.mp3; path = "female-equals.mp3"; sourceTree = "<group>"; };
		99032B1611E092FE0083E7A4 /* female-hundred.mp3 */ = {isa = PBXFileReference; lastKnownFileType = audio.mp3; path = "female-hundred.mp3"; sourceTree = "<group>"; };
		99032B1711E092FE0083E7A4 /* female-table.mp3 */ = {isa = PBXFileReference; lastKnownFileType = audio.mp3; path = "female-table.mp3"; sourceTree = "<group>"; };
		99032B1811E092FE0083E7A4 /* female-the.mp3 */ = {isa = PBXFileReference; lastKnownFileType = audio.mp3; path = "female-the.mp3"; sourceTree = "<group>"; };
		99032B1911E092FE0083E7A4 /* female-thousand.mp3 */ = {isa = PBXFileReference; lastKnownFileType = audio.mp3; path = "female-thousand.mp3"; sourceTree = "<group>"; };
		99032B1A11E092FE0083E7A4 /* female-times.mp3 */ = {isa = PBXFileReference; lastKnownFileType = audio.mp3; path = "female-times.mp3"; sourceTree = "<group>"; };
		9918D93011A143D400529752 /* action-normal-blue.png */ = {isa = PBXFileReference; lastKnownFileType = image.png; path = "action-normal-blue.png"; sourceTree = "<group>"; };
		9918D93111A143D400529752 /* action-normal-green.png */ = {isa = PBXFileReference; lastKnownFileType = image.png; path = "action-normal-green.png"; sourceTree = "<group>"; };
		9918D93211A143D400529752 /* action-normal-red.png */ = {isa = PBXFileReference; lastKnownFileType = image.png; path = "action-normal-red.png"; sourceTree = "<group>"; };
		9918D93311A143D400529752 /* action-normal-yellow.png */ = {isa = PBXFileReference; lastKnownFileType = image.png; path = "action-normal-yellow.png"; sourceTree = "<group>"; };
		9918D93411A143D400529752 /* action-pressed-blue.png */ = {isa = PBXFileReference; lastKnownFileType = image.png; path = "action-pressed-blue.png"; sourceTree = "<group>"; };
		9918D93511A143D400529752 /* action-pressed-green.png */ = {isa = PBXFileReference; lastKnownFileType = image.png; path = "action-pressed-green.png"; sourceTree = "<group>"; };
		9918D93611A143D400529752 /* action-pressed-red.png */ = {isa = PBXFileReference; lastKnownFileType = image.png; path = "action-pressed-red.png"; sourceTree = "<group>"; };
		9918D93711A143D400529752 /* action-pressed-yellow.png */ = {isa = PBXFileReference; lastKnownFileType = image.png; path = "action-pressed-yellow.png"; sourceTree = "<group>"; };
		992507851163624B00148AF8 /* LearnViewController.h */ = {isa = PBXFileReference; fileEncoding = 4; lastKnownFileType = sourcecode.c.h; path = LearnViewController.h; sourceTree = "<group>"; };
		992507861163624B00148AF8 /* LearnViewController.m */ = {isa = PBXFileReference; fileEncoding = 4; lastKnownFileType = sourcecode.c.objc; path = LearnViewController.m; sourceTree = "<group>"; };
		992507871163624B00148AF8 /* LearnView.xib */ = {isa = PBXFileReference; lastKnownFileType = file.xib; path = LearnView.xib; sourceTree = "<group>"; };
		9925078A1163626800148AF8 /* TestViewController.h */ = {isa = PBXFileReference; fileEncoding = 4; lastKnownFileType = sourcecode.c.h; path = TestViewController.h; sourceTree = "<group>"; };
		9925078B1163626800148AF8 /* TestViewController.m */ = {isa = PBXFileReference; fileEncoding = 4; lastKnownFileType = sourcecode.c.objc; path = TestViewController.m; sourceTree = "<group>"; };
		9925078C1163626800148AF8 /* TestView.xib */ = {isa = PBXFileReference; lastKnownFileType = file.xib; path = TestView.xib; sourceTree = "<group>"; };
		9934A66D11BF945400CDDC41 /* InfoViewController.h */ = {isa = PBXFileReference; fileEncoding = 4; lastKnownFileType = sourcecode.c.h; path = InfoViewController.h; sourceTree = "<group>"; };
		9934A66E11BF945400CDDC41 /* InfoViewController.m */ = {isa = PBXFileReference; fileEncoding = 4; lastKnownFileType = sourcecode.c.objc; path = InfoViewController.m; sourceTree = "<group>"; };
		9934A66F11BF945400CDDC41 /* InfoViewController.xib */ = {isa = PBXFileReference; lastKnownFileType = file.xib; path = InfoViewController.xib; sourceTree = "<group>"; };
		9934A7CF11BFC94600CDDC41 /* credits.txt */ = {isa = PBXFileReference; fileEncoding = 4; lastKnownFileType = text; path = credits.txt; sourceTree = "<group>"; };
		9934A7DD11BFCA4000CDDC41 /* helptext.txt */ = {isa = PBXFileReference; fileEncoding = 4; lastKnownFileType = text; path = helptext.txt; sourceTree = "<group>"; };
		9936450714B24E1C0080B212 /* Prefs.h */ = {isa = PBXFileReference; fileEncoding = 4; lastKnownFileType = sourcecode.c.h; path = Prefs.h; sourceTree = "<group>"; };
		9936450814B24E1C0080B212 /* Prefs.m */ = {isa = PBXFileReference; fileEncoding = 4; lastKnownFileType = sourcecode.c.objc; path = Prefs.m; sourceTree = "<group>"; };
		9948AA421164AC8D00308C21 /* SoundEffect.h */ = {isa = PBXFileReference; fileEncoding = 4; lastKnownFileType = sourcecode.c.h; path = SoundEffect.h; sourceTree = "<group>"; };
		9948AA431164AC8D00308C21 /* SoundEffect.m */ = {isa = PBXFileReference; fileEncoding = 4; lastKnownFileType = sourcecode.c.objc; path = SoundEffect.m; sourceTree = "<group>"; };
		9948AA4D1164ACEB00308C21 /* Constants.h */ = {isa = PBXFileReference; fileEncoding = 4; lastKnownFileType = sourcecode.c.h; path = Constants.h; sourceTree = "<group>"; };
		9948AA4E1164ACEB00308C21 /* Constants.m */ = {isa = PBXFileReference; fileEncoding = 4; lastKnownFileType = sourcecode.c.objc; path = Constants.m; sourceTree = "<group>"; };
		995469B01394012000C0727D /* feedbackViewController.m */ = {isa = PBXFileReference; fileEncoding = 4; lastKnownFileType = sourcecode.c.objc; path = feedbackViewController.m; sourceTree = "<group>"; };
		995469B11394012000C0727D /* feedbackViewController.h */ = {isa = PBXFileReference; fileEncoding = 4; lastKnownFileType = sourcecode.c.h; path = feedbackViewController.h; sourceTree = "<group>"; };
		995469B21394012000C0727D /* feedbackView.xib */ = {isa = PBXFileReference; fileEncoding = 4; lastKnownFileType = file.xib; path = feedbackView.xib; sourceTree = "<group>"; };
		995B97E611A40CCB000BC130 /* Appirater.h */ = {isa = PBXFileReference; fileEncoding = 4; lastKnownFileType = sourcecode.c.h; path = Appirater.h; sourceTree = "<group>"; };
		995B97E711A40CCB000BC130 /* Appirater.m */ = {isa = PBXFileReference; fileEncoding = 4; lastKnownFileType = sourcecode.c.objc; path = Appirater.m; sourceTree = "<group>"; };
		995B97FB11A40E1E000BC130 /* CFNetwork.framework */ = {isa = PBXFileReference; lastKnownFileType = wrapper.framework; name = CFNetwork.framework; path = System/Library/Frameworks/CFNetwork.framework; sourceTree = SDKROOT; };
		995B980111A40E7E000BC130 /* SystemConfiguration.framework */ = {isa = PBXFileReference; lastKnownFileType = wrapper.framework; name = SystemConfiguration.framework; path = System/Library/Frameworks/SystemConfiguration.framework; sourceTree = SDKROOT; };
		995B981111A41754000BC130 /* libsqlite3.0.dylib */ = {isa = PBXFileReference; lastKnownFileType = "compiled.mach-o.dylib"; name = libsqlite3.0.dylib; path = usr/lib/libsqlite3.0.dylib; sourceTree = SDKROOT; };
		996C436E11A51DE900FE9EA2 /* Entitlements.plist */ = {isa = PBXFileReference; fileEncoding = 4; lastKnownFileType = text.plist.xml; path = Entitlements.plist; sourceTree = "<group>"; };
		99A442311188394B00885977 /* highScores.h */ = {isa = PBXFileReference; fileEncoding = 4; lastKnownFileType = sourcecode.c.h; path = highScores.h; sourceTree = "<group>"; };
		99A442321188394B00885977 /* highScores.m */ = {isa = PBXFileReference; fileEncoding = 4; lastKnownFileType = sourcecode.c.objc; path = highScores.m; sourceTree = "<group>"; };
		99A44234118839B700885977 /* ResultsViewController.h */ = {isa = PBXFileReference; fileEncoding = 4; lastKnownFileType = sourcecode.c.h; path = ResultsViewController.h; sourceTree = "<group>"; };
		99A44235118839B700885977 /* ResultsViewController.m */ = {isa = PBXFileReference; fileEncoding = 4; lastKnownFileType = sourcecode.c.objc; path = ResultsViewController.m; sourceTree = "<group>"; };
		99A44236118839B700885977 /* ResultsViewController.xib */ = {isa = PBXFileReference; lastKnownFileType = file.xib; path = ResultsViewController.xib; sourceTree = "<group>"; };
		99A48E81117A409600477BD2 /* Speaking.h */ = {isa = PBXFileReference; fileEncoding = 4; lastKnownFileType = sourcecode.c.h; path = Speaking.h; sourceTree = "<group>"; };
		99A48E82117A409600477BD2 /* Speaking.m */ = {isa = PBXFileReference; fileEncoding = 4; lastKnownFileType = sourcecode.c.objc; path = Speaking.m; sourceTree = "<group>"; };
		99A48EB9117A467F00477BD2 /* AppBasic.h */ = {isa = PBXFileReference; fileEncoding = 4; lastKnownFileType = sourcecode.c.h; path = AppBasic.h; sourceTree = "<group>"; };
		99A48EBA117A467F00477BD2 /* AppBasic.m */ = {isa = PBXFileReference; fileEncoding = 4; lastKnownFileType = sourcecode.c.objc; path = AppBasic.m; sourceTree = "<group>"; };
		99AA20B5118AFB6A00DBA3F8 /* DoneDown.png */ = {isa = PBXFileReference; lastKnownFileType = image.png; path = DoneDown.png; sourceTree = "<group>"; };
		99AA20B6118AFB6A00DBA3F8 /* DoneDown3.png */ = {isa = PBXFileReference; lastKnownFileType = image.png; path = DoneDown3.png; sourceTree = "<group>"; };
		99AA20B7118AFB6A00DBA3F8 /* DoneUp.png */ = {isa = PBXFileReference; lastKnownFileType = image.png; path = DoneUp.png; sourceTree = "<group>"; };
		99AA20B8118AFB6A00DBA3F8 /* DoneUp3.png */ = {isa = PBXFileReference; lastKnownFileType = image.png; path = DoneUp3.png; sourceTree = "<group>"; };
		99AAB36A11A05912006FB09B /* action-normal.png */ = {isa = PBXFileReference; lastKnownFileType = image.png; path = "action-normal.png"; sourceTree = "<group>"; };
		99AAB36B11A05912006FB09B /* action-pressed.png */ = {isa = PBXFileReference; lastKnownFileType = image.png; path = "action-pressed.png"; sourceTree = "<group>"; };
		99BC855A11BEA0210070EB66 /* QuartzCore.framework */ = {isa = PBXFileReference; lastKnownFileType = wrapper.framework; name = QuartzCore.framework; path = System/Library/Frameworks/QuartzCore.framework; sourceTree = SDKROOT; };
		99BC856011BEA0740070EB66 /* NumberKeypadModController.h */ = {isa = PBXFileReference; fileEncoding = 4; lastKnownFileType = sourcecode.c.h; path = NumberKeypadModController.h; sourceTree = "<group>"; };
		99BC856111BEA0740070EB66 /* NumberKeypadModController.m */ = {isa = PBXFileReference; fileEncoding = 4; lastKnownFileType = sourcecode.c.objc; path = NumberKeypadModController.m; sourceTree = "<group>"; };
		99BD13E711CFA616006C910A /* RoundRectView.h */ = {isa = PBXFileReference; fileEncoding = 4; lastKnownFileType = sourcecode.c.h; path = RoundRectView.h; sourceTree = "<group>"; };
		99BD13E811CFA616006C910A /* RoundRectView.m */ = {isa = PBXFileReference; fileEncoding = 4; lastKnownFileType = sourcecode.c.objc; path = RoundRectView.m; sourceTree = "<group>"; };
		99C0F5701189926B0038EB7A /* AnswersViewController.h */ = {isa = PBXFileReference; fileEncoding = 4; lastKnownFileType = sourcecode.c.h; path = AnswersViewController.h; sourceTree = "<group>"; };
		99C0F5711189926B0038EB7A /* AnswersViewController.m */ = {isa = PBXFileReference; fileEncoding = 4; lastKnownFileType = sourcecode.c.objc; path = AnswersViewController.m; sourceTree = "<group>"; };
		99C0F5721189926B0038EB7A /* AnswersViewController.xib */ = {isa = PBXFileReference; lastKnownFileType = file.xib; path = AnswersViewController.xib; sourceTree = "<group>"; };
		99D9DD251192EBC0008C0533 /* TableSelectViewController.h */ = {isa = PBXFileReference; fileEncoding = 4; lastKnownFileType = sourcecode.c.h; path = TableSelectViewController.h; sourceTree = "<group>"; };
		99D9DD261192EBC0008C0533 /* TableSelectViewController.m */ = {isa = PBXFileReference; fileEncoding = 4; lastKnownFileType = sourcecode.c.objc; path = TableSelectViewController.m; sourceTree = "<group>"; };
		99D9DD271192EBC0008C0533 /* TableSelectViewController.xib */ = {isa = PBXFileReference; lastKnownFileType = file.xib; path = TableSelectViewController.xib; sourceTree = "<group>"; };
		99E56ABE1164A67300810341 /* AudioToolbox.framework */ = {isa = PBXFileReference; lastKnownFileType = wrapper.framework; name = AudioToolbox.framework; path = System/Library/Frameworks/AudioToolbox.framework; sourceTree = SDKROOT; };
		99E72A1511C3F6140061ABA1 /* Preloader.h */ = {isa = PBXFileReference; fileEncoding = 4; lastKnownFileType = sourcecode.c.h; path = Preloader.h; sourceTree = "<group>"; };
		99E72A1611C3F6140061ABA1 /* Preloader.m */ = {isa = PBXFileReference; fileEncoding = 4; lastKnownFileType = sourcecode.c.objc; path = Preloader.m; sourceTree = "<group>"; };
		99E72A9011C413700061ABA1 /* icon 7.png */ = {isa = PBXFileReference; lastKnownFileType = image.png; path = "icon 7.png"; sourceTree = "<group>"; };
		99F0A4DA119AE2830020D289 /* AVFoundation.framework */ = {isa = PBXFileReference; lastKnownFileType = wrapper.framework; name = AVFoundation.framework; path = System/Library/Frameworks/AVFoundation.framework; sourceTree = SDKROOT; };
		99F55F8611C2EC7E00C7A5D4 /* high score.png */ = {isa = PBXFileReference; lastKnownFileType = image.png; path = "high score.png"; sourceTree = "<group>"; };
		99F55F8711C2EC7E00C7A5D4 /* learn.png */ = {isa = PBXFileReference; lastKnownFileType = image.png; path = learn.png; sourceTree = "<group>"; };
		99F55F8811C2EC7E00C7A5D4 /* menu.png */ = {isa = PBXFileReference; lastKnownFileType = image.png; path = menu.png; sourceTree = "<group>"; };
		99F55F8911C2EC7E00C7A5D4 /* results.png */ = {isa = PBXFileReference; lastKnownFileType = image.png; path = results.png; sourceTree = "<group>"; };
		99F55F8A11C2EC7E00C7A5D4 /* table.png */ = {isa = PBXFileReference; lastKnownFileType = image.png; path = table.png; sourceTree = "<group>"; };
		99F55F8B11C2EC7E00C7A5D4 /* test.png */ = {isa = PBXFileReference; lastKnownFileType = image.png; path = test.png; sourceTree = "<group>"; };
		99F55FB911C3002B00C7A5D4 /* row1.png */ = {isa = PBXFileReference; lastKnownFileType = image.png; path = row1.png; sourceTree = "<group>"; };
		99F55FBA11C3002B00C7A5D4 /* row2.png */ = {isa = PBXFileReference; lastKnownFileType = image.png; path = row2.png; sourceTree = "<group>"; };
/* End PBXFileReference section */

/* Begin PBXFrameworksBuildPhase section */
		1D60588F0D05DD3D006BFB54 /* Frameworks */ = {
			isa = PBXFrameworksBuildPhase;
			buildActionMask = 2147483647;
			files = (
				1D60589F0D05DD5A006BFB54 /* Foundation.framework in Frameworks */,
				1DF5F4E00D08C38300B7A737 /* UIKit.framework in Frameworks */,
				2892E4100DC94CBA00A64D0F /* CoreGraphics.framework in Frameworks */,
				99E56ABF1164A67300810341 /* AudioToolbox.framework in Frameworks */,
				99F0A4DB119AE2830020D289 /* AVFoundation.framework in Frameworks */,
				995B97FC11A40E1E000BC130 /* CFNetwork.framework in Frameworks */,
				995B980211A40E7E000BC130 /* SystemConfiguration.framework in Frameworks */,
				995B981211A41755000BC130 /* libsqlite3.0.dylib in Frameworks */,
				99BC855B11BEA0210070EB66 /* QuartzCore.framework in Frameworks */,
			);
			runOnlyForDeploymentPostprocessing = 0;
		};
/* End PBXFrameworksBuildPhase section */

/* Begin PBXGroup section */
		080E96DDFE201D6D7F000001 /* Classes */ = {
			isa = PBXGroup;
			children = (
				9936450714B24E1C0080B212 /* Prefs.h */,
				9936450814B24E1C0080B212 /* Prefs.m */,
				99BD13E711CFA616006C910A /* RoundRectView.h */,
				99BD13E811CFA616006C910A /* RoundRectView.m */,
				99BC856011BEA0740070EB66 /* NumberKeypadModController.h */,
				99BC856111BEA0740070EB66 /* NumberKeypadModController.m */,
				995B97E611A40CCB000BC130 /* Appirater.h */,
				995B97E711A40CCB000BC130 /* Appirater.m */,
				1D3623240D0F684500981E51 /* SpeakTimesTableAppDelegate.h */,
				1D3623250D0F684500981E51 /* SpeakTimesTableAppDelegate.m */,
				99A44234118839B700885977 /* ResultsViewController.h */,
				99A44235118839B700885977 /* ResultsViewController.m */,
				99A442311188394B00885977 /* highScores.h */,
				99A442321188394B00885977 /* highScores.m */,
				28C286DF0D94DF7D0034E888 /* RootViewController.h */,
				28C286E00D94DF7D0034E888 /* RootViewController.m */,
				992507851163624B00148AF8 /* LearnViewController.h */,
				992507861163624B00148AF8 /* LearnViewController.m */,
				9925078A1163626800148AF8 /* TestViewController.h */,
				9925078B1163626800148AF8 /* TestViewController.m */,
				9948AA421164AC8D00308C21 /* SoundEffect.h */,
				9948AA431164AC8D00308C21 /* SoundEffect.m */,
				99A48E81117A409600477BD2 /* Speaking.h */,
				99A48E82117A409600477BD2 /* Speaking.m */,
				9948AA4D1164ACEB00308C21 /* Constants.h */,
				9948AA4E1164ACEB00308C21 /* Constants.m */,
				99A48EB9117A467F00477BD2 /* AppBasic.h */,
				99A48EBA117A467F00477BD2 /* AppBasic.m */,
				99C0F5701189926B0038EB7A /* AnswersViewController.h */,
				99C0F5711189926B0038EB7A /* AnswersViewController.m */,
				99D9DD251192EBC0008C0533 /* TableSelectViewController.h */,
				99D9DD261192EBC0008C0533 /* TableSelectViewController.m */,
				9934A66D11BF945400CDDC41 /* InfoViewController.h */,
				9934A66E11BF945400CDDC41 /* InfoViewController.m */,
				99E72A1511C3F6140061ABA1 /* Preloader.h */,
				99E72A1611C3F6140061ABA1 /* Preloader.m */,
				995469B01394012000C0727D /* feedbackViewController.m */,
				995469B11394012000C0727D /* feedbackViewController.h */,
			);
			path = Classes;
			sourceTree = "<group>";
		};
		19C28FACFE9D520D11CA2CBB /* Products */ = {
			isa = PBXGroup;
			children = (
				1D6058910D05DD3D006BFB54 /* Speaking Times Tables.app */,
			);
			name = Products;
			sourceTree = "<group>";
		};
		29B97314FDCFA39411CA2CEA /* CustomTemplate */ = {
			isa = PBXGroup;
			children = (
				9934A66811BF93D400CDDC41 /* Nibs */,
				080E96DDFE201D6D7F000001 /* Classes */,
				29B97315FDCFA39411CA2CEA /* Other Sources */,
				29B97317FDCFA39411CA2CEA /* Resources-iPhone */,
				29B97323FDCFA39411CA2CEA /* Frameworks */,
				19C28FACFE9D520D11CA2CBB /* Products */,
			);
			name = CustomTemplate;
			sourceTree = "<group>";
		};
		29B97315FDCFA39411CA2CEA /* Other Sources */ = {
			isa = PBXGroup;
			children = (
				28A0AAE50D9B0CCF005BE974 /* SpeakTimesTable_Prefix.pch */,
				29B97316FDCFA39411CA2CEA /* main.m */,
			);
			name = "Other Sources";
			sourceTree = "<group>";
		};
		29B97317FDCFA39411CA2CEA /* Resources-iPhone */ = {
			isa = PBXGroup;
			children = (
				9903298011E092C70083E7A4 /* LargeCrowdApplauseE.mp3 */,
				99E72A9011C413700061ABA1 /* icon 7.png */,
				99F55FB911C3002B00C7A5D4 /* row1.png */,
				99F55FBA11C3002B00C7A5D4 /* row2.png */,
				99F55F8611C2EC7E00C7A5D4 /* high score.png */,
				99F55F8711C2EC7E00C7A5D4 /* learn.png */,
				99F55F8811C2EC7E00C7A5D4 /* menu.png */,
				99F55F8911C2EC7E00C7A5D4 /* results.png */,
				99F55F8A11C2EC7E00C7A5D4 /* table.png */,
				99F55F8B11C2EC7E00C7A5D4 /* test.png */,
				9934A7DD11BFCA4000CDDC41 /* helptext.txt */,
				9934A7CF11BFC94600CDDC41 /* credits.txt */,
				9918D93011A143D400529752 /* action-normal-blue.png */,
				9918D93111A143D400529752 /* action-normal-green.png */,
				9918D93211A143D400529752 /* action-normal-red.png */,
				9918D93311A143D400529752 /* action-normal-yellow.png */,
				9918D93411A143D400529752 /* action-pressed-blue.png */,
				9918D93511A143D400529752 /* action-pressed-green.png */,
				9918D93611A143D400529752 /* action-pressed-red.png */,
				9918D93711A143D400529752 /* action-pressed-yellow.png */,
				99AAB36A11A05912006FB09B /* action-normal.png */,
				99AAB36B11A05912006FB09B /* action-pressed.png */,
				99AA20B4118AFB4500DBA3F8 /* NumDoneButton */,
				99D309531170E60C001CE3AD /* MaleWavs */,
				99D309521170E5F9001CE3AD /* FemaleWavs */,
				8D1107310486CEB800E47090 /* SpeakTimesTable-Info.plist */,
				996C436E11A51DE900FE9EA2 /* Entitlements.plist */,
			);
			name = "Resources-iPhone";
			sourceTree = "<group>";
		};
		29B97323FDCFA39411CA2CEA /* Frameworks */ = {
			isa = PBXGroup;
			children = (
				995B981111A41754000BC130 /* libsqlite3.0.dylib */,
				995B980111A40E7E000BC130 /* SystemConfiguration.framework */,
				995B97FB11A40E1E000BC130 /* CFNetwork.framework */,
				99F0A4DA119AE2830020D289 /* AVFoundation.framework */,
				99E56ABE1164A67300810341 /* AudioToolbox.framework */,
				1DF5F4DF0D08C38300B7A737 /* UIKit.framework */,
				1D30AB110D05D00D00671497 /* Foundation.framework */,
				2892E40F0DC94CBA00A64D0F /* CoreGraphics.framework */,
				99BC855A11BEA0210070EB66 /* QuartzCore.framework */,
			);
			name = Frameworks;
			sourceTree = "<group>";
		};
		9934A66811BF93D400CDDC41 /* Nibs */ = {
			isa = PBXGroup;
			children = (
				28AD735F0D9D9599002E5188 /* MainWindow.xib */,
				28F335F01007B36200424DE2 /* RootViewController.xib */,
				9925078C1163626800148AF8 /* TestView.xib */,
				992507871163624B00148AF8 /* LearnView.xib */,
				99D9DD271192EBC0008C0533 /* TableSelectViewController.xib */,
				99C0F5721189926B0038EB7A /* AnswersViewController.xib */,
				99A44236118839B700885977 /* ResultsViewController.xib */,
				9934A66F11BF945400CDDC41 /* InfoViewController.xib */,
				995469B21394012000C0727D /* feedbackView.xib */,
			);
			name = Nibs;
			path = Classes;
			sourceTree = "<group>";
		};
		99AA20B4118AFB4500DBA3F8 /* NumDoneButton */ = {
			isa = PBXGroup;
			children = (
				99AA20B5118AFB6A00DBA3F8 /* DoneDown.png */,
				99AA20B6118AFB6A00DBA3F8 /* DoneDown3.png */,
				99AA20B7118AFB6A00DBA3F8 /* DoneUp.png */,
				99AA20B8118AFB6A00DBA3F8 /* DoneUp3.png */,
			);
			name = NumDoneButton;
			sourceTree = "<group>";
		};
		99D309521170E5F9001CE3AD /* FemaleWavs */ = {
			isa = PBXGroup;
			children = (
				99032AF911E092FE0083E7A4 /* female-1.mp3 */,
				99032AFA11E092FE0083E7A4 /* female-2.mp3 */,
				99032AFB11E092FE0083E7A4 /* female-3.mp3 */,
				99032AFC11E092FE0083E7A4 /* female-4.mp3 */,
				99032AFD11E092FE0083E7A4 /* female-5.mp3 */,
				99032AFE11E092FE0083E7A4 /* female-6.mp3 */,
				99032AFF11E092FE0083E7A4 /* female-7.mp3 */,
				99032B0011E092FE0083E7A4 /* female-8.mp3 */,
				99032B0111E092FE0083E7A4 /* female-9.mp3 */,
				99032B0211E092FE0083E7A4 /* female-10.mp3 */,
				99032B0311E092FE0083E7A4 /* female-11.mp3 */,
				99032B0411E092FE0083E7A4 /* female-12.mp3 */,
				99032B0511E092FE0083E7A4 /* female-13.mp3 */,
				99032B0611E092FE0083E7A4 /* female-14.mp3 */,
				99032B0711E092FE0083E7A4 /* female-15.mp3 */,
				99032B0811E092FE0083E7A4 /* female-16.mp3 */,
				99032B0911E092FE0083E7A4 /* female-17.mp3 */,
				99032B0A11E092FE0083E7A4 /* female-18.mp3 */,
				99032B0B11E092FE0083E7A4 /* female-19.mp3 */,
				99032B0C11E092FE0083E7A4 /* female-20.mp3 */,
				99032B0D11E092FE0083E7A4 /* female-30.mp3 */,
				99032B0E11E092FE0083E7A4 /* female-40.mp3 */,
				99032B0F11E092FE0083E7A4 /* female-50.mp3 */,
				99032B1011E092FE0083E7A4 /* female-60.mp3 */,
				99032B1111E092FE0083E7A4 /* female-70.mp3 */,
				99032B1211E092FE0083E7A4 /* female-80.mp3 */,
				99032B1311E092FE0083E7A4 /* female-90.mp3 */,
				99032B1411E092FE0083E7A4 /* female-and.mp3 */,
				99032B1511E092FE0083E7A4 /* female-equals.mp3 */,
				99032B1611E092FE0083E7A4 /* female-hundred.mp3 */,
				99032B1711E092FE0083E7A4 /* female-table.mp3 */,
				99032B1811E092FE0083E7A4 /* female-the.mp3 */,
				99032B1911E092FE0083E7A4 /* female-thousand.mp3 */,
				99032B1A11E092FE0083E7A4 /* female-times.mp3 */,
			);
			name = FemaleWavs;
			sourceTree = "<group>";
		};
		99D309531170E60C001CE3AD /* MaleWavs */ = {
			isa = PBXGroup;
			children = (
				9903298211E092E40083E7A4 /* male-1.mp3 */,
				9903298311E092E40083E7A4 /* male-2.mp3 */,
				9903298411E092E40083E7A4 /* male-3.mp3 */,
				9903298511E092E40083E7A4 /* male-4.mp3 */,
				9903298611E092E40083E7A4 /* male-5.mp3 */,
				9903298711E092E40083E7A4 /* male-6.mp3 */,
				9903298811E092E40083E7A4 /* male-7.mp3 */,
				9903298911E092E40083E7A4 /* male-8.mp3 */,
				9903298A11E092E40083E7A4 /* male-9.mp3 */,
				9903298B11E092E40083E7A4 /* male-10.mp3 */,
				9903298C11E092E40083E7A4 /* male-11.mp3 */,
				9903298D11E092E40083E7A4 /* male-12.mp3 */,
				9903298E11E092E40083E7A4 /* male-13.mp3 */,
				9903298F11E092E40083E7A4 /* male-14.mp3 */,
				9903299011E092E40083E7A4 /* male-15.mp3 */,
				9903299111E092E40083E7A4 /* male-16.mp3 */,
				9903299211E092E40083E7A4 /* male-17.mp3 */,
				9903299311E092E40083E7A4 /* male-18.mp3 */,
				9903299411E092E40083E7A4 /* male-19.mp3 */,
				9903299511E092E40083E7A4 /* male-20.mp3 */,
				9903299611E092E40083E7A4 /* male-30.mp3 */,
				9903299711E092E40083E7A4 /* male-40.mp3 */,
				9903299811E092E40083E7A4 /* male-50.mp3 */,
				9903299911E092E40083E7A4 /* male-60.mp3 */,
				9903299A11E092E40083E7A4 /* male-70.mp3 */,
				9903299B11E092E40083E7A4 /* male-80.mp3 */,
				9903299C11E092E40083E7A4 /* male-90.mp3 */,
				9903299D11E092E40083E7A4 /* male-and.mp3 */,
				9903299E11E092E40083E7A4 /* male-equals.mp3 */,
				9903299F11E092E40083E7A4 /* male-hundred.mp3 */,
				990329A011E092E40083E7A4 /* male-table.mp3 */,
				990329A111E092E40083E7A4 /* male-the.mp3 */,
				990329A211E092E40083E7A4 /* male-thousand.mp3 */,
				990329A311E092E40083E7A4 /* male-times.mp3 */,
			);
			name = MaleWavs;
			sourceTree = "<group>";
		};
/* End PBXGroup section */

/* Begin PBXNativeTarget section */
		1D6058900D05DD3D006BFB54 /* SpeakTimesTable */ = {
			isa = PBXNativeTarget;
			buildConfigurationList = 1D6058960D05DD3E006BFB54 /* Build configuration list for PBXNativeTarget "SpeakTimesTable" */;
			buildPhases = (
				1D60588D0D05DD3D006BFB54 /* Resources */,
				1D60588E0D05DD3D006BFB54 /* Sources */,
				1D60588F0D05DD3D006BFB54 /* Frameworks */,
			);
			buildRules = (
			);
			dependencies = (
			);
			name = SpeakTimesTable;
			productName = SpeakTimesTable;
			productReference = 1D6058910D05DD3D006BFB54 /* Speaking Times Tables.app */;
			productType = "com.apple.product-type.application";
		};
/* End PBXNativeTarget section */

/* Begin PBXProject section */
		29B97313FDCFA39411CA2CEA /* Project object */ = {
			isa = PBXProject;
			attributes = {
				LastUpgradeCheck = 0420;
			};
			buildConfigurationList = C01FCF4E08A954540054247B /* Build configuration list for PBXProject "SpeakTimesTable" */;
			compatibilityVersion = "Xcode 3.2";
			developmentRegion = English;
			hasScannedForEncodings = 1;
			knownRegions = (
				English,
				Japanese,
				French,
				German,
				en,
			);
			mainGroup = 29B97314FDCFA39411CA2CEA /* CustomTemplate */;
			projectDirPath = "";
			projectRoot = "";
			targets = (
				1D6058900D05DD3D006BFB54 /* SpeakTimesTable */,
			);
		};
/* End PBXProject section */

/* Begin PBXResourcesBuildPhase section */
		1D60588D0D05DD3D006BFB54 /* Resources */ = {
			isa = PBXResourcesBuildPhase;
			buildActionMask = 2147483647;
			files = (
				28AD73600D9D9599002E5188 /* MainWindow.xib in Resources */,
				28F335F11007B36200424DE2 /* RootViewController.xib in Resources */,
				992507891163624B00148AF8 /* LearnView.xib in Resources */,
				9925078E1163626800148AF8 /* TestView.xib in Resources */,
				99A44238118839B700885977 /* ResultsViewController.xib in Resources */,
				99C0F5741189926B0038EB7A /* AnswersViewController.xib in Resources */,
				99AA20B9118AFB6A00DBA3F8 /* DoneDown.png in Resources */,
				99AA20BA118AFB6A00DBA3F8 /* DoneDown3.png in Resources */,
				99AA20BB118AFB6A00DBA3F8 /* DoneUp.png in Resources */,
				99AA20BC118AFB6A00DBA3F8 /* DoneUp3.png in Resources */,
				99D9DD291192EBC0008C0533 /* TableSelectViewController.xib in Resources */,
				99AAB36C11A05912006FB09B /* action-normal.png in Resources */,
				99AAB36D11A05912006FB09B /* action-pressed.png in Resources */,
				9918D93811A143D400529752 /* action-normal-blue.png in Resources */,
				9918D93911A143D400529752 /* action-normal-green.png in Resources */,
				9918D93A11A143D400529752 /* action-normal-red.png in Resources */,
				9918D93B11A143D400529752 /* action-normal-yellow.png in Resources */,
				9918D93C11A143D400529752 /* action-pressed-blue.png in Resources */,
				9918D93D11A143D400529752 /* action-pressed-green.png in Resources */,
				9918D93E11A143D400529752 /* action-pressed-red.png in Resources */,
				9918D93F11A143D400529752 /* action-pressed-yellow.png in Resources */,
				996C436F11A51DE900FE9EA2 /* Entitlements.plist in Resources */,
				9934A67111BF945400CDDC41 /* InfoViewController.xib in Resources */,
				9934A7D011BFC94600CDDC41 /* credits.txt in Resources */,
				9934A7DE11BFCA4000CDDC41 /* helptext.txt in Resources */,
				99F55F8C11C2EC7E00C7A5D4 /* high score.png in Resources */,
				99F55F8D11C2EC7E00C7A5D4 /* learn.png in Resources */,
				99F55F8E11C2EC7E00C7A5D4 /* menu.png in Resources */,
				99F55F8F11C2EC7E00C7A5D4 /* results.png in Resources */,
				99F55F9011C2EC7E00C7A5D4 /* table.png in Resources */,
				99F55F9111C2EC7E00C7A5D4 /* test.png in Resources */,
				99F55FBB11C3002B00C7A5D4 /* row1.png in Resources */,
				99F55FBC11C3002B00C7A5D4 /* row2.png in Resources */,
				99E72A9111C413700061ABA1 /* icon 7.png in Resources */,
				9903298111E092C70083E7A4 /* LargeCrowdApplauseE.mp3 in Resources */,
				990329A411E092E40083E7A4 /* male-1.mp3 in Resources */,
				990329A511E092E40083E7A4 /* male-2.mp3 in Resources */,
				990329A611E092E40083E7A4 /* male-3.mp3 in Resources */,
				990329A711E092E40083E7A4 /* male-4.mp3 in Resources */,
				990329A811E092E40083E7A4 /* male-5.mp3 in Resources */,
				990329A911E092E40083E7A4 /* male-6.mp3 in Resources */,
				990329AA11E092E40083E7A4 /* male-7.mp3 in Resources */,
				990329AB11E092E40083E7A4 /* male-8.mp3 in Resources */,
				990329AC11E092E40083E7A4 /* male-9.mp3 in Resources */,
				990329AD11E092E40083E7A4 /* male-10.mp3 in Resources */,
				990329AE11E092E40083E7A4 /* male-11.mp3 in Resources */,
				990329AF11E092E40083E7A4 /* male-12.mp3 in Resources */,
				990329B011E092E40083E7A4 /* male-13.mp3 in Resources */,
				990329B111E092E40083E7A4 /* male-14.mp3 in Resources */,
				990329B211E092E40083E7A4 /* male-15.mp3 in Resources */,
				990329B311E092E40083E7A4 /* male-16.mp3 in Resources */,
				990329B411E092E40083E7A4 /* male-17.mp3 in Resources */,
				990329B511E092E40083E7A4 /* male-18.mp3 in Resources */,
				990329B611E092E40083E7A4 /* male-19.mp3 in Resources */,
				990329B711E092E40083E7A4 /* male-20.mp3 in Resources */,
				990329B811E092E40083E7A4 /* male-30.mp3 in Resources */,
				990329B911E092E40083E7A4 /* male-40.mp3 in Resources */,
				990329BA11E092E40083E7A4 /* male-50.mp3 in Resources */,
				990329BB11E092E40083E7A4 /* male-60.mp3 in Resources */,
				990329BC11E092E40083E7A4 /* male-70.mp3 in Resources */,
				990329BD11E092E40083E7A4 /* male-80.mp3 in Resources */,
				990329BE11E092E40083E7A4 /* male-90.mp3 in Resources */,
				990329BF11E092E40083E7A4 /* male-and.mp3 in Resources */,
				990329C011E092E40083E7A4 /* male-equals.mp3 in Resources */,
				990329C111E092E40083E7A4 /* male-hundred.mp3 in Resources */,
				990329C211E092E40083E7A4 /* male-table.mp3 in Resources */,
				990329C311E092E40083E7A4 /* male-the.mp3 in Resources */,
				990329C411E092E40083E7A4 /* male-thousand.mp3 in Resources */,
				990329C511E092E40083E7A4 /* male-times.mp3 in Resources */,
				99032B1B11E092FE0083E7A4 /* female-1.mp3 in Resources */,
				99032B1C11E092FE0083E7A4 /* female-2.mp3 in Resources */,
				99032B1D11E092FE0083E7A4 /* female-3.mp3 in Resources */,
				99032B1E11E092FE0083E7A4 /* female-4.mp3 in Resources */,
				99032B1F11E092FE0083E7A4 /* female-5.mp3 in Resources */,
				99032B2011E092FE0083E7A4 /* female-6.mp3 in Resources */,
				99032B2111E092FE0083E7A4 /* female-7.mp3 in Resources */,
				99032B2211E092FE0083E7A4 /* female-8.mp3 in Resources */,
				99032B2311E092FE0083E7A4 /* female-9.mp3 in Resources */,
				99032B2411E092FE0083E7A4 /* female-10.mp3 in Resources */,
				99032B2511E092FE0083E7A4 /* female-11.mp3 in Resources */,
				99032B2611E092FE0083E7A4 /* female-12.mp3 in Resources */,
				99032B2711E092FE0083E7A4 /* female-13.mp3 in Resources */,
				99032B2811E092FE0083E7A4 /* female-14.mp3 in Resources */,
				99032B2911E092FE0083E7A4 /* female-15.mp3 in Resources */,
				99032B2A11E092FE0083E7A4 /* female-16.mp3 in Resources */,
				99032B2B11E092FE0083E7A4 /* female-17.mp3 in Resources */,
				99032B2C11E092FE0083E7A4 /* female-18.mp3 in Resources */,
				99032B2D11E092FE0083E7A4 /* female-19.mp3 in Resources */,
				99032B2E11E092FE0083E7A4 /* female-20.mp3 in Resources */,
				99032B2F11E092FE0083E7A4 /* female-30.mp3 in Resources */,
				99032B3011E092FE0083E7A4 /* female-40.mp3 in Resources */,
				99032B3111E092FE0083E7A4 /* female-50.mp3 in Resources */,
				99032B3211E092FE0083E7A4 /* female-60.mp3 in Resources */,
				99032B3311E092FE0083E7A4 /* female-70.mp3 in Resources */,
				99032B3411E092FE0083E7A4 /* female-80.mp3 in Resources */,
				99032B3511E092FE0083E7A4 /* female-90.mp3 in Resources */,
				99032B3611E092FE0083E7A4 /* female-and.mp3 in Resources */,
				99032B3711E092FE0083E7A4 /* female-equals.mp3 in Resources */,
				99032B3811E092FE0083E7A4 /* female-hundred.mp3 in Resources */,
				99032B3911E092FE0083E7A4 /* female-table.mp3 in Resources */,
				99032B3A11E092FE0083E7A4 /* female-the.mp3 in Resources */,
				99032B3B11E092FE0083E7A4 /* female-thousand.mp3 in Resources */,
				99032B3C11E092FE0083E7A4 /* female-times.mp3 in Resources */,
				995469B41394012000C0727D /* feedbackView.xib in Resources */,
			);
			runOnlyForDeploymentPostprocessing = 0;
		};
/* End PBXResourcesBuildPhase section */

/* Begin PBXSourcesBuildPhase section */
		1D60588E0D05DD3D006BFB54 /* Sources */ = {
			isa = PBXSourcesBuildPhase;
			buildActionMask = 2147483647;
			files = (
				1D60589B0D05DD56006BFB54 /* main.m in Sources */,
				1D3623260D0F684500981E51 /* SpeakTimesTableAppDelegate.m in Sources */,
				28C286E10D94DF7D0034E888 /* RootViewController.m in Sources */,
				992507881163624B00148AF8 /* LearnViewController.m in Sources */,
				9925078D1163626800148AF8 /* TestViewController.m in Sources */,
				9948AA441164AC8D00308C21 /* SoundEffect.m in Sources */,
				9948AA4F1164ACEB00308C21 /* Constants.m in Sources */,
				99A48E83117A409600477BD2 /* Speaking.m in Sources */,
				99A48EBB117A467F00477BD2 /* AppBasic.m in Sources */,
				99A442331188394B00885977 /* highScores.m in Sources */,
				99A44237118839B700885977 /* ResultsViewController.m in Sources */,
				99C0F5731189926B0038EB7A /* AnswersViewController.m in Sources */,
				99D9DD281192EBC0008C0533 /* TableSelectViewController.m in Sources */,
				995B97E811A40CCB000BC130 /* Appirater.m in Sources */,
				99BC856211BEA0740070EB66 /* NumberKeypadModController.m in Sources */,
				9934A67011BF945400CDDC41 /* InfoViewController.m in Sources */,
				99E72A1711C3F6140061ABA1 /* Preloader.m in Sources */,
				99BD13E911CFA616006C910A /* RoundRectView.m in Sources */,
				995469B31394012000C0727D /* feedbackViewController.m in Sources */,
				9936450914B24E1C0080B212 /* Prefs.m in Sources */,
			);
			runOnlyForDeploymentPostprocessing = 0;
		};
/* End PBXSourcesBuildPhase section */

/* Begin XCBuildConfiguration section */
		1D6058940D05DD3E006BFB54 /* Debug */ = {
			isa = XCBuildConfiguration;
			buildSettings = {
				ALWAYS_SEARCH_USER_PATHS = NO;
				COPY_PHASE_STRIP = NO;
				GCC_DYNAMIC_NO_PIC = NO;
				GCC_OPTIMIZATION_LEVEL = 0;
				GCC_PRECOMPILE_PREFIX_HEADER = YES;
				GCC_PREFIX_HEADER = SpeakTimesTable_Prefix.pch;
				INFOPLIST_FILE = "SpeakTimesTable-Info.plist";
				IPHONEOS_DEPLOYMENT_TARGET = 3.1.2;
				LIBRARY_SEARCH_PATHS = (
					"$(inherited)",
					"\"$(SRCROOT)/Classes\"",
				);
				PRODUCT_NAME = "Speaking Times Tables";
				SDKROOT = iphoneos;
			};
			name = Debug;
		};
		1D6058950D05DD3E006BFB54 /* Release */ = {
			isa = XCBuildConfiguration;
			buildSettings = {
				ALWAYS_SEARCH_USER_PATHS = NO;
				COPY_PHASE_STRIP = YES;
				GCC_PRECOMPILE_PREFIX_HEADER = YES;
				GCC_PREFIX_HEADER = SpeakTimesTable_Prefix.pch;
				INFOPLIST_FILE = "SpeakTimesTable-Info.plist";
				LIBRARY_SEARCH_PATHS = (
					"$(inherited)",
					"\"$(SRCROOT)/Classes\"",
				);
				PRODUCT_NAME = "Speaking Times Tables";
				SDKROOT = iphoneos;
				VALIDATE_PRODUCT = YES;
			};
			name = Release;
		};
		997B0D2811D23A97001F150C /* Distribution */ = {
			isa = XCBuildConfiguration;
			buildSettings = {
				ARCHS = "$(ARCHS_STANDARD_32_BIT)";
				"CODE_SIGN_IDENTITY[sdk=iphoneos*]" = "iPhone Distribution: Mindwarp Consultancy Ltd";
				GCC_C_LANGUAGE_STANDARD = c99;
				GCC_WARN_ABOUT_RETURN_TYPE = YES;
				GCC_WARN_UNUSED_VARIABLE = YES;
				IPHONEOS_DEPLOYMENT_TARGET = 3.0;
				"PROVISIONING_PROFILE[sdk=iphoneos*]" = "D971A0A5-DD5E-4299-9AC8-168130B8C79A";
				SDKROOT = iphoneos;
			};
			name = Distribution;
		};
		997B0D2911D23A97001F150C /* Distribution */ = {
			isa = XCBuildConfiguration;
			buildSettings = {
				ALWAYS_SEARCH_USER_PATHS = NO;
				COPY_PHASE_STRIP = YES;
				GCC_PRECOMPILE_PREFIX_HEADER = YES;
				GCC_PREFIX_HEADER = SpeakTimesTable_Prefix.pch;
				INFOPLIST_FILE = "SpeakTimesTable-Info.plist";
				LIBRARY_SEARCH_PATHS = (
					"$(inherited)",
					"\"$(SRCROOT)/Classes\"",
				);
				PRODUCT_NAME = "Speaking Times Tables";
				SDKROOT = iphoneos;
				VALIDATE_PRODUCT = YES;
			};
			name = Distribution;
		};
		99C5EE6B11A54620001425D8 /* Ad Hoc */ = {
			isa = XCBuildConfiguration;
			buildSettings = {
				ARCHS = "$(ARCHS_STANDARD_32_BIT)";
				CODE_SIGN_ENTITLEMENTS = Entitlements.plist;
				CODE_SIGN_IDENTITY = "iPhone Distribution: Mindwarp Consultancy Ltd";
				"CODE_SIGN_IDENTITY[sdk=iphoneos*]" = "iPhone Distribution: Mindwarp Consultancy Ltd";
				GCC_C_LANGUAGE_STANDARD = c99;
				GCC_WARN_ABOUT_RETURN_TYPE = YES;
				GCC_WARN_UNUSED_VARIABLE = YES;
				IPHONEOS_DEPLOYMENT_TARGET = 3.0;
				PROVISIONING_PROFILE = "70876162-B9F7-4D5A-B57B-BCF84C660D84";
				"PROVISIONING_PROFILE[sdk=iphoneos*]" = "70876162-B9F7-4D5A-B57B-BCF84C660D84";
				SDKROOT = iphoneos;
			};
			name = "Ad Hoc";
		};
		99C5EE6C11A54620001425D8 /* Ad Hoc */ = {
			isa = XCBuildConfiguration;
			buildSettings = {
				ALWAYS_SEARCH_USER_PATHS = NO;
				COPY_PHASE_STRIP = YES;
				GCC_PRECOMPILE_PREFIX_HEADER = YES;
				GCC_PREFIX_HEADER = SpeakTimesTable_Prefix.pch;
				INFOPLIST_FILE = "SpeakTimesTable-Info.plist";
				LIBRARY_SEARCH_PATHS = (
					"$(inherited)",
					"\"$(SRCROOT)/Classes\"",
				);
				PRODUCT_NAME = "Speaking Times Tables";
				SDKROOT = iphoneos;
				VALIDATE_PRODUCT = YES;
			};
			name = "Ad Hoc";
		};
		C01FCF4F08A954540054247B /* Debug */ = {
			isa = XCBuildConfiguration;
			buildSettings = {
				ARCHS = "$(ARCHS_STANDARD_32_BIT)";
				"CODE_SIGN_IDENTITY[sdk=iphoneos*]" = "iPhone Developer";
				GCC_C_LANGUAGE_STANDARD = c99;
				GCC_WARN_ABOUT_RETURN_TYPE = YES;
				GCC_WARN_UNUSED_VARIABLE = YES;
				IPHONEOS_DEPLOYMENT_TARGET = 3.0;
				SDKROOT = iphoneos;
			};
			name = Debug;
		};
		C01FCF5008A954540054247B /* Release */ = {
			isa = XCBuildConfiguration;
			buildSettings = {
				ARCHS = "$(ARCHS_STANDARD_32_BIT)";
				"CODE_SIGN_IDENTITY[sdk=iphoneos*]" = "iPhone Developer";
				GCC_C_LANGUAGE_STANDARD = c99;
				GCC_WARN_ABOUT_RETURN_TYPE = YES;
				GCC_WARN_UNUSED_VARIABLE = YES;
				IPHONEOS_DEPLOYMENT_TARGET = 3.0;
				SDKROOT = iphoneos;
			};
			name = Release;
		};
/* End XCBuildConfiguration section */

/* Begin XCConfigurationList section */
		1D6058960D05DD3E006BFB54 /* Build configuration list for PBXNativeTarget "SpeakTimesTable" */ = {
			isa = XCConfigurationList;
			buildConfigurations = (
				1D6058940D05DD3E006BFB54 /* Debug */,
				1D6058950D05DD3E006BFB54 /* Release */,
				997B0D2911D23A97001F150C /* Distribution */,
				99C5EE6C11A54620001425D8 /* Ad Hoc */,
			);
			defaultConfigurationIsVisible = 0;
			defaultConfigurationName = Release;
		};
		C01FCF4E08A954540054247B /* Build configuration list for PBXProject "SpeakTimesTable" */ = {
			isa = XCConfigurationList;
			buildConfigurations = (
				C01FCF4F08A954540054247B /* Debug */,
				C01FCF5008A954540054247B /* Release */,
				997B0D2811D23A97001F150C /* Distribution */,
				99C5EE6B11A54620001425D8 /* Ad Hoc */,
			);
			defaultConfigurationIsVisible = 0;
			defaultConfigurationName = Release;
		};
/* End XCConfigurationList section */
	};
	rootObject = 29B97313FDCFA39411CA2CEA /* Project object */;
}
